{
  "version": 4,
  "terraform_version": "1.12.2",
  "serial": 30,
  "lineage": "12a70b91-fae1-6153-ea59-b5edc0590d2b",
  "outputs": {},
  "resources": [
    {
      "mode": "managed",
      "type": "kubernetes_manifest",
      "name": "controlcenter",
      "provider": "provider[\"registry.terraform.io/hashicorp/kubernetes\"]",
      "instances": [
        {
          "schema_version": 1,
          "attributes": {
            "computed_fields": null,
            "field_manager": [],
            "manifest": {
              "value": {
                "apiVersion": "platform.confluent.io/v1beta1",
                "kind": "ControlCenter",
                "metadata": {
                  "name": "controlcenter",
                  "namespace": "confluent"
                },
                "spec": {
                  "dataVolumeCapacity": "10Gi",
                  "dependencies": {
                    "kafka": {
                      "bootstrapEndpoint": "kafka.confluent.svc.cluster.local:9092"
                    }
                  },
                  "image": {
                    "application": "confluentinc/cp-enterprise-control-center:7.5.0",
                    "init": "confluentinc/confluent-init-container:2.5.0"
                  },
                  "replicas": 1
                }
              },
              "type": [
                "object",
                {
                  "apiVersion": "string",
                  "kind": "string",
                  "metadata": [
                    "object",
                    {
                      "name": "string",
                      "namespace": "string"
                    }
                  ],
                  "spec": [
                    "object",
                    {
                      "dataVolumeCapacity": "string",
                      "dependencies": [
                        "object",
                        {
                          "kafka": [
                            "object",
                            {
                              "bootstrapEndpoint": "string"
                            }
                          ]
                        }
                      ],
                      "image": [
                        "object",
                        {
                          "application": "string",
                          "init": "string"
                        }
                      ],
                      "replicas": "number"
                    }
                  ]
                }
              ]
            },
            "object": {
              "value": {
                "apiVersion": "platform.confluent.io/v1beta1",
                "kind": "ControlCenter",
                "metadata": {
                  "annotations": null,
                  "creationTimestamp": null,
                  "deletionGracePeriodSeconds": null,
                  "deletionTimestamp": null,
                  "finalizers": [
                    "controlcenter.finalizers.platform.confluent.io"
                  ],
                  "generateName": null,
                  "generation": null,
                  "labels": null,
                  "managedFields": null,
                  "name": "controlcenter",
                  "namespace": "confluent",
                  "ownerReferences": null,
                  "resourceVersion": null,
                  "selfLink": null,
                  "uid": null
                },
                "spec": {
                  "authentication": {
                    "basic": {
                      "debug": null,
                      "directoryPathInContainer": null,
                      "ignoreRoles": null,
                      "restrictedRoles": null,
                      "roles": null,
                      "secretRef": null
                    },
                    "ldap": {
                      "debug": null,
                      "property": null,
                      "restrictedRoles": null,
                      "roles": null,
                      "secretRef": null
                    },
                    "mtls": {
                      "principalMappingRules": null,
                      "sslClientAuthentication": null
                    },
                    "type": null
                  },
                  "authorization": {
                    "kafkaRestClassRef": {
                      "name": null,
                      "namespace": null
                    },
                    "type": null
                  },
                  "configOverrides": {
                    "jvm": null,
                    "log4j": null,
                    "log4j2": null,
                    "server": null
                  },
                  "dataVolumeCapacity": "10Gi",
                  "dependencies": {
                    "alertManagerClient": {
                      "authentication": {
                        "basic": {
                          "debug": null,
                          "directoryPathInContainer": null,
                          "ignoreRoles": null,
                          "restrictedRoles": null,
                          "roles": null,
                          "secretRef": null
                        },
                        "type": null
                      },
                      "tls": {
                        "directoryPathInContainer": null,
                        "enabled": null,
                        "ignoreTrustStoreConfig": null,
                        "jksPassword": {
                          "secretRef": null
                        },
                        "secretRef": null
                      },
                      "url": null
                    },
                    "connect": null,
                    "kafka": {
                      "authentication": {
                        "jaasConfig": {
                          "secretRef": null
                        },
                        "jaasConfigPassThrough": {
                          "directoryPathInContainer": null,
                          "secretRef": null
                        },
                        "oauthSettings": {
                          "audience": null,
                          "clientAssertion": {
                            "clientId": null,
                            "jwtTokenFile": {
                              "directoryPathInContainer": null,
                              "secretRef": null
                            },
                            "localClientAssertion": {
                              "audience": null,
                              "includeJtiClaim": null,
                              "includeNbfClaim": null,
                              "issuer": null,
                              "privateKeyFile": {
                                "directoryPathInContainer": null,
                                "encryptedPrivateKey": null,
                                "includeAssertionTemplate": null,
                                "secretRef": null
                              },
                              "subject": null,
                              "tokenLifetime": null
                            }
                          },
                          "expectedIssuer": null,
                          "groupsClaimName": null,
                          "jwksEndpointUri": null,
                          "loginConnectTimeoutMs": null,
                          "loginReadTimeoutMs": null,
                          "loginRetryBackoffMaxMs": null,
                          "loginRetryBackoffMs": null,
                          "scope": null,
                          "subClaimName": null,
                          "tokenEndpointUri": null
                        },
                        "oauthbearer": {
                          "directoryPathInContainer": null,
                          "secretRef": null
                        },
                        "sslClientAuthentication": null,
                        "type": null
                      },
                      "bootstrapEndpoint": "kafka.confluent.svc.cluster.local:9092",
                      "discovery": {
                        "name": null,
                        "namespace": null,
                        "secretRef": null
                      },
                      "tls": {
                        "directoryPathInContainer": null,
                        "enabled": null,
                        "ignoreTrustStoreConfig": null,
                        "jksPassword": {
                          "secretRef": null
                        },
                        "secretRef": null
                      }
                    },
                    "ksqldb": null,
                    "mds": {
                      "authentication": {
                        "bearer": {
                          "directoryPathInContainer": null,
                          "secretRef": null
                        },
                        "oauth": {
                          "configuration": {
                            "audience": null,
                            "clientAssertion": {
                              "clientId": null,
                              "jwtTokenFile": {
                                "directoryPathInContainer": null,
                                "secretRef": null
                              },
                              "localClientAssertion": {
                                "audience": null,
                                "includeJtiClaim": null,
                                "includeNbfClaim": null,
                                "issuer": null,
                                "privateKeyFile": {
                                  "directoryPathInContainer": null,
                                  "encryptedPrivateKey": null,
                                  "includeAssertionTemplate": null,
                                  "secretRef": null
                                },
                                "subject": null,
                                "tokenLifetime": null
                              }
                            },
                            "expectedIssuer": null,
                            "groupsClaimName": null,
                            "jwksEndpointUri": null,
                            "loginConnectTimeoutMs": null,
                            "loginReadTimeoutMs": null,
                            "loginRetryBackoffMaxMs": null,
                            "loginRetryBackoffMs": null,
                            "scope": null,
                            "subClaimName": null,
                            "tokenEndpointUri": null
                          },
                          "directoryPathInContainer": null,
                          "secretRef": null
                        },
                        "sslClientAuthentication": null,
                        "type": null
                      },
                      "endpoint": null,
                      "ssoProtocol": null,
                      "tls": {
                        "directoryPathInContainer": null,
                        "enabled": null,
                        "ignoreTrustStoreConfig": null,
                        "jksPassword": {
                          "secretRef": null
                        },
                        "secretRef": null
                      },
                      "tokenKeyPair": {
                        "directoryPathInContainer": null,
                        "encryptedTokenKey": null,
                        "secretRef": null
                      }
                    },
                    "prometheusClient": {
                      "authentication": {
                        "basic": {
                          "debug": null,
                          "directoryPathInContainer": null,
                          "ignoreRoles": null,
                          "restrictedRoles": null,
                          "roles": null,
                          "secretRef": null
                        },
                        "type": null
                      },
                      "tls": {
                        "directoryPathInContainer": null,
                        "enabled": null,
                        "ignoreTrustStoreConfig": null,
                        "jksPassword": {
                          "secretRef": null
                        },
                        "secretRef": null
                      },
                      "url": null
                    },
                    "schemaRegistry": {
                      "authentication": {
                        "basic": {
                          "debug": null,
                          "directoryPathInContainer": null,
                          "ignoreRoles": null,
                          "restrictedRoles": null,
                          "roles": null,
                          "secretRef": null
                        },
                        "oauth": {
                          "configuration": {
                            "audience": null,
                            "clientAssertion": {
                              "clientId": null,
                              "jwtTokenFile": {
                                "directoryPathInContainer": null,
                                "secretRef": null
                              },
                              "localClientAssertion": {
                                "audience": null,
                                "includeJtiClaim": null,
                                "includeNbfClaim": null,
                                "issuer": null,
                                "privateKeyFile": {
                                  "directoryPathInContainer": null,
                                  "encryptedPrivateKey": null,
                                  "includeAssertionTemplate": null,
                                  "secretRef": null
                                },
                                "subject": null,
                                "tokenLifetime": null
                              }
                            },
                            "expectedIssuer": null,
                            "groupsClaimName": null,
                            "jwksEndpointUri": null,
                            "loginConnectTimeoutMs": null,
                            "loginReadTimeoutMs": null,
                            "loginRetryBackoffMaxMs": null,
                            "loginRetryBackoffMs": null,
                            "scope": null,
                            "subClaimName": null,
                            "tokenEndpointUri": null
                          },
                          "directoryPathInContainer": null,
                          "secretRef": null
                        },
                        "sslClientAuthentication": null,
                        "type": null
                      },
                      "clusters": null,
                      "tls": {
                        "directoryPathInContainer": null,
                        "enabled": null,
                        "ignoreTrustStoreConfig": null,
                        "jksPassword": {
                          "secretRef": null
                        },
                        "secretRef": null
                      },
                      "url": null
                    }
                  },
                  "externalAccess": {
                    "loadBalancer": {
                      "advertisedURL": {
                        "enabled": null,
                        "prefix": null
                      },
                      "annotations": null,
                      "domain": null,
                      "externalTrafficPolicy": null,
                      "labels": null,
                      "loadBalancerSourceRanges": null,
                      "port": null,
                      "prefix": null,
                      "servicePorts": null,
                      "sessionAffinity": null,
                      "sessionAffinityConfig": {
                        "clientIP": {
                          "timeoutSeconds": null
                        }
                      }
                    },
                    "nodePort": {
                      "advertisedURL": {
                        "enabled": null,
                        "prefix": null
                      },
                      "annotations": null,
                      "externalTrafficPolicy": null,
                      "host": null,
                      "labels": null,
                      "nodePortOffset": null,
                      "servicePorts": null,
                      "sessionAffinity": null,
                      "sessionAffinityConfig": {
                        "clientIP": {
                          "timeoutSeconds": null
                        }
                      }
                    },
                    "route": {
                      "advertisedURL": {
                        "enabled": null,
                        "prefix": null
                      },
                      "annotations": null,
                      "domain": null,
                      "labels": null,
                      "prefix": null,
                      "wildcardPolicy": null
                    },
                    "type": null
                  },
                  "headlessService": {
                    "annotations": null,
                    "labels": null,
                    "publishNotReadyAddresses": null
                  },
                  "id": null,
                  "image": {
                    "application": "confluentinc/cp-enterprise-control-center:7.5.0",
                    "init": "confluentinc/confluent-init-container:2.5.0",
                    "pullPolicy": null,
                    "pullSecretRef": null
                  },
                  "injectAnnotations": null,
                  "injectLabels": null,
                  "internalTopicReplicatorFactor": null,
                  "k8sClusterDomain": null,
                  "license": {
                    "directoryPathInContainer": null,
                    "globalLicense": null,
                    "secretRef": null
                  },
                  "mail": {
                    "authentication": {
                      "basic": {
                        "debug": null,
                        "directoryPathInContainer": null,
                        "ignoreRoles": null,
                        "restrictedRoles": null,
                        "roles": null,
                        "secretRef": null
                      },
                      "oauth": {
                        "configuration": {
                          "audience": null,
                          "clientAssertion": {
                            "clientId": null,
                            "jwtTokenFile": {
                              "directoryPathInContainer": null,
                              "secretRef": null
                            },
                            "localClientAssertion": {
                              "audience": null,
                              "includeJtiClaim": null,
                              "includeNbfClaim": null,
                              "issuer": null,
                              "privateKeyFile": {
                                "directoryPathInContainer": null,
                                "encryptedPrivateKey": null,
                                "includeAssertionTemplate": null,
                                "secretRef": null
                              },
                              "subject": null,
                              "tokenLifetime": null
                            }
                          },
                          "expectedIssuer": null,
                          "groupsClaimName": null,
                          "jwksEndpointUri": null,
                          "loginConnectTimeoutMs": null,
                          "loginReadTimeoutMs": null,
                          "loginRetryBackoffMaxMs": null,
                          "loginRetryBackoffMs": null,
                          "scope": null,
                          "subClaimName": null,
                          "tokenEndpointUri": null
                        },
                        "directoryPathInContainer": null,
                        "secretRef": null
                      },
                      "sslClientAuthentication": null,
                      "type": null
                    },
                    "checkServerIdentity": null,
                    "hostname": null,
                    "mailBounceAddress": null,
                    "mailFrom": null,
                    "port": null,
                    "startTLSRequired": null
                  },
                  "metrics": {
                    "authentication": {
                      "type": null
                    },
                    "prometheus": {
                      "blacklist": null,
                      "rules": null,
                      "whitelist": null
                    },
                    "tls": {
                      "directoryPathInContainer": null,
                      "enabled": null,
                      "ignoreTrustStoreConfig": null,
                      "jksPassword": {
                        "secretRef": null
                      },
                      "secretRef": null
                    }
                  },
                  "monitoringKafkaClusters": null,
                  "mountedSecrets": null,
                  "mountedVolumes": {
                    "volumeMounts": null,
                    "volumes": null
                  },
                  "name": null,
                  "oneReplicaPerNode": null,
                  "pdb": {
                    "enabled": null,
                    "maxUnavailable": null
                  },
                  "podTemplate": {
                    "affinity": {
                      "nodeAffinity": {
                        "preferredDuringSchedulingIgnoredDuringExecution": null,
                        "requiredDuringSchedulingIgnoredDuringExecution": {
                          "nodeSelectorTerms": null
                        }
                      },
                      "podAffinity": {
                        "preferredDuringSchedulingIgnoredDuringExecution": null,
                        "requiredDuringSchedulingIgnoredDuringExecution": null
                      },
                      "podAntiAffinity": {
                        "preferredDuringSchedulingIgnoredDuringExecution": null,
                        "requiredDuringSchedulingIgnoredDuringExecution": null
                      }
                    },
                    "annotations": null,
                    "envVars": null,
                    "labels": null,
                    "podSecurityContext": {
                      "appArmorProfile": {
                        "localhostProfile": null,
                        "type": null
                      },
                      "fsGroup": null,
                      "fsGroupChangePolicy": null,
                      "runAsGroup": null,
                      "runAsNonRoot": null,
                      "runAsUser": null,
                      "seLinuxOptions": {
                        "level": null,
                        "role": null,
                        "type": null,
                        "user": null
                      },
                      "seccompProfile": {
                        "localhostProfile": null,
                        "type": null
                      },
                      "supplementalGroups": null,
                      "supplementalGroupsPolicy": null,
                      "sysctls": null,
                      "windowsOptions": {
                        "gmsaCredentialSpec": null,
                        "gmsaCredentialSpecName": null,
                        "hostProcess": null,
                        "runAsUserName": null
                      }
                    },
                    "priorityClassName": null,
                    "probe": {
                      "liveness": {
                        "failureThreshold": null,
                        "initialDelaySeconds": null,
                        "path": null,
                        "periodSeconds": null,
                        "port": null,
                        "successThreshold": null,
                        "timeoutSeconds": null
                      },
                      "readiness": {
                        "failureThreshold": null,
                        "initialDelaySeconds": null,
                        "path": null,
                        "periodSeconds": null,
                        "port": null,
                        "successThreshold": null,
                        "timeoutSeconds": null
                      }
                    },
                    "resources": {
                      "claims": null,
                      "limits": null,
                      "requests": null
                    },
                    "securityContext": {
                      "allowPrivilegeEscalation": null,
                      "appArmorProfile": {
                        "localhostProfile": null,
                        "type": null
                      },
                      "capabilities": {
                        "add": null,
                        "drop": null
                      },
                      "privileged": null,
                      "procMount": null,
                      "readOnlyRootFilesystem": null,
                      "runAsGroup": null,
                      "runAsNonRoot": null,
                      "runAsUser": null,
                      "seLinuxOptions": {
                        "level": null,
                        "role": null,
                        "type": null,
                        "user": null
                      },
                      "seccompProfile": {
                        "localhostProfile": null,
                        "type": null
                      },
                      "windowsOptions": {
                        "gmsaCredentialSpec": null,
                        "gmsaCredentialSpecName": null,
                        "hostProcess": null,
                        "runAsUserName": null
                      }
                    },
                    "serviceAccountName": null,
                    "terminationGracePeriodSeconds": null,
                    "tolerations": null,
                    "topologySpreadConstraints": null
                  },
                  "replicas": 1,
                  "services": {
                    "alertmanager": {
                      "authentication": {
                        "basic": {
                          "debug": null,
                          "directoryPathInContainer": null,
                          "ignoreRoles": null,
                          "restrictedRoles": null,
                          "roles": null,
                          "secretRef": null
                        },
                        "type": null
                      },
                      "containerTemplate": {
                        "envVars": null,
                        "resources": {
                          "claims": null,
                          "limits": null,
                          "requests": null
                        }
                      },
                      "image": null,
                      "tls": {
                        "autoGeneratedCerts": null,
                        "directoryPathInContainer": null,
                        "fips": {
                          "enabled": null
                        },
                        "ignoreTrustStoreConfig": null,
                        "jksPassword": {
                          "secretRef": null
                        },
                        "secretRef": null
                      }
                    },
                    "prometheus": {
                      "authentication": {
                        "basic": {
                          "debug": null,
                          "directoryPathInContainer": null,
                          "ignoreRoles": null,
                          "restrictedRoles": null,
                          "roles": null,
                          "secretRef": null
                        },
                        "type": null
                      },
                      "containerTemplate": {
                        "envVars": null,
                        "resources": {
                          "claims": null,
                          "limits": null,
                          "requests": null
                        }
                      },
                      "externalAccess": {
                        "loadBalancer": {
                          "advertisedURL": {
                            "enabled": null,
                            "prefix": null
                          },
                          "annotations": null,
                          "domain": null,
                          "externalTrafficPolicy": null,
                          "labels": null,
                          "loadBalancerSourceRanges": null,
                          "port": null,
                          "prefix": null,
                          "servicePorts": null,
                          "sessionAffinity": null,
                          "sessionAffinityConfig": {
                            "clientIP": {
                              "timeoutSeconds": null
                            }
                          }
                        },
                        "nodePort": {
                          "advertisedURL": {
                            "enabled": null,
                            "prefix": null
                          },
                          "annotations": null,
                          "externalTrafficPolicy": null,
                          "host": null,
                          "labels": null,
                          "nodePortOffset": null,
                          "servicePorts": null,
                          "sessionAffinity": null,
                          "sessionAffinityConfig": {
                            "clientIP": {
                              "timeoutSeconds": null
                            }
                          }
                        },
                        "route": {
                          "advertisedURL": {
                            "enabled": null,
                            "prefix": null
                          },
                          "annotations": null,
                          "domain": null,
                          "labels": null,
                          "prefix": null,
                          "wildcardPolicy": null
                        },
                        "type": null
                      },
                      "image": null,
                      "pvc": {
                        "dataVolumeCapacity": null,
                        "storageClass": {
                          "name": null
                        }
                      },
                      "tls": {
                        "autoGeneratedCerts": null,
                        "directoryPathInContainer": null,
                        "fips": {
                          "enabled": null
                        },
                        "ignoreTrustStoreConfig": null,
                        "jksPassword": {
                          "secretRef": null
                        },
                        "secretRef": null
                      }
                    }
                  },
                  "storageClass": {
                    "name": null
                  },
                  "telemetry": {
                    "global": null
                  },
                  "tls": {
                    "autoGeneratedCerts": null,
                    "directoryPathInContainer": null,
                    "fips": {
                      "enabled": null
                    },
                    "ignoreTrustStoreConfig": null,
                    "jksPassword": {
                      "secretRef": null
                    },
                    "secretRef": null
                  }
                }
              },
              "type": [
                "object",
                {
                  "apiVersion": "string",
                  "kind": "string",
                  "metadata": [
                    "object",
                    {
                      "annotations": [
                        "map",
                        "string"
                      ],
                      "creationTimestamp": "string",
                      "deletionGracePeriodSeconds": "number",
                      "deletionTimestamp": "string",
                      "finalizers": [
                        "list",
                        "string"
                      ],
                      "generateName": "string",
                      "generation": "number",
                      "labels": [
                        "map",
                        "string"
                      ],
                      "managedFields": [
                        "tuple",
                        [
                          [
                            "object",
                            {
                              "apiVersion": "string",
                              "fieldsType": "string",
                              "fieldsV1": "dynamic",
                              "manager": "string",
                              "operation": "string",
                              "subresource": "string",
                              "time": "string"
                            }
                          ]
                        ]
                      ],
                      "name": "string",
                      "namespace": "string",
                      "ownerReferences": [
                        "list",
                        [
                          "object",
                          {
                            "apiVersion": "string",
                            "blockOwnerDeletion": "bool",
                            "controller": "bool",
                            "kind": "string",
                            "name": "string",
                            "uid": "string"
                          }
                        ]
                      ],
                      "resourceVersion": "string",
                      "selfLink": "string",
                      "uid": "string"
                    }
                  ],
                  "spec": [
                    "object",
                    {
                      "authentication": [
                        "object",
                        {
                          "basic": [
                            "object",
                            {
                              "debug": "bool",
                              "directoryPathInContainer": "string",
                              "ignoreRoles": "bool",
                              "restrictedRoles": [
                                "list",
                                "string"
                              ],
                              "roles": [
                                "list",
                                "string"
                              ],
                              "secretRef": "string"
                            }
                          ],
                          "ldap": [
                            "object",
                            {
                              "debug": "bool",
                              "property": [
                                "map",
                                "string"
                              ],
                              "restrictedRoles": [
                                "list",
                                "string"
                              ],
                              "roles": [
                                "list",
                                "string"
                              ],
                              "secretRef": "string"
                            }
                          ],
                          "mtls": [
                            "object",
                            {
                              "principalMappingRules": [
                                "list",
                                "string"
                              ],
                              "sslClientAuthentication": "string"
                            }
                          ],
                          "type": "string"
                        }
                      ],
                      "authorization": [
                        "object",
                        {
                          "kafkaRestClassRef": [
                            "object",
                            {
                              "name": "string",
                              "namespace": "string"
                            }
                          ],
                          "type": "string"
                        }
                      ],
                      "configOverrides": [
                        "object",
                        {
                          "jvm": [
                            "list",
                            "string"
                          ],
                          "log4j": [
                            "list",
                            "string"
                          ],
                          "log4j2": "dynamic",
                          "server": [
                            "list",
                            "string"
                          ]
                        }
                      ],
                      "dataVolumeCapacity": "string",
                      "dependencies": [
                        "object",
                        {
                          "alertManagerClient": [
                            "object",
                            {
                              "authentication": [
                                "object",
                                {
                                  "basic": [
                                    "object",
                                    {
                                      "debug": "bool",
                                      "directoryPathInContainer": "string",
                                      "ignoreRoles": "bool",
                                      "restrictedRoles": [
                                        "list",
                                        "string"
                                      ],
                                      "roles": [
                                        "list",
                                        "string"
                                      ],
                                      "secretRef": "string"
                                    }
                                  ],
                                  "type": "string"
                                }
                              ],
                              "tls": [
                                "object",
                                {
                                  "directoryPathInContainer": "string",
                                  "enabled": "bool",
                                  "ignoreTrustStoreConfig": "bool",
                                  "jksPassword": [
                                    "object",
                                    {
                                      "secretRef": "string"
                                    }
                                  ],
                                  "secretRef": "string"
                                }
                              ],
                              "url": "string"
                            }
                          ],
                          "connect": [
                            "list",
                            [
                              "object",
                              {
                                "authentication": [
                                  "object",
                                  {
                                    "basic": [
                                      "object",
                                      {
                                        "debug": "bool",
                                        "directoryPathInContainer": "string",
                                        "ignoreRoles": "bool",
                                        "restrictedRoles": [
                                          "list",
                                          "string"
                                        ],
                                        "roles": [
                                          "list",
                                          "string"
                                        ],
                                        "secretRef": "string"
                                      }
                                    ],
                                    "oauth": [
                                      "object",
                                      {
                                        "configuration": [
                                          "object",
                                          {
                                            "audience": "string",
                                            "clientAssertion": [
                                              "object",
                                              {
                                                "clientId": "string",
                                                "jwtTokenFile": [
                                                  "object",
                                                  {
                                                    "directoryPathInContainer": "string",
                                                    "secretRef": "string"
                                                  }
                                                ],
                                                "localClientAssertion": [
                                                  "object",
                                                  {
                                                    "audience": "string",
                                                    "includeJtiClaim": "bool",
                                                    "includeNbfClaim": "bool",
                                                    "issuer": "string",
                                                    "privateKeyFile": [
                                                      "object",
                                                      {
                                                        "directoryPathInContainer": "string",
                                                        "encryptedPrivateKey": "bool",
                                                        "includeAssertionTemplate": "bool",
                                                        "secretRef": "string"
                                                      }
                                                    ],
                                                    "subject": "string",
                                                    "tokenLifetime": "number"
                                                  }
                                                ]
                                              }
                                            ],
                                            "expectedIssuer": "string",
                                            "groupsClaimName": "string",
                                            "jwksEndpointUri": "string",
                                            "loginConnectTimeoutMs": "number",
                                            "loginReadTimeoutMs": "number",
                                            "loginRetryBackoffMaxMs": "number",
                                            "loginRetryBackoffMs": "number",
                                            "scope": "string",
                                            "subClaimName": "string",
                                            "tokenEndpointUri": "string"
                                          }
                                        ],
                                        "directoryPathInContainer": "string",
                                        "secretRef": "string"
                                      }
                                    ],
                                    "sslClientAuthentication": "bool",
                                    "type": "string"
                                  }
                                ],
                                "name": "string",
                                "tls": [
                                  "object",
                                  {
                                    "directoryPathInContainer": "string",
                                    "enabled": "bool",
                                    "ignoreTrustStoreConfig": "bool",
                                    "jksPassword": [
                                      "object",
                                      {
                                        "secretRef": "string"
                                      }
                                    ],
                                    "secretRef": "string"
                                  }
                                ],
                                "url": "string"
                              }
                            ]
                          ],
                          "kafka": [
                            "object",
                            {
                              "authentication": [
                                "object",
                                {
                                  "jaasConfig": [
                                    "object",
                                    {
                                      "secretRef": "string"
                                    }
                                  ],
                                  "jaasConfigPassThrough": [
                                    "object",
                                    {
                                      "directoryPathInContainer": "string",
                                      "secretRef": "string"
                                    }
                                  ],
                                  "oauthSettings": [
                                    "object",
                                    {
                                      "audience": "string",
                                      "clientAssertion": [
                                        "object",
                                        {
                                          "clientId": "string",
                                          "jwtTokenFile": [
                                            "object",
                                            {
                                              "directoryPathInContainer": "string",
                                              "secretRef": "string"
                                            }
                                          ],
                                          "localClientAssertion": [
                                            "object",
                                            {
                                              "audience": "string",
                                              "includeJtiClaim": "bool",
                                              "includeNbfClaim": "bool",
                                              "issuer": "string",
                                              "privateKeyFile": [
                                                "object",
                                                {
                                                  "directoryPathInContainer": "string",
                                                  "encryptedPrivateKey": "bool",
                                                  "includeAssertionTemplate": "bool",
                                                  "secretRef": "string"
                                                }
                                              ],
                                              "subject": "string",
                                              "tokenLifetime": "number"
                                            }
                                          ]
                                        }
                                      ],
                                      "expectedIssuer": "string",
                                      "groupsClaimName": "string",
                                      "jwksEndpointUri": "string",
                                      "loginConnectTimeoutMs": "number",
                                      "loginReadTimeoutMs": "number",
                                      "loginRetryBackoffMaxMs": "number",
                                      "loginRetryBackoffMs": "number",
                                      "scope": "string",
                                      "subClaimName": "string",
                                      "tokenEndpointUri": "string"
                                    }
                                  ],
                                  "oauthbearer": [
                                    "object",
                                    {
                                      "directoryPathInContainer": "string",
                                      "secretRef": "string"
                                    }
                                  ],
                                  "sslClientAuthentication": "bool",
                                  "type": "string"
                                }
                              ],
                              "bootstrapEndpoint": "string",
                              "discovery": [
                                "object",
                                {
                                  "name": "string",
                                  "namespace": "string",
                                  "secretRef": "string"
                                }
                              ],
                              "tls": [
                                "object",
                                {
                                  "directoryPathInContainer": "string",
                                  "enabled": "bool",
                                  "ignoreTrustStoreConfig": "bool",
                                  "jksPassword": [
                                    "object",
                                    {
                                      "secretRef": "string"
                                    }
                                  ],
                                  "secretRef": "string"
                                }
                              ]
                            }
                          ],
                          "ksqldb": [
                            "list",
                            [
                              "object",
                              {
                                "advertisedUrl": "string",
                                "authentication": [
                                  "object",
                                  {
                                    "basic": [
                                      "object",
                                      {
                                        "debug": "bool",
                                        "directoryPathInContainer": "string",
                                        "ignoreRoles": "bool",
                                        "restrictedRoles": [
                                          "list",
                                          "string"
                                        ],
                                        "roles": [
                                          "list",
                                          "string"
                                        ],
                                        "secretRef": "string"
                                      }
                                    ],
                                    "oauth": [
                                      "object",
                                      {
                                        "configuration": [
                                          "object",
                                          {
                                            "audience": "string",
                                            "clientAssertion": [
                                              "object",
                                              {
                                                "clientId": "string",
                                                "jwtTokenFile": [
                                                  "object",
                                                  {
                                                    "directoryPathInContainer": "string",
                                                    "secretRef": "string"
                                                  }
                                                ],
                                                "localClientAssertion": [
                                                  "object",
                                                  {
                                                    "audience": "string",
                                                    "includeJtiClaim": "bool",
                                                    "includeNbfClaim": "bool",
                                                    "issuer": "string",
                                                    "privateKeyFile": [
                                                      "object",
                                                      {
                                                        "directoryPathInContainer": "string",
                                                        "encryptedPrivateKey": "bool",
                                                        "includeAssertionTemplate": "bool",
                                                        "secretRef": "string"
                                                      }
                                                    ],
                                                    "subject": "string",
                                                    "tokenLifetime": "number"
                                                  }
                                                ]
                                              }
                                            ],
                                            "expectedIssuer": "string",
                                            "groupsClaimName": "string",
                                            "jwksEndpointUri": "string",
                                            "loginConnectTimeoutMs": "number",
                                            "loginReadTimeoutMs": "number",
                                            "loginRetryBackoffMaxMs": "number",
                                            "loginRetryBackoffMs": "number",
                                            "scope": "string",
                                            "subClaimName": "string",
                                            "tokenEndpointUri": "string"
                                          }
                                        ],
                                        "directoryPathInContainer": "string",
                                        "secretRef": "string"
                                      }
                                    ],
                                    "sslClientAuthentication": "bool",
                                    "type": "string"
                                  }
                                ],
                                "name": "string",
                                "tls": [
                                  "object",
                                  {
                                    "directoryPathInContainer": "string",
                                    "enabled": "bool",
                                    "ignoreTrustStoreConfig": "bool",
                                    "jksPassword": [
                                      "object",
                                      {
                                        "secretRef": "string"
                                      }
                                    ],
                                    "secretRef": "string"
                                  }
                                ],
                                "url": "string"
                              }
                            ]
                          ],
                          "mds": [
                            "object",
                            {
                              "authentication": [
                                "object",
                                {
                                  "bearer": [
                                    "object",
                                    {
                                      "directoryPathInContainer": "string",
                                      "secretRef": "string"
                                    }
                                  ],
                                  "oauth": [
                                    "object",
                                    {
                                      "configuration": [
                                        "object",
                                        {
                                          "audience": "string",
                                          "clientAssertion": [
                                            "object",
                                            {
                                              "clientId": "string",
                                              "jwtTokenFile": [
                                                "object",
                                                {
                                                  "directoryPathInContainer": "string",
                                                  "secretRef": "string"
                                                }
                                              ],
                                              "localClientAssertion": [
                                                "object",
                                                {
                                                  "audience": "string",
                                                  "includeJtiClaim": "bool",
                                                  "includeNbfClaim": "bool",
                                                  "issuer": "string",
                                                  "privateKeyFile": [
                                                    "object",
                                                    {
                                                      "directoryPathInContainer": "string",
                                                      "encryptedPrivateKey": "bool",
                                                      "includeAssertionTemplate": "bool",
                                                      "secretRef": "string"
                                                    }
                                                  ],
                                                  "subject": "string",
                                                  "tokenLifetime": "number"
                                                }
                                              ]
                                            }
                                          ],
                                          "expectedIssuer": "string",
                                          "groupsClaimName": "string",
                                          "jwksEndpointUri": "string",
                                          "loginConnectTimeoutMs": "number",
                                          "loginReadTimeoutMs": "number",
                                          "loginRetryBackoffMaxMs": "number",
                                          "loginRetryBackoffMs": "number",
                                          "scope": "string",
                                          "subClaimName": "string",
                                          "tokenEndpointUri": "string"
                                        }
                                      ],
                                      "directoryPathInContainer": "string",
                                      "secretRef": "string"
                                    }
                                  ],
                                  "sslClientAuthentication": "bool",
                                  "type": "string"
                                }
                              ],
                              "endpoint": "string",
                              "ssoProtocol": "string",
                              "tls": [
                                "object",
                                {
                                  "directoryPathInContainer": "string",
                                  "enabled": "bool",
                                  "ignoreTrustStoreConfig": "bool",
                                  "jksPassword": [
                                    "object",
                                    {
                                      "secretRef": "string"
                                    }
                                  ],
                                  "secretRef": "string"
                                }
                              ],
                              "tokenKeyPair": [
                                "object",
                                {
                                  "directoryPathInContainer": "string",
                                  "encryptedTokenKey": "bool",
                                  "secretRef": "string"
                                }
                              ]
                            }
                          ],
                          "prometheusClient": [
                            "object",
                            {
                              "authentication": [
                                "object",
                                {
                                  "basic": [
                                    "object",
                                    {
                                      "debug": "bool",
                                      "directoryPathInContainer": "string",
                                      "ignoreRoles": "bool",
                                      "restrictedRoles": [
                                        "list",
                                        "string"
                                      ],
                                      "roles": [
                                        "list",
                                        "string"
                                      ],
                                      "secretRef": "string"
                                    }
                                  ],
                                  "type": "string"
                                }
                              ],
                              "tls": [
                                "object",
                                {
                                  "directoryPathInContainer": "string",
                                  "enabled": "bool",
                                  "ignoreTrustStoreConfig": "bool",
                                  "jksPassword": [
                                    "object",
                                    {
                                      "secretRef": "string"
                                    }
                                  ],
                                  "secretRef": "string"
                                }
                              ],
                              "url": "string"
                            }
                          ],
                          "schemaRegistry": [
                            "object",
                            {
                              "authentication": [
                                "object",
                                {
                                  "basic": [
                                    "object",
                                    {
                                      "debug": "bool",
                                      "directoryPathInContainer": "string",
                                      "ignoreRoles": "bool",
                                      "restrictedRoles": [
                                        "list",
                                        "string"
                                      ],
                                      "roles": [
                                        "list",
                                        "string"
                                      ],
                                      "secretRef": "string"
                                    }
                                  ],
                                  "oauth": [
                                    "object",
                                    {
                                      "configuration": [
                                        "object",
                                        {
                                          "audience": "string",
                                          "clientAssertion": [
                                            "object",
                                            {
                                              "clientId": "string",
                                              "jwtTokenFile": [
                                                "object",
                                                {
                                                  "directoryPathInContainer": "string",
                                                  "secretRef": "string"
                                                }
                                              ],
                                              "localClientAssertion": [
                                                "object",
                                                {
                                                  "audience": "string",
                                                  "includeJtiClaim": "bool",
                                                  "includeNbfClaim": "bool",
                                                  "issuer": "string",
                                                  "privateKeyFile": [
                                                    "object",
                                                    {
                                                      "directoryPathInContainer": "string",
                                                      "encryptedPrivateKey": "bool",
                                                      "includeAssertionTemplate": "bool",
                                                      "secretRef": "string"
                                                    }
                                                  ],
                                                  "subject": "string",
                                                  "tokenLifetime": "number"
                                                }
                                              ]
                                            }
                                          ],
                                          "expectedIssuer": "string",
                                          "groupsClaimName": "string",
                                          "jwksEndpointUri": "string",
                                          "loginConnectTimeoutMs": "number",
                                          "loginReadTimeoutMs": "number",
                                          "loginRetryBackoffMaxMs": "number",
                                          "loginRetryBackoffMs": "number",
                                          "scope": "string",
                                          "subClaimName": "string",
                                          "tokenEndpointUri": "string"
                                        }
                                      ],
                                      "directoryPathInContainer": "string",
                                      "secretRef": "string"
                                    }
                                  ],
                                  "sslClientAuthentication": "bool",
                                  "type": "string"
                                }
                              ],
                              "clusters": [
                                "list",
                                [
                                  "object",
                                  {
                                    "authentication": [
                                      "object",
                                      {
                                        "basic": [
                                          "object",
                                          {
                                            "debug": "bool",
                                            "directoryPathInContainer": "string",
                                            "ignoreRoles": "bool",
                                            "restrictedRoles": [
                                              "list",
                                              "string"
                                            ],
                                            "roles": [
                                              "list",
                                              "string"
                                            ],
                                            "secretRef": "string"
                                          }
                                        ],
                                        "oauth": [
                                          "object",
                                          {
                                            "configuration": [
                                              "object",
                                              {
                                                "audience": "string",
                                                "clientAssertion": [
                                                  "object",
                                                  {
                                                    "clientId": "string",
                                                    "jwtTokenFile": [
                                                      "object",
                                                      {
                                                        "directoryPathInContainer": "string",
                                                        "secretRef": "string"
                                                      }
                                                    ],
                                                    "localClientAssertion": [
                                                      "object",
                                                      {
                                                        "audience": "string",
                                                        "includeJtiClaim": "bool",
                                                        "includeNbfClaim": "bool",
                                                        "issuer": "string",
                                                        "privateKeyFile": [
                                                          "object",
                                                          {
                                                            "directoryPathInContainer": "string",
                                                            "encryptedPrivateKey": "bool",
                                                            "includeAssertionTemplate": "bool",
                                                            "secretRef": "string"
                                                          }
                                                        ],
                                                        "subject": "string",
                                                        "tokenLifetime": "number"
                                                      }
                                                    ]
                                                  }
                                                ],
                                                "expectedIssuer": "string",
                                                "groupsClaimName": "string",
                                                "jwksEndpointUri": "string",
                                                "loginConnectTimeoutMs": "number",
                                                "loginReadTimeoutMs": "number",
                                                "loginRetryBackoffMaxMs": "number",
                                                "loginRetryBackoffMs": "number",
                                                "scope": "string",
                                                "subClaimName": "string",
                                                "tokenEndpointUri": "string"
                                              }
                                            ],
                                            "directoryPathInContainer": "string",
                                            "secretRef": "string"
                                          }
                                        ],
                                        "sslClientAuthentication": "bool",
                                        "type": "string"
                                      }
                                    ],
                                    "name": "string",
                                    "tls": [
                                      "object",
                                      {
                                        "directoryPathInContainer": "string",
                                        "enabled": "bool",
                                        "ignoreTrustStoreConfig": "bool",
                                        "jksPassword": [
                                          "object",
                                          {
                                            "secretRef": "string"
                                          }
                                        ],
                                        "secretRef": "string"
                                      }
                                    ],
                                    "url": "string"
                                  }
                                ]
                              ],
                              "tls": [
                                "object",
                                {
                                  "directoryPathInContainer": "string",
                                  "enabled": "bool",
                                  "ignoreTrustStoreConfig": "bool",
                                  "jksPassword": [
                                    "object",
                                    {
                                      "secretRef": "string"
                                    }
                                  ],
                                  "secretRef": "string"
                                }
                              ],
                              "url": "string"
                            }
                          ]
                        }
                      ],
                      "externalAccess": [
                        "object",
                        {
                          "loadBalancer": [
                            "object",
                            {
                              "advertisedURL": [
                                "object",
                                {
                                  "enabled": "bool",
                                  "prefix": "string"
                                }
                              ],
                              "annotations": [
                                "map",
                                "string"
                              ],
                              "domain": "string",
                              "externalTrafficPolicy": "string",
                              "labels": [
                                "map",
                                "string"
                              ],
                              "loadBalancerSourceRanges": [
                                "list",
                                "string"
                              ],
                              "port": "number",
                              "prefix": "string",
                              "servicePorts": [
                                "list",
                                [
                                  "object",
                                  {
                                    "appProtocol": "string",
                                    "name": "string",
                                    "nodePort": "number",
                                    "port": "number",
                                    "protocol": "string",
                                    "targetPort": "string"
                                  }
                                ]
                              ],
                              "sessionAffinity": "string",
                              "sessionAffinityConfig": [
                                "object",
                                {
                                  "clientIP": [
                                    "object",
                                    {
                                      "timeoutSeconds": "number"
                                    }
                                  ]
                                }
                              ]
                            }
                          ],
                          "nodePort": [
                            "object",
                            {
                              "advertisedURL": [
                                "object",
                                {
                                  "enabled": "bool",
                                  "prefix": "string"
                                }
                              ],
                              "annotations": [
                                "map",
                                "string"
                              ],
                              "externalTrafficPolicy": "string",
                              "host": "string",
                              "labels": [
                                "map",
                                "string"
                              ],
                              "nodePortOffset": "number",
                              "servicePorts": [
                                "list",
                                [
                                  "object",
                                  {
                                    "appProtocol": "string",
                                    "name": "string",
                                    "nodePort": "number",
                                    "port": "number",
                                    "protocol": "string",
                                    "targetPort": "string"
                                  }
                                ]
                              ],
                              "sessionAffinity": "string",
                              "sessionAffinityConfig": [
                                "object",
                                {
                                  "clientIP": [
                                    "object",
                                    {
                                      "timeoutSeconds": "number"
                                    }
                                  ]
                                }
                              ]
                            }
                          ],
                          "route": [
                            "object",
                            {
                              "advertisedURL": [
                                "object",
                                {
                                  "enabled": "bool",
                                  "prefix": "string"
                                }
                              ],
                              "annotations": [
                                "map",
                                "string"
                              ],
                              "domain": "string",
                              "labels": [
                                "map",
                                "string"
                              ],
                              "prefix": "string",
                              "wildcardPolicy": "string"
                            }
                          ],
                          "type": "string"
                        }
                      ],
                      "headlessService": [
                        "object",
                        {
                          "annotations": [
                            "map",
                            "string"
                          ],
                          "labels": [
                            "map",
                            "string"
                          ],
                          "publishNotReadyAddresses": "bool"
                        }
                      ],
                      "id": "number",
                      "image": [
                        "object",
                        {
                          "application": "string",
                          "init": "string",
                          "pullPolicy": "string",
                          "pullSecretRef": [
                            "list",
                            "string"
                          ]
                        }
                      ],
                      "injectAnnotations": [
                        "map",
                        "string"
                      ],
                      "injectLabels": [
                        "map",
                        "string"
                      ],
                      "internalTopicReplicatorFactor": "number",
                      "k8sClusterDomain": "string",
                      "license": [
                        "object",
                        {
                          "directoryPathInContainer": "string",
                          "globalLicense": "bool",
                          "secretRef": "string"
                        }
                      ],
                      "mail": [
                        "object",
                        {
                          "authentication": [
                            "object",
                            {
                              "basic": [
                                "object",
                                {
                                  "debug": "bool",
                                  "directoryPathInContainer": "string",
                                  "ignoreRoles": "bool",
                                  "restrictedRoles": [
                                    "list",
                                    "string"
                                  ],
                                  "roles": [
                                    "list",
                                    "string"
                                  ],
                                  "secretRef": "string"
                                }
                              ],
                              "oauth": [
                                "object",
                                {
                                  "configuration": [
                                    "object",
                                    {
                                      "audience": "string",
                                      "clientAssertion": [
                                        "object",
                                        {
                                          "clientId": "string",
                                          "jwtTokenFile": [
                                            "object",
                                            {
                                              "directoryPathInContainer": "string",
                                              "secretRef": "string"
                                            }
                                          ],
                                          "localClientAssertion": [
                                            "object",
                                            {
                                              "audience": "string",
                                              "includeJtiClaim": "bool",
                                              "includeNbfClaim": "bool",
                                              "issuer": "string",
                                              "privateKeyFile": [
                                                "object",
                                                {
                                                  "directoryPathInContainer": "string",
                                                  "encryptedPrivateKey": "bool",
                                                  "includeAssertionTemplate": "bool",
                                                  "secretRef": "string"
                                                }
                                              ],
                                              "subject": "string",
                                              "tokenLifetime": "number"
                                            }
                                          ]
                                        }
                                      ],
                                      "expectedIssuer": "string",
                                      "groupsClaimName": "string",
                                      "jwksEndpointUri": "string",
                                      "loginConnectTimeoutMs": "number",
                                      "loginReadTimeoutMs": "number",
                                      "loginRetryBackoffMaxMs": "number",
                                      "loginRetryBackoffMs": "number",
                                      "scope": "string",
                                      "subClaimName": "string",
                                      "tokenEndpointUri": "string"
                                    }
                                  ],
                                  "directoryPathInContainer": "string",
                                  "secretRef": "string"
                                }
                              ],
                              "sslClientAuthentication": "bool",
                              "type": "string"
                            }
                          ],
                          "checkServerIdentity": "bool",
                          "hostname": "string",
                          "mailBounceAddress": "string",
                          "mailFrom": "string",
                          "port": "number",
                          "startTLSRequired": "bool"
                        }
                      ],
                      "metrics": [
                        "object",
                        {
                          "authentication": [
                            "object",
                            {
                              "type": "string"
                            }
                          ],
                          "prometheus": [
                            "object",
                            {
                              "blacklist": [
                                "list",
                                "string"
                              ],
                              "rules": [
                                "list",
                                [
                                  "object",
                                  {
                                    "attrNameSnakeCase": "bool",
                                    "cache": "bool",
                                    "help": "string",
                                    "labels": [
                                      "map",
                                      "string"
                                    ],
                                    "name": "string",
                                    "pattern": "string",
                                    "type": "string",
                                    "value": "string",
                                    "valueFactor": "string"
                                  }
                                ]
                              ],
                              "whitelist": [
                                "list",
                                "string"
                              ]
                            }
                          ],
                          "tls": [
                            "object",
                            {
                              "directoryPathInContainer": "string",
                              "enabled": "bool",
                              "ignoreTrustStoreConfig": "bool",
                              "jksPassword": [
                                "object",
                                {
                                  "secretRef": "string"
                                }
                              ],
                              "secretRef": "string"
                            }
                          ]
                        }
                      ],
                      "monitoringKafkaClusters": [
                        "list",
                        [
                          "object",
                          {
                            "authentication": [
                              "object",
                              {
                                "jaasConfig": [
                                  "object",
                                  {
                                    "secretRef": "string"
                                  }
                                ],
                                "jaasConfigPassThrough": [
                                  "object",
                                  {
                                    "directoryPathInContainer": "string",
                                    "secretRef": "string"
                                  }
                                ],
                                "oauthSettings": [
                                  "object",
                                  {
                                    "audience": "string",
                                    "clientAssertion": [
                                      "object",
                                      {
                                        "clientId": "string",
                                        "jwtTokenFile": [
                                          "object",
                                          {
                                            "directoryPathInContainer": "string",
                                            "secretRef": "string"
                                          }
                                        ],
                                        "localClientAssertion": [
                                          "object",
                                          {
                                            "audience": "string",
                                            "includeJtiClaim": "bool",
                                            "includeNbfClaim": "bool",
                                            "issuer": "string",
                                            "privateKeyFile": [
                                              "object",
                                              {
                                                "directoryPathInContainer": "string",
                                                "encryptedPrivateKey": "bool",
                                                "includeAssertionTemplate": "bool",
                                                "secretRef": "string"
                                              }
                                            ],
                                            "subject": "string",
                                            "tokenLifetime": "number"
                                          }
                                        ]
                                      }
                                    ],
                                    "expectedIssuer": "string",
                                    "groupsClaimName": "string",
                                    "jwksEndpointUri": "string",
                                    "loginConnectTimeoutMs": "number",
                                    "loginReadTimeoutMs": "number",
                                    "loginRetryBackoffMaxMs": "number",
                                    "loginRetryBackoffMs": "number",
                                    "scope": "string",
                                    "subClaimName": "string",
                                    "tokenEndpointUri": "string"
                                  }
                                ],
                                "oauthbearer": [
                                  "object",
                                  {
                                    "directoryPathInContainer": "string",
                                    "secretRef": "string"
                                  }
                                ],
                                "sslClientAuthentication": "bool",
                                "type": "string"
                              }
                            ],
                            "bootstrapEndpoint": "string",
                            "discovery": [
                              "object",
                              {
                                "name": "string",
                                "namespace": "string",
                                "secretRef": "string"
                              }
                            ],
                            "name": "string",
                            "tls": [
                              "object",
                              {
                                "directoryPathInContainer": "string",
                                "enabled": "bool",
                                "ignoreTrustStoreConfig": "bool",
                                "jksPassword": [
                                  "object",
                                  {
                                    "secretRef": "string"
                                  }
                                ],
                                "secretRef": "string"
                              }
                            ]
                          }
                        ]
                      ],
                      "mountedSecrets": [
                        "list",
                        [
                          "object",
                          {
                            "keyItems": [
                              "list",
                              [
                                "object",
                                {
                                  "key": "string",
                                  "mode": "number",
                                  "path": "string"
                                }
                              ]
                            ],
                            "secretRef": "string"
                          }
                        ]
                      ],
                      "mountedVolumes": [
                        "object",
                        {
                          "volumeMounts": [
                            "list",
                            [
                              "object",
                              {
                                "mountPath": "string",
                                "mountPropagation": "string",
                                "name": "string",
                                "readOnly": "bool",
                                "recursiveReadOnly": "string",
                                "subPath": "string",
                                "subPathExpr": "string"
                              }
                            ]
                          ],
                          "volumes": [
                            "tuple",
                            [
                              [
                                "object",
                                {
                                  "awsElasticBlockStore": [
                                    "object",
                                    {
                                      "fsType": "string",
                                      "partition": "number",
                                      "readOnly": "bool",
                                      "volumeID": "string"
                                    }
                                  ],
                                  "azureDisk": [
                                    "object",
                                    {
                                      "cachingMode": "string",
                                      "diskName": "string",
                                      "diskURI": "string",
                                      "fsType": "string",
                                      "kind": "string",
                                      "readOnly": "bool"
                                    }
                                  ],
                                  "azureFile": [
                                    "object",
                                    {
                                      "readOnly": "bool",
                                      "secretName": "string",
                                      "shareName": "string"
                                    }
                                  ],
                                  "cephfs": [
                                    "object",
                                    {
                                      "monitors": [
                                        "list",
                                        "string"
                                      ],
                                      "path": "string",
                                      "readOnly": "bool",
                                      "secretFile": "string",
                                      "secretRef": [
                                        "object",
                                        {
                                          "name": "string"
                                        }
                                      ],
                                      "user": "string"
                                    }
                                  ],
                                  "cinder": [
                                    "object",
                                    {
                                      "fsType": "string",
                                      "readOnly": "bool",
                                      "secretRef": [
                                        "object",
                                        {
                                          "name": "string"
                                        }
                                      ],
                                      "volumeID": "string"
                                    }
                                  ],
                                  "configMap": [
                                    "object",
                                    {
                                      "defaultMode": "number",
                                      "items": [
                                        "list",
                                        [
                                          "object",
                                          {
                                            "key": "string",
                                            "mode": "number",
                                            "path": "string"
                                          }
                                        ]
                                      ],
                                      "name": "string",
                                      "optional": "bool"
                                    }
                                  ],
                                  "csi": [
                                    "object",
                                    {
                                      "driver": "string",
                                      "fsType": "string",
                                      "nodePublishSecretRef": [
                                        "object",
                                        {
                                          "name": "string"
                                        }
                                      ],
                                      "readOnly": "bool",
                                      "volumeAttributes": [
                                        "map",
                                        "string"
                                      ]
                                    }
                                  ],
                                  "downwardAPI": [
                                    "object",
                                    {
                                      "defaultMode": "number",
                                      "items": [
                                        "list",
                                        [
                                          "object",
                                          {
                                            "fieldRef": [
                                              "object",
                                              {
                                                "apiVersion": "string",
                                                "fieldPath": "string"
                                              }
                                            ],
                                            "mode": "number",
                                            "path": "string",
                                            "resourceFieldRef": [
                                              "object",
                                              {
                                                "containerName": "string",
                                                "divisor": "string",
                                                "resource": "string"
                                              }
                                            ]
                                          }
                                        ]
                                      ]
                                    }
                                  ],
                                  "emptyDir": [
                                    "object",
                                    {
                                      "medium": "string",
                                      "sizeLimit": "string"
                                    }
                                  ],
                                  "ephemeral": [
                                    "object",
                                    {
                                      "volumeClaimTemplate": [
                                        "object",
                                        {
                                          "metadata": "dynamic",
                                          "spec": [
                                            "object",
                                            {
                                              "accessModes": [
                                                "list",
                                                "string"
                                              ],
                                              "dataSource": [
                                                "object",
                                                {
                                                  "apiGroup": "string",
                                                  "kind": "string",
                                                  "name": "string"
                                                }
                                              ],
                                              "dataSourceRef": [
                                                "object",
                                                {
                                                  "apiGroup": "string",
                                                  "kind": "string",
                                                  "name": "string",
                                                  "namespace": "string"
                                                }
                                              ],
                                              "resources": [
                                                "object",
                                                {
                                                  "limits": [
                                                    "map",
                                                    "string"
                                                  ],
                                                  "requests": [
                                                    "map",
                                                    "string"
                                                  ]
                                                }
                                              ],
                                              "selector": [
                                                "object",
                                                {
                                                  "matchExpressions": [
                                                    "list",
                                                    [
                                                      "object",
                                                      {
                                                        "key": "string",
                                                        "operator": "string",
                                                        "values": [
                                                          "list",
                                                          "string"
                                                        ]
                                                      }
                                                    ]
                                                  ],
                                                  "matchLabels": [
                                                    "map",
                                                    "string"
                                                  ]
                                                }
                                              ],
                                              "storageClassName": "string",
                                              "volumeAttributesClassName": "string",
                                              "volumeMode": "string",
                                              "volumeName": "string"
                                            }
                                          ]
                                        }
                                      ]
                                    }
                                  ],
                                  "fc": [
                                    "object",
                                    {
                                      "fsType": "string",
                                      "lun": "number",
                                      "readOnly": "bool",
                                      "targetWWNs": [
                                        "list",
                                        "string"
                                      ],
                                      "wwids": [
                                        "list",
                                        "string"
                                      ]
                                    }
                                  ],
                                  "flexVolume": [
                                    "object",
                                    {
                                      "driver": "string",
                                      "fsType": "string",
                                      "options": [
                                        "map",
                                        "string"
                                      ],
                                      "readOnly": "bool",
                                      "secretRef": [
                                        "object",
                                        {
                                          "name": "string"
                                        }
                                      ]
                                    }
                                  ],
                                  "flocker": [
                                    "object",
                                    {
                                      "datasetName": "string",
                                      "datasetUUID": "string"
                                    }
                                  ],
                                  "gcePersistentDisk": [
                                    "object",
                                    {
                                      "fsType": "string",
                                      "partition": "number",
                                      "pdName": "string",
                                      "readOnly": "bool"
                                    }
                                  ],
                                  "gitRepo": [
                                    "object",
                                    {
                                      "directory": "string",
                                      "repository": "string",
                                      "revision": "string"
                                    }
                                  ],
                                  "glusterfs": [
                                    "object",
                                    {
                                      "endpoints": "string",
                                      "path": "string",
                                      "readOnly": "bool"
                                    }
                                  ],
                                  "hostPath": [
                                    "object",
                                    {
                                      "path": "string",
                                      "type": "string"
                                    }
                                  ],
                                  "image": [
                                    "object",
                                    {
                                      "pullPolicy": "string",
                                      "reference": "string"
                                    }
                                  ],
                                  "iscsi": [
                                    "object",
                                    {
                                      "chapAuthDiscovery": "bool",
                                      "chapAuthSession": "bool",
                                      "fsType": "string",
                                      "initiatorName": "string",
                                      "iqn": "string",
                                      "iscsiInterface": "string",
                                      "lun": "number",
                                      "portals": [
                                        "list",
                                        "string"
                                      ],
                                      "readOnly": "bool",
                                      "secretRef": [
                                        "object",
                                        {
                                          "name": "string"
                                        }
                                      ],
                                      "targetPortal": "string"
                                    }
                                  ],
                                  "name": "string",
                                  "nfs": [
                                    "object",
                                    {
                                      "path": "string",
                                      "readOnly": "bool",
                                      "server": "string"
                                    }
                                  ],
                                  "persistentVolumeClaim": [
                                    "object",
                                    {
                                      "claimName": "string",
                                      "readOnly": "bool"
                                    }
                                  ],
                                  "photonPersistentDisk": [
                                    "object",
                                    {
                                      "fsType": "string",
                                      "pdID": "string"
                                    }
                                  ],
                                  "portworxVolume": [
                                    "object",
                                    {
                                      "fsType": "string",
                                      "readOnly": "bool",
                                      "volumeID": "string"
                                    }
                                  ],
                                  "projected": [
                                    "object",
                                    {
                                      "defaultMode": "number",
                                      "sources": [
                                        "list",
                                        [
                                          "object",
                                          {
                                            "clusterTrustBundle": [
                                              "object",
                                              {
                                                "labelSelector": [
                                                  "object",
                                                  {
                                                    "matchExpressions": [
                                                      "list",
                                                      [
                                                        "object",
                                                        {
                                                          "key": "string",
                                                          "operator": "string",
                                                          "values": [
                                                            "list",
                                                            "string"
                                                          ]
                                                        }
                                                      ]
                                                    ],
                                                    "matchLabels": [
                                                      "map",
                                                      "string"
                                                    ]
                                                  }
                                                ],
                                                "name": "string",
                                                "optional": "bool",
                                                "path": "string",
                                                "signerName": "string"
                                              }
                                            ],
                                            "configMap": [
                                              "object",
                                              {
                                                "items": [
                                                  "list",
                                                  [
                                                    "object",
                                                    {
                                                      "key": "string",
                                                      "mode": "number",
                                                      "path": "string"
                                                    }
                                                  ]
                                                ],
                                                "name": "string",
                                                "optional": "bool"
                                              }
                                            ],
                                            "downwardAPI": [
                                              "object",
                                              {
                                                "items": [
                                                  "list",
                                                  [
                                                    "object",
                                                    {
                                                      "fieldRef": [
                                                        "object",
                                                        {
                                                          "apiVersion": "string",
                                                          "fieldPath": "string"
                                                        }
                                                      ],
                                                      "mode": "number",
                                                      "path": "string",
                                                      "resourceFieldRef": [
                                                        "object",
                                                        {
                                                          "containerName": "string",
                                                          "divisor": "string",
                                                          "resource": "string"
                                                        }
                                                      ]
                                                    }
                                                  ]
                                                ]
                                              }
                                            ],
                                            "secret": [
                                              "object",
                                              {
                                                "items": [
                                                  "list",
                                                  [
                                                    "object",
                                                    {
                                                      "key": "string",
                                                      "mode": "number",
                                                      "path": "string"
                                                    }
                                                  ]
                                                ],
                                                "name": "string",
                                                "optional": "bool"
                                              }
                                            ],
                                            "serviceAccountToken": [
                                              "object",
                                              {
                                                "audience": "string",
                                                "expirationSeconds": "number",
                                                "path": "string"
                                              }
                                            ]
                                          }
                                        ]
                                      ]
                                    }
                                  ],
                                  "quobyte": [
                                    "object",
                                    {
                                      "group": "string",
                                      "readOnly": "bool",
                                      "registry": "string",
                                      "tenant": "string",
                                      "user": "string",
                                      "volume": "string"
                                    }
                                  ],
                                  "rbd": [
                                    "object",
                                    {
                                      "fsType": "string",
                                      "image": "string",
                                      "keyring": "string",
                                      "monitors": [
                                        "list",
                                        "string"
                                      ],
                                      "pool": "string",
                                      "readOnly": "bool",
                                      "secretRef": [
                                        "object",
                                        {
                                          "name": "string"
                                        }
                                      ],
                                      "user": "string"
                                    }
                                  ],
                                  "scaleIO": [
                                    "object",
                                    {
                                      "fsType": "string",
                                      "gateway": "string",
                                      "protectionDomain": "string",
                                      "readOnly": "bool",
                                      "secretRef": [
                                        "object",
                                        {
                                          "name": "string"
                                        }
                                      ],
                                      "sslEnabled": "bool",
                                      "storageMode": "string",
                                      "storagePool": "string",
                                      "system": "string",
                                      "volumeName": "string"
                                    }
                                  ],
                                  "secret": [
                                    "object",
                                    {
                                      "defaultMode": "number",
                                      "items": [
                                        "list",
                                        [
                                          "object",
                                          {
                                            "key": "string",
                                            "mode": "number",
                                            "path": "string"
                                          }
                                        ]
                                      ],
                                      "optional": "bool",
                                      "secretName": "string"
                                    }
                                  ],
                                  "storageos": [
                                    "object",
                                    {
                                      "fsType": "string",
                                      "readOnly": "bool",
                                      "secretRef": [
                                        "object",
                                        {
                                          "name": "string"
                                        }
                                      ],
                                      "volumeName": "string",
                                      "volumeNamespace": "string"
                                    }
                                  ],
                                  "vsphereVolume": [
                                    "object",
                                    {
                                      "fsType": "string",
                                      "storagePolicyID": "string",
                                      "storagePolicyName": "string",
                                      "volumePath": "string"
                                    }
                                  ]
                                }
                              ]
                            ]
                          ]
                        }
                      ],
                      "name": "string",
                      "oneReplicaPerNode": "bool",
                      "pdb": [
                        "object",
                        {
                          "enabled": "bool",
                          "maxUnavailable": "number"
                        }
                      ],
                      "podTemplate": [
                        "object",
                        {
                          "affinity": [
                            "object",
                            {
                              "nodeAffinity": [
                                "object",
                                {
                                  "preferredDuringSchedulingIgnoredDuringExecution": [
                                    "list",
                                    [
                                      "object",
                                      {
                                        "preference": [
                                          "object",
                                          {
                                            "matchExpressions": [
                                              "list",
                                              [
                                                "object",
                                                {
                                                  "key": "string",
                                                  "operator": "string",
                                                  "values": [
                                                    "list",
                                                    "string"
                                                  ]
                                                }
                                              ]
                                            ],
                                            "matchFields": [
                                              "list",
                                              [
                                                "object",
                                                {
                                                  "key": "string",
                                                  "operator": "string",
                                                  "values": [
                                                    "list",
                                                    "string"
                                                  ]
                                                }
                                              ]
                                            ]
                                          }
                                        ],
                                        "weight": "number"
                                      }
                                    ]
                                  ],
                                  "requiredDuringSchedulingIgnoredDuringExecution": [
                                    "object",
                                    {
                                      "nodeSelectorTerms": [
                                        "list",
                                        [
                                          "object",
                                          {
                                            "matchExpressions": [
                                              "list",
                                              [
                                                "object",
                                                {
                                                  "key": "string",
                                                  "operator": "string",
                                                  "values": [
                                                    "list",
                                                    "string"
                                                  ]
                                                }
                                              ]
                                            ],
                                            "matchFields": [
                                              "list",
                                              [
                                                "object",
                                                {
                                                  "key": "string",
                                                  "operator": "string",
                                                  "values": [
                                                    "list",
                                                    "string"
                                                  ]
                                                }
                                              ]
                                            ]
                                          }
                                        ]
                                      ]
                                    }
                                  ]
                                }
                              ],
                              "podAffinity": [
                                "object",
                                {
                                  "preferredDuringSchedulingIgnoredDuringExecution": [
                                    "list",
                                    [
                                      "object",
                                      {
                                        "podAffinityTerm": [
                                          "object",
                                          {
                                            "labelSelector": [
                                              "object",
                                              {
                                                "matchExpressions": [
                                                  "list",
                                                  [
                                                    "object",
                                                    {
                                                      "key": "string",
                                                      "operator": "string",
                                                      "values": [
                                                        "list",
                                                        "string"
                                                      ]
                                                    }
                                                  ]
                                                ],
                                                "matchLabels": [
                                                  "map",
                                                  "string"
                                                ]
                                              }
                                            ],
                                            "matchLabelKeys": [
                                              "list",
                                              "string"
                                            ],
                                            "mismatchLabelKeys": [
                                              "list",
                                              "string"
                                            ],
                                            "namespaceSelector": [
                                              "object",
                                              {
                                                "matchExpressions": [
                                                  "list",
                                                  [
                                                    "object",
                                                    {
                                                      "key": "string",
                                                      "operator": "string",
                                                      "values": [
                                                        "list",
                                                        "string"
                                                      ]
                                                    }
                                                  ]
                                                ],
                                                "matchLabels": [
                                                  "map",
                                                  "string"
                                                ]
                                              }
                                            ],
                                            "namespaces": [
                                              "list",
                                              "string"
                                            ],
                                            "topologyKey": "string"
                                          }
                                        ],
                                        "weight": "number"
                                      }
                                    ]
                                  ],
                                  "requiredDuringSchedulingIgnoredDuringExecution": [
                                    "list",
                                    [
                                      "object",
                                      {
                                        "labelSelector": [
                                          "object",
                                          {
                                            "matchExpressions": [
                                              "list",
                                              [
                                                "object",
                                                {
                                                  "key": "string",
                                                  "operator": "string",
                                                  "values": [
                                                    "list",
                                                    "string"
                                                  ]
                                                }
                                              ]
                                            ],
                                            "matchLabels": [
                                              "map",
                                              "string"
                                            ]
                                          }
                                        ],
                                        "matchLabelKeys": [
                                          "list",
                                          "string"
                                        ],
                                        "mismatchLabelKeys": [
                                          "list",
                                          "string"
                                        ],
                                        "namespaceSelector": [
                                          "object",
                                          {
                                            "matchExpressions": [
                                              "list",
                                              [
                                                "object",
                                                {
                                                  "key": "string",
                                                  "operator": "string",
                                                  "values": [
                                                    "list",
                                                    "string"
                                                  ]
                                                }
                                              ]
                                            ],
                                            "matchLabels": [
                                              "map",
                                              "string"
                                            ]
                                          }
                                        ],
                                        "namespaces": [
                                          "list",
                                          "string"
                                        ],
                                        "topologyKey": "string"
                                      }
                                    ]
                                  ]
                                }
                              ],
                              "podAntiAffinity": [
                                "object",
                                {
                                  "preferredDuringSchedulingIgnoredDuringExecution": [
                                    "list",
                                    [
                                      "object",
                                      {
                                        "podAffinityTerm": [
                                          "object",
                                          {
                                            "labelSelector": [
                                              "object",
                                              {
                                                "matchExpressions": [
                                                  "list",
                                                  [
                                                    "object",
                                                    {
                                                      "key": "string",
                                                      "operator": "string",
                                                      "values": [
                                                        "list",
                                                        "string"
                                                      ]
                                                    }
                                                  ]
                                                ],
                                                "matchLabels": [
                                                  "map",
                                                  "string"
                                                ]
                                              }
                                            ],
                                            "matchLabelKeys": [
                                              "list",
                                              "string"
                                            ],
                                            "mismatchLabelKeys": [
                                              "list",
                                              "string"
                                            ],
                                            "namespaceSelector": [
                                              "object",
                                              {
                                                "matchExpressions": [
                                                  "list",
                                                  [
                                                    "object",
                                                    {
                                                      "key": "string",
                                                      "operator": "string",
                                                      "values": [
                                                        "list",
                                                        "string"
                                                      ]
                                                    }
                                                  ]
                                                ],
                                                "matchLabels": [
                                                  "map",
                                                  "string"
                                                ]
                                              }
                                            ],
                                            "namespaces": [
                                              "list",
                                              "string"
                                            ],
                                            "topologyKey": "string"
                                          }
                                        ],
                                        "weight": "number"
                                      }
                                    ]
                                  ],
                                  "requiredDuringSchedulingIgnoredDuringExecution": [
                                    "list",
                                    [
                                      "object",
                                      {
                                        "labelSelector": [
                                          "object",
                                          {
                                            "matchExpressions": [
                                              "list",
                                              [
                                                "object",
                                                {
                                                  "key": "string",
                                                  "operator": "string",
                                                  "values": [
                                                    "list",
                                                    "string"
                                                  ]
                                                }
                                              ]
                                            ],
                                            "matchLabels": [
                                              "map",
                                              "string"
                                            ]
                                          }
                                        ],
                                        "matchLabelKeys": [
                                          "list",
                                          "string"
                                        ],
                                        "mismatchLabelKeys": [
                                          "list",
                                          "string"
                                        ],
                                        "namespaceSelector": [
                                          "object",
                                          {
                                            "matchExpressions": [
                                              "list",
                                              [
                                                "object",
                                                {
                                                  "key": "string",
                                                  "operator": "string",
                                                  "values": [
                                                    "list",
                                                    "string"
                                                  ]
                                                }
                                              ]
                                            ],
                                            "matchLabels": [
                                              "map",
                                              "string"
                                            ]
                                          }
                                        ],
                                        "namespaces": [
                                          "list",
                                          "string"
                                        ],
                                        "topologyKey": "string"
                                      }
                                    ]
                                  ]
                                }
                              ]
                            }
                          ],
                          "annotations": [
                            "map",
                            "string"
                          ],
                          "envVars": [
                            "list",
                            [
                              "object",
                              {
                                "name": "string",
                                "value": "string",
                                "valueFrom": [
                                  "object",
                                  {
                                    "configMapKeyRef": [
                                      "object",
                                      {
                                        "key": "string",
                                        "name": "string",
                                        "optional": "bool"
                                      }
                                    ],
                                    "fieldRef": [
                                      "object",
                                      {
                                        "apiVersion": "string",
                                        "fieldPath": "string"
                                      }
                                    ],
                                    "resourceFieldRef": [
                                      "object",
                                      {
                                        "containerName": "string",
                                        "divisor": "string",
                                        "resource": "string"
                                      }
                                    ],
                                    "secretKeyRef": [
                                      "object",
                                      {
                                        "key": "string",
                                        "name": "string",
                                        "optional": "bool"
                                      }
                                    ]
                                  }
                                ]
                              }
                            ]
                          ],
                          "labels": [
                            "map",
                            "string"
                          ],
                          "podSecurityContext": [
                            "object",
                            {
                              "appArmorProfile": [
                                "object",
                                {
                                  "localhostProfile": "string",
                                  "type": "string"
                                }
                              ],
                              "fsGroup": "number",
                              "fsGroupChangePolicy": "string",
                              "runAsGroup": "number",
                              "runAsNonRoot": "bool",
                              "runAsUser": "number",
                              "seLinuxOptions": [
                                "object",
                                {
                                  "level": "string",
                                  "role": "string",
                                  "type": "string",
                                  "user": "string"
                                }
                              ],
                              "seccompProfile": [
                                "object",
                                {
                                  "localhostProfile": "string",
                                  "type": "string"
                                }
                              ],
                              "supplementalGroups": [
                                "list",
                                "number"
                              ],
                              "supplementalGroupsPolicy": "string",
                              "sysctls": [
                                "list",
                                [
                                  "object",
                                  {
                                    "name": "string",
                                    "value": "string"
                                  }
                                ]
                              ],
                              "windowsOptions": [
                                "object",
                                {
                                  "gmsaCredentialSpec": "string",
                                  "gmsaCredentialSpecName": "string",
                                  "hostProcess": "bool",
                                  "runAsUserName": "string"
                                }
                              ]
                            }
                          ],
                          "priorityClassName": "string",
                          "probe": [
                            "object",
                            {
                              "liveness": [
                                "object",
                                {
                                  "failureThreshold": "number",
                                  "initialDelaySeconds": "number",
                                  "path": "string",
                                  "periodSeconds": "number",
                                  "port": "number",
                                  "successThreshold": "number",
                                  "timeoutSeconds": "number"
                                }
                              ],
                              "readiness": [
                                "object",
                                {
                                  "failureThreshold": "number",
                                  "initialDelaySeconds": "number",
                                  "path": "string",
                                  "periodSeconds": "number",
                                  "port": "number",
                                  "successThreshold": "number",
                                  "timeoutSeconds": "number"
                                }
                              ]
                            }
                          ],
                          "resources": [
                            "object",
                            {
                              "claims": [
                                "list",
                                [
                                  "object",
                                  {
                                    "name": "string",
                                    "request": "string"
                                  }
                                ]
                              ],
                              "limits": [
                                "map",
                                "string"
                              ],
                              "requests": [
                                "map",
                                "string"
                              ]
                            }
                          ],
                          "securityContext": [
                            "object",
                            {
                              "allowPrivilegeEscalation": "bool",
                              "appArmorProfile": [
                                "object",
                                {
                                  "localhostProfile": "string",
                                  "type": "string"
                                }
                              ],
                              "capabilities": [
                                "object",
                                {
                                  "add": [
                                    "list",
                                    "string"
                                  ],
                                  "drop": [
                                    "list",
                                    "string"
                                  ]
                                }
                              ],
                              "privileged": "bool",
                              "procMount": "string",
                              "readOnlyRootFilesystem": "bool",
                              "runAsGroup": "number",
                              "runAsNonRoot": "bool",
                              "runAsUser": "number",
                              "seLinuxOptions": [
                                "object",
                                {
                                  "level": "string",
                                  "role": "string",
                                  "type": "string",
                                  "user": "string"
                                }
                              ],
                              "seccompProfile": [
                                "object",
                                {
                                  "localhostProfile": "string",
                                  "type": "string"
                                }
                              ],
                              "windowsOptions": [
                                "object",
                                {
                                  "gmsaCredentialSpec": "string",
                                  "gmsaCredentialSpecName": "string",
                                  "hostProcess": "bool",
                                  "runAsUserName": "string"
                                }
                              ]
                            }
                          ],
                          "serviceAccountName": "string",
                          "terminationGracePeriodSeconds": "number",
                          "tolerations": [
                            "list",
                            [
                              "object",
                              {
                                "effect": "string",
                                "key": "string",
                                "operator": "string",
                                "tolerationSeconds": "number",
                                "value": "string"
                              }
                            ]
                          ],
                          "topologySpreadConstraints": [
                            "list",
                            [
                              "object",
                              {
                                "labelSelector": [
                                  "object",
                                  {
                                    "matchExpressions": [
                                      "list",
                                      [
                                        "object",
                                        {
                                          "key": "string",
                                          "operator": "string",
                                          "values": [
                                            "list",
                                            "string"
                                          ]
                                        }
                                      ]
                                    ],
                                    "matchLabels": [
                                      "map",
                                      "string"
                                    ]
                                  }
                                ],
                                "matchLabelKeys": [
                                  "list",
                                  "string"
                                ],
                                "maxSkew": "number",
                                "minDomains": "number",
                                "nodeAffinityPolicy": "string",
                                "nodeTaintsPolicy": "string",
                                "topologyKey": "string",
                                "whenUnsatisfiable": "string"
                              }
                            ]
                          ]
                        }
                      ],
                      "replicas": "number",
                      "services": [
                        "object",
                        {
                          "alertmanager": [
                            "object",
                            {
                              "authentication": [
                                "object",
                                {
                                  "basic": [
                                    "object",
                                    {
                                      "debug": "bool",
                                      "directoryPathInContainer": "string",
                                      "ignoreRoles": "bool",
                                      "restrictedRoles": [
                                        "list",
                                        "string"
                                      ],
                                      "roles": [
                                        "list",
                                        "string"
                                      ],
                                      "secretRef": "string"
                                    }
                                  ],
                                  "type": "string"
                                }
                              ],
                              "containerTemplate": [
                                "object",
                                {
                                  "envVars": [
                                    "list",
                                    [
                                      "object",
                                      {
                                        "name": "string",
                                        "value": "string",
                                        "valueFrom": [
                                          "object",
                                          {
                                            "configMapKeyRef": [
                                              "object",
                                              {
                                                "key": "string",
                                                "name": "string",
                                                "optional": "bool"
                                              }
                                            ],
                                            "fieldRef": [
                                              "object",
                                              {
                                                "apiVersion": "string",
                                                "fieldPath": "string"
                                              }
                                            ],
                                            "resourceFieldRef": [
                                              "object",
                                              {
                                                "containerName": "string",
                                                "divisor": "string",
                                                "resource": "string"
                                              }
                                            ],
                                            "secretKeyRef": [
                                              "object",
                                              {
                                                "key": "string",
                                                "name": "string",
                                                "optional": "bool"
                                              }
                                            ]
                                          }
                                        ]
                                      }
                                    ]
                                  ],
                                  "resources": [
                                    "object",
                                    {
                                      "claims": [
                                        "list",
                                        [
                                          "object",
                                          {
                                            "name": "string",
                                            "request": "string"
                                          }
                                        ]
                                      ],
                                      "limits": [
                                        "map",
                                        "string"
                                      ],
                                      "requests": [
                                        "map",
                                        "string"
                                      ]
                                    }
                                  ]
                                }
                              ],
                              "image": "string",
                              "tls": [
                                "object",
                                {
                                  "autoGeneratedCerts": "bool",
                                  "directoryPathInContainer": "string",
                                  "fips": [
                                    "object",
                                    {
                                      "enabled": "bool"
                                    }
                                  ],
                                  "ignoreTrustStoreConfig": "bool",
                                  "jksPassword": [
                                    "object",
                                    {
                                      "secretRef": "string"
                                    }
                                  ],
                                  "secretRef": "string"
                                }
                              ]
                            }
                          ],
                          "prometheus": [
                            "object",
                            {
                              "authentication": [
                                "object",
                                {
                                  "basic": [
                                    "object",
                                    {
                                      "debug": "bool",
                                      "directoryPathInContainer": "string",
                                      "ignoreRoles": "bool",
                                      "restrictedRoles": [
                                        "list",
                                        "string"
                                      ],
                                      "roles": [
                                        "list",
                                        "string"
                                      ],
                                      "secretRef": "string"
                                    }
                                  ],
                                  "type": "string"
                                }
                              ],
                              "containerTemplate": [
                                "object",
                                {
                                  "envVars": [
                                    "list",
                                    [
                                      "object",
                                      {
                                        "name": "string",
                                        "value": "string",
                                        "valueFrom": [
                                          "object",
                                          {
                                            "configMapKeyRef": [
                                              "object",
                                              {
                                                "key": "string",
                                                "name": "string",
                                                "optional": "bool"
                                              }
                                            ],
                                            "fieldRef": [
                                              "object",
                                              {
                                                "apiVersion": "string",
                                                "fieldPath": "string"
                                              }
                                            ],
                                            "resourceFieldRef": [
                                              "object",
                                              {
                                                "containerName": "string",
                                                "divisor": "string",
                                                "resource": "string"
                                              }
                                            ],
                                            "secretKeyRef": [
                                              "object",
                                              {
                                                "key": "string",
                                                "name": "string",
                                                "optional": "bool"
                                              }
                                            ]
                                          }
                                        ]
                                      }
                                    ]
                                  ],
                                  "resources": [
                                    "object",
                                    {
                                      "claims": [
                                        "list",
                                        [
                                          "object",
                                          {
                                            "name": "string",
                                            "request": "string"
                                          }
                                        ]
                                      ],
                                      "limits": [
                                        "map",
                                        "string"
                                      ],
                                      "requests": [
                                        "map",
                                        "string"
                                      ]
                                    }
                                  ]
                                }
                              ],
                              "externalAccess": [
                                "object",
                                {
                                  "loadBalancer": [
                                    "object",
                                    {
                                      "advertisedURL": [
                                        "object",
                                        {
                                          "enabled": "bool",
                                          "prefix": "string"
                                        }
                                      ],
                                      "annotations": [
                                        "map",
                                        "string"
                                      ],
                                      "domain": "string",
                                      "externalTrafficPolicy": "string",
                                      "labels": [
                                        "map",
                                        "string"
                                      ],
                                      "loadBalancerSourceRanges": [
                                        "list",
                                        "string"
                                      ],
                                      "port": "number",
                                      "prefix": "string",
                                      "servicePorts": [
                                        "list",
                                        [
                                          "object",
                                          {
                                            "appProtocol": "string",
                                            "name": "string",
                                            "nodePort": "number",
                                            "port": "number",
                                            "protocol": "string",
                                            "targetPort": "string"
                                          }
                                        ]
                                      ],
                                      "sessionAffinity": "string",
                                      "sessionAffinityConfig": [
                                        "object",
                                        {
                                          "clientIP": [
                                            "object",
                                            {
                                              "timeoutSeconds": "number"
                                            }
                                          ]
                                        }
                                      ]
                                    }
                                  ],
                                  "nodePort": [
                                    "object",
                                    {
                                      "advertisedURL": [
                                        "object",
                                        {
                                          "enabled": "bool",
                                          "prefix": "string"
                                        }
                                      ],
                                      "annotations": [
                                        "map",
                                        "string"
                                      ],
                                      "externalTrafficPolicy": "string",
                                      "host": "string",
                                      "labels": [
                                        "map",
                                        "string"
                                      ],
                                      "nodePortOffset": "number",
                                      "servicePorts": [
                                        "list",
                                        [
                                          "object",
                                          {
                                            "appProtocol": "string",
                                            "name": "string",
                                            "nodePort": "number",
                                            "port": "number",
                                            "protocol": "string",
                                            "targetPort": "string"
                                          }
                                        ]
                                      ],
                                      "sessionAffinity": "string",
                                      "sessionAffinityConfig": [
                                        "object",
                                        {
                                          "clientIP": [
                                            "object",
                                            {
                                              "timeoutSeconds": "number"
                                            }
                                          ]
                                        }
                                      ]
                                    }
                                  ],
                                  "route": [
                                    "object",
                                    {
                                      "advertisedURL": [
                                        "object",
                                        {
                                          "enabled": "bool",
                                          "prefix": "string"
                                        }
                                      ],
                                      "annotations": [
                                        "map",
                                        "string"
                                      ],
                                      "domain": "string",
                                      "labels": [
                                        "map",
                                        "string"
                                      ],
                                      "prefix": "string",
                                      "wildcardPolicy": "string"
                                    }
                                  ],
                                  "type": "string"
                                }
                              ],
                              "image": "string",
                              "pvc": [
                                "object",
                                {
                                  "dataVolumeCapacity": "string",
                                  "storageClass": [
                                    "object",
                                    {
                                      "name": "string"
                                    }
                                  ]
                                }
                              ],
                              "tls": [
                                "object",
                                {
                                  "autoGeneratedCerts": "bool",
                                  "directoryPathInContainer": "string",
                                  "fips": [
                                    "object",
                                    {
                                      "enabled": "bool"
                                    }
                                  ],
                                  "ignoreTrustStoreConfig": "bool",
                                  "jksPassword": [
                                    "object",
                                    {
                                      "secretRef": "string"
                                    }
                                  ],
                                  "secretRef": "string"
                                }
                              ]
                            }
                          ]
                        }
                      ],
                      "storageClass": [
                        "object",
                        {
                          "name": "string"
                        }
                      ],
                      "telemetry": [
                        "object",
                        {
                          "global": "bool"
                        }
                      ],
                      "tls": [
                        "object",
                        {
                          "autoGeneratedCerts": "bool",
                          "directoryPathInContainer": "string",
                          "fips": [
                            "object",
                            {
                              "enabled": "bool"
                            }
                          ],
                          "ignoreTrustStoreConfig": "bool",
                          "jksPassword": [
                            "object",
                            {
                              "secretRef": "string"
                            }
                          ],
                          "secretRef": "string"
                        }
                      ]
                    }
                  ]
                }
              ]
            },
            "timeouts": [],
            "wait": [],
            "wait_for": null
          },
          "sensitive_attributes": [],
          "identity_schema_version": 0
        }
      ]
    },
    {
      "mode": "managed",
      "type": "kubernetes_manifest",
      "name": "kafka",
      "provider": "provider[\"registry.terraform.io/hashicorp/kubernetes\"]",
      "instances": [
        {
          "schema_version": 1,
          "attributes": {
            "computed_fields": null,
            "field_manager": [],
            "manifest": {
              "value": {
                "apiVersion": "platform.confluent.io/v1beta1",
                "kind": "Kafka",
                "metadata": {
                  "name": "kafka",
                  "namespace": "confluent"
                },
                "spec": {
                  "dataVolumeCapacity": "5Gi",
                  "dependencies": {
                    "zookeeper": {
                      "endpoint": "zookeeper.confluent.svc.cluster.local:2181"
                    }
                  },
                  "image": {
                    "application": "confluentinc/cp-server:7.5.0",
                    "init": "confluentinc/confluent-init-container:2.5.0"
                  },
                  "metricReporter": {
                    "enabled": false
                  },
                  "replicas": 1
                }
              },
              "type": [
                "object",
                {
                  "apiVersion": "string",
                  "kind": "string",
                  "metadata": [
                    "object",
                    {
                      "name": "string",
                      "namespace": "string"
                    }
                  ],
                  "spec": [
                    "object",
                    {
                      "dataVolumeCapacity": "string",
                      "dependencies": [
                        "object",
                        {
                          "zookeeper": [
                            "object",
                            {
                              "endpoint": "string"
                            }
                          ]
                        }
                      ],
                      "image": [
                        "object",
                        {
                          "application": "string",
                          "init": "string"
                        }
                      ],
                      "metricReporter": [
                        "object",
                        {
                          "enabled": "bool"
                        }
                      ],
                      "replicas": "number"
                    }
                  ]
                }
              ]
            },
            "object": {
              "value": {
                "apiVersion": "platform.confluent.io/v1beta1",
                "kind": "Kafka",
                "metadata": {
                  "annotations": {
                    "platform.confluent.io/config-revision-hash": "574c4dmbgk",
                    "platform.confluent.io/last-pod-template-hash": "954c49bf9"
                  },
                  "creationTimestamp": null,
                  "deletionGracePeriodSeconds": null,
                  "deletionTimestamp": null,
                  "finalizers": [
                    "kafka.finalizers.platform.confluent.io"
                  ],
                  "generateName": null,
                  "generation": null,
                  "labels": null,
                  "managedFields": null,
                  "name": "kafka",
                  "namespace": "confluent",
                  "ownerReferences": null,
                  "resourceVersion": null,
                  "selfLink": null,
                  "uid": null
                },
                "spec": {
                  "authorization": {
                    "superUsers": null,
                    "type": null
                  },
                  "configOverrides": {
                    "jvm": null,
                    "log4j": null,
                    "log4j2": null,
                    "server": null
                  },
                  "dataVolumeCapacity": "5Gi",
                  "dependencies": {
                    "kRaftController": {
                      "clusterRef": {
                        "name": null,
                        "namespace": null
                      },
                      "controllerListener": {
                        "authentication": {
                          "jaasConfig": {
                            "secretRef": null
                          },
                          "jaasConfigPassThrough": {
                            "directoryPathInContainer": null,
                            "secretRef": null
                          },
                          "mtls": {
                            "principalMappingRules": null,
                            "sslClientAuthentication": null
                          },
                          "oauthSettings": {
                            "audience": null,
                            "clientAssertion": {
                              "clientId": null,
                              "jwtTokenFile": {
                                "directoryPathInContainer": null,
                                "secretRef": null
                              },
                              "localClientAssertion": {
                                "audience": null,
                                "includeJtiClaim": null,
                                "includeNbfClaim": null,
                                "issuer": null,
                                "privateKeyFile": {
                                  "directoryPathInContainer": null,
                                  "encryptedPrivateKey": null,
                                  "includeAssertionTemplate": null,
                                  "secretRef": null
                                },
                                "subject": null,
                                "tokenLifetime": null
                              }
                            },
                            "expectedIssuer": null,
                            "groupsClaimName": null,
                            "jwksEndpointUri": null,
                            "loginConnectTimeoutMs": null,
                            "loginReadTimeoutMs": null,
                            "loginRetryBackoffMaxMs": null,
                            "loginRetryBackoffMs": null,
                            "scope": null,
                            "subClaimName": null,
                            "tokenEndpointUri": null
                          },
                          "principalMappingRules": null,
                          "type": null
                        },
                        "tls": {
                          "directoryPathInContainer": null,
                          "enabled": null,
                          "ignoreTrustStoreConfig": null,
                          "jksPassword": {
                            "secretRef": null
                          },
                          "secretRef": null
                        }
                      }
                    },
                    "kafkaRest": {
                      "authentication": {
                        "bearer": {
                          "directoryPathInContainer": null,
                          "secretRef": null
                        },
                        "jaasConfig": {
                          "secretRef": null
                        },
                        "jaasConfigPassThrough": {
                          "directoryPathInContainer": null,
                          "secretRef": null
                        },
                        "oauthSettings": {
                          "audience": null,
                          "clientAssertion": {
                            "clientId": null,
                            "jwtTokenFile": {
                              "directoryPathInContainer": null,
                              "secretRef": null
                            },
                            "localClientAssertion": {
                              "audience": null,
                              "includeJtiClaim": null,
                              "includeNbfClaim": null,
                              "issuer": null,
                              "privateKeyFile": {
                                "directoryPathInContainer": null,
                                "encryptedPrivateKey": null,
                                "includeAssertionTemplate": null,
                                "secretRef": null
                              },
                              "subject": null,
                              "tokenLifetime": null
                            }
                          },
                          "expectedIssuer": null,
                          "groupsClaimName": null,
                          "jwksEndpointUri": null,
                          "loginConnectTimeoutMs": null,
                          "loginReadTimeoutMs": null,
                          "loginRetryBackoffMaxMs": null,
                          "loginRetryBackoffMs": null,
                          "scope": null,
                          "subClaimName": null,
                          "tokenEndpointUri": null
                        },
                        "oauthbearer": {
                          "directoryPathInContainer": null,
                          "secretRef": null
                        },
                        "sslClientAuthentication": null,
                        "type": null
                      },
                      "bootstrapEndpoint": null,
                      "endpoint": null,
                      "tls": {
                        "directoryPathInContainer": null,
                        "enabled": null,
                        "ignoreTrustStoreConfig": null,
                        "jksPassword": {
                          "secretRef": null
                        },
                        "secretRef": null
                      }
                    },
                    "mds": {
                      "endpoint": null,
                      "kafka": {
                        "authentication": {
                          "jaasConfig": {
                            "secretRef": null
                          },
                          "jaasConfigPassThrough": {
                            "directoryPathInContainer": null,
                            "secretRef": null
                          },
                          "oauthSettings": {
                            "audience": null,
                            "clientAssertion": {
                              "clientId": null,
                              "jwtTokenFile": {
                                "directoryPathInContainer": null,
                                "secretRef": null
                              },
                              "localClientAssertion": {
                                "audience": null,
                                "includeJtiClaim": null,
                                "includeNbfClaim": null,
                                "issuer": null,
                                "privateKeyFile": {
                                  "directoryPathInContainer": null,
                                  "encryptedPrivateKey": null,
                                  "includeAssertionTemplate": null,
                                  "secretRef": null
                                },
                                "subject": null,
                                "tokenLifetime": null
                              }
                            },
                            "expectedIssuer": null,
                            "groupsClaimName": null,
                            "jwksEndpointUri": null,
                            "loginConnectTimeoutMs": null,
                            "loginReadTimeoutMs": null,
                            "loginRetryBackoffMaxMs": null,
                            "loginRetryBackoffMs": null,
                            "scope": null,
                            "subClaimName": null,
                            "tokenEndpointUri": null
                          },
                          "oauthbearer": {
                            "directoryPathInContainer": null,
                            "secretRef": null
                          },
                          "sslClientAuthentication": null,
                          "type": null
                        },
                        "bootstrapEndpoint": null,
                        "discovery": {
                          "name": null,
                          "namespace": null,
                          "secretRef": null
                        },
                        "tls": {
                          "directoryPathInContainer": null,
                          "enabled": null,
                          "ignoreTrustStoreConfig": null,
                          "jksPassword": {
                            "secretRef": null
                          },
                          "secretRef": null
                        }
                      },
                      "tls": {
                        "directoryPathInContainer": null,
                        "enabled": null,
                        "ignoreTrustStoreConfig": null,
                        "jksPassword": {
                          "secretRef": null
                        },
                        "secretRef": null
                      },
                      "tokenKeyPair": {
                        "directoryPathInContainer": null,
                        "encryptedTokenKey": null,
                        "secretRef": null
                      }
                    },
                    "metricsClient": {
                      "authentication": {
                        "basic": {
                          "debug": null,
                          "directoryPathInContainer": null,
                          "ignoreRoles": null,
                          "restrictedRoles": null,
                          "roles": null,
                          "secretRef": null
                        },
                        "type": null
                      },
                      "tls": {
                        "directoryPathInContainer": null,
                        "enabled": null,
                        "ignoreTrustStoreConfig": null,
                        "jksPassword": {
                          "secretRef": null
                        },
                        "secretRef": null
                      },
                      "url": null
                    },
                    "schemaRegistry": {
                      "authentication": {
                        "basic": {
                          "debug": null,
                          "directoryPathInContainer": null,
                          "ignoreRoles": null,
                          "restrictedRoles": null,
                          "roles": null,
                          "secretRef": null
                        },
                        "oauth": {
                          "configuration": {
                            "audience": null,
                            "clientAssertion": {
                              "clientId": null,
                              "jwtTokenFile": {
                                "directoryPathInContainer": null,
                                "secretRef": null
                              },
                              "localClientAssertion": {
                                "audience": null,
                                "includeJtiClaim": null,
                                "includeNbfClaim": null,
                                "issuer": null,
                                "privateKeyFile": {
                                  "directoryPathInContainer": null,
                                  "encryptedPrivateKey": null,
                                  "includeAssertionTemplate": null,
                                  "secretRef": null
                                },
                                "subject": null,
                                "tokenLifetime": null
                              }
                            },
                            "expectedIssuer": null,
                            "groupsClaimName": null,
                            "jwksEndpointUri": null,
                            "loginConnectTimeoutMs": null,
                            "loginReadTimeoutMs": null,
                            "loginRetryBackoffMaxMs": null,
                            "loginRetryBackoffMs": null,
                            "scope": null,
                            "subClaimName": null,
                            "tokenEndpointUri": null
                          },
                          "directoryPathInContainer": null,
                          "secretRef": null
                        },
                        "sslClientAuthentication": null,
                        "type": null
                      },
                      "tls": {
                        "directoryPathInContainer": null,
                        "enabled": null,
                        "ignoreTrustStoreConfig": null,
                        "jksPassword": {
                          "secretRef": null
                        },
                        "secretRef": null
                      },
                      "url": null
                    },
                    "zookeeper": {
                      "authentication": {
                        "jaasConfig": {
                          "secretRef": null
                        },
                        "jaasConfigPassThrough": {
                          "directoryPathInContainer": null,
                          "secretRef": null
                        },
                        "oauthSettings": {
                          "audience": null,
                          "clientAssertion": {
                            "clientId": null,
                            "jwtTokenFile": {
                              "directoryPathInContainer": null,
                              "secretRef": null
                            },
                            "localClientAssertion": {
                              "audience": null,
                              "includeJtiClaim": null,
                              "includeNbfClaim": null,
                              "issuer": null,
                              "privateKeyFile": {
                                "directoryPathInContainer": null,
                                "encryptedPrivateKey": null,
                                "includeAssertionTemplate": null,
                                "secretRef": null
                              },
                              "subject": null,
                              "tokenLifetime": null
                            }
                          },
                          "expectedIssuer": null,
                          "groupsClaimName": null,
                          "jwksEndpointUri": null,
                          "loginConnectTimeoutMs": null,
                          "loginReadTimeoutMs": null,
                          "loginRetryBackoffMaxMs": null,
                          "loginRetryBackoffMs": null,
                          "scope": null,
                          "subClaimName": null,
                          "tokenEndpointUri": null
                        },
                        "oauthbearer": {
                          "directoryPathInContainer": null,
                          "secretRef": null
                        },
                        "sslClientAuthentication": null,
                        "type": null
                      },
                      "discovery": {
                        "name": null,
                        "namespace": null,
                        "secretRef": null
                      },
                      "endpoint": "zookeeper.confluent.svc.cluster.local:2181",
                      "tls": {
                        "directoryPathInContainer": null,
                        "enabled": null,
                        "ignoreTrustStoreConfig": null,
                        "jksPassword": {
                          "secretRef": null
                        },
                        "secretRef": null
                      }
                    }
                  },
                  "fips": {
                    "enabled": null
                  },
                  "headlessService": {
                    "annotations": null,
                    "labels": null,
                    "publishNotReadyAddresses": null
                  },
                  "identityProvider": {
                    "file": {
                      "secretRef": null
                    },
                    "ldap": {
                      "address": null,
                      "authentication": {
                        "simple": {
                          "directoryPathInContainer": null,
                          "secretRef": null
                        },
                        "type": null
                      },
                      "configurations": {
                        "groupMemberAttribute": null,
                        "groupMemberAttributePattern": null,
                        "groupNameAttribute": null,
                        "groupObjectClass": null,
                        "groupSearchBase": null,
                        "groupSearchFilter": null,
                        "groupSearchScope": null,
                        "userMemberOfAttributePattern": null,
                        "userNameAttribute": null,
                        "userObjectClass": null,
                        "userSearchBase": null,
                        "userSearchFilter": null,
                        "userSearchScope": null
                      },
                      "tls": {
                        "directoryPathInContainer": null,
                        "enabled": null,
                        "ignoreTrustStoreConfig": null,
                        "jksPassword": {
                          "secretRef": null
                        },
                        "secretRef": null
                      }
                    },
                    "mtls": {
                      "principalMappingRules": null,
                      "sslClientAuthentication": null
                    },
                    "oauth": {
                      "configurations": {
                        "audience": null,
                        "clientAssertion": {
                          "clientId": null,
                          "jwtTokenFile": {
                            "directoryPathInContainer": null,
                            "secretRef": null
                          },
                          "localClientAssertion": {
                            "audience": null,
                            "includeJtiClaim": null,
                            "includeNbfClaim": null,
                            "issuer": null,
                            "privateKeyFile": {
                              "directoryPathInContainer": null,
                              "encryptedPrivateKey": null,
                              "includeAssertionTemplate": null,
                              "secretRef": null
                            },
                            "subject": null,
                            "tokenLifetime": null
                          }
                        },
                        "expectedIssuer": null,
                        "groupsClaimName": null,
                        "jwksEndpointUri": null,
                        "loginConnectTimeoutMs": null,
                        "loginReadTimeoutMs": null,
                        "loginRetryBackoffMaxMs": null,
                        "loginRetryBackoffMs": null,
                        "scope": null,
                        "subClaimName": null,
                        "tokenEndpointUri": null
                      },
                      "tls": {
                        "directoryPathInContainer": null,
                        "enabled": null,
                        "ignoreTrustStoreConfig": null,
                        "jksPassword": {
                          "secretRef": null
                        },
                        "secretRef": null
                      }
                    },
                    "oidc": {
                      "clientCredentials": {
                        "directoryPathInContainer": null,
                        "secretRef": null
                      },
                      "configurations": {
                        "audience": null,
                        "authorizeBaseEndpointUri": null,
                        "groupsClaimName": null,
                        "groupsClaimScope": null,
                        "issuer": null,
                        "jwksEndpointUri": null,
                        "refreshToken": null,
                        "sessionMaxTimeout": null,
                        "sessionTokenExpiry": null,
                        "subClaimName": null,
                        "tokenBaseEndpointUri": null
                      },
                      "enabled": null
                    },
                    "sso": {
                      "clientCredentials": {
                        "directoryPathInContainer": null,
                        "secretRef": null
                      },
                      "configurations": {
                        "audience": null,
                        "authorizeBaseEndpointUri": null,
                        "groupsClaimName": null,
                        "groupsClaimScope": null,
                        "issuer": null,
                        "jwksEndpointUri": null,
                        "refreshToken": null,
                        "sessionMaxTimeout": null,
                        "sessionTokenExpiry": null,
                        "subClaimName": null,
                        "tokenBaseEndpointUri": null
                      },
                      "enabled": null
                    },
                    "type": null
                  },
                  "image": {
                    "application": "confluentinc/cp-server:7.5.0",
                    "init": "confluentinc/confluent-init-container:2.5.0",
                    "pullPolicy": null,
                    "pullSecretRef": null
                  },
                  "injectAnnotations": null,
                  "injectLabels": null,
                  "k8sClusterDomain": null,
                  "license": {
                    "directoryPathInContainer": null,
                    "globalLicense": null,
                    "secretRef": null
                  },
                  "listeners": {
                    "custom": null,
                    "external": {
                      "authentication": {
                        "jaasConfig": {
                          "secretRef": null
                        },
                        "jaasConfigPassThrough": {
                          "directoryPathInContainer": null,
                          "secretRef": null
                        },
                        "mtls": {
                          "principalMappingRules": null,
                          "sslClientAuthentication": null
                        },
                        "oauthSettings": {
                          "audience": null,
                          "clientAssertion": {
                            "clientId": null,
                            "jwtTokenFile": {
                              "directoryPathInContainer": null,
                              "secretRef": null
                            },
                            "localClientAssertion": {
                              "audience": null,
                              "includeJtiClaim": null,
                              "includeNbfClaim": null,
                              "issuer": null,
                              "privateKeyFile": {
                                "directoryPathInContainer": null,
                                "encryptedPrivateKey": null,
                                "includeAssertionTemplate": null,
                                "secretRef": null
                              },
                              "subject": null,
                              "tokenLifetime": null
                            }
                          },
                          "expectedIssuer": null,
                          "groupsClaimName": null,
                          "jwksEndpointUri": null,
                          "loginConnectTimeoutMs": null,
                          "loginReadTimeoutMs": null,
                          "loginRetryBackoffMaxMs": null,
                          "loginRetryBackoffMs": null,
                          "scope": null,
                          "subClaimName": null,
                          "tokenEndpointUri": null
                        },
                        "principalMappingRules": null,
                        "type": null
                      },
                      "externalAccess": {
                        "loadBalancer": {
                          "advertisedPort": null,
                          "annotations": null,
                          "bootstrapPrefix": null,
                          "brokerPrefix": null,
                          "domain": null,
                          "externalTrafficPolicy": null,
                          "labels": null,
                          "loadBalancerSourceRanges": null,
                          "servicePorts": null,
                          "sessionAffinity": null,
                          "sessionAffinityConfig": {
                            "clientIP": {
                              "timeoutSeconds": null
                            }
                          }
                        },
                        "nodePort": {
                          "advertisedURL": {
                            "enabled": null,
                            "prefix": null
                          },
                          "annotations": null,
                          "externalTrafficPolicy": null,
                          "host": null,
                          "labels": null,
                          "nodePortOffset": null,
                          "servicePorts": null,
                          "sessionAffinity": null,
                          "sessionAffinityConfig": {
                            "clientIP": {
                              "timeoutSeconds": null
                            }
                          }
                        },
                        "route": {
                          "annotations": null,
                          "bootstrapPrefix": null,
                          "brokerPrefix": null,
                          "domain": null,
                          "labels": null,
                          "wildcardPolicy": null
                        },
                        "staticForHostBasedRouting": {
                          "brokerPrefix": null,
                          "domain": null,
                          "port": null
                        },
                        "staticForPortBasedRouting": {
                          "host": null,
                          "portOffset": null
                        },
                        "type": null
                      },
                      "tls": {
                        "directoryPathInContainer": null,
                        "enabled": null,
                        "ignoreTrustStoreConfig": null,
                        "jksPassword": {
                          "secretRef": null
                        },
                        "secretRef": null
                      }
                    },
                    "internal": {
                      "authentication": {
                        "jaasConfig": {
                          "secretRef": null
                        },
                        "jaasConfigPassThrough": {
                          "directoryPathInContainer": null,
                          "secretRef": null
                        },
                        "mtls": {
                          "principalMappingRules": null,
                          "sslClientAuthentication": null
                        },
                        "oauthSettings": {
                          "audience": null,
                          "clientAssertion": {
                            "clientId": null,
                            "jwtTokenFile": {
                              "directoryPathInContainer": null,
                              "secretRef": null
                            },
                            "localClientAssertion": {
                              "audience": null,
                              "includeJtiClaim": null,
                              "includeNbfClaim": null,
                              "issuer": null,
                              "privateKeyFile": {
                                "directoryPathInContainer": null,
                                "encryptedPrivateKey": null,
                                "includeAssertionTemplate": null,
                                "secretRef": null
                              },
                              "subject": null,
                              "tokenLifetime": null
                            }
                          },
                          "expectedIssuer": null,
                          "groupsClaimName": null,
                          "jwksEndpointUri": null,
                          "loginConnectTimeoutMs": null,
                          "loginReadTimeoutMs": null,
                          "loginRetryBackoffMaxMs": null,
                          "loginRetryBackoffMs": null,
                          "scope": null,
                          "subClaimName": null,
                          "tokenEndpointUri": null
                        },
                        "principalMappingRules": null,
                        "type": null
                      },
                      "tls": {
                        "directoryPathInContainer": null,
                        "enabled": null,
                        "ignoreTrustStoreConfig": null,
                        "jksPassword": {
                          "secretRef": null
                        },
                        "secretRef": null
                      }
                    },
                    "replication": {
                      "authentication": {
                        "jaasConfig": {
                          "secretRef": null
                        },
                        "jaasConfigPassThrough": {
                          "directoryPathInContainer": null,
                          "secretRef": null
                        },
                        "mtls": {
                          "principalMappingRules": null,
                          "sslClientAuthentication": null
                        },
                        "oauthSettings": {
                          "audience": null,
                          "clientAssertion": {
                            "clientId": null,
                            "jwtTokenFile": {
                              "directoryPathInContainer": null,
                              "secretRef": null
                            },
                            "localClientAssertion": {
                              "audience": null,
                              "includeJtiClaim": null,
                              "includeNbfClaim": null,
                              "issuer": null,
                              "privateKeyFile": {
                                "directoryPathInContainer": null,
                                "encryptedPrivateKey": null,
                                "includeAssertionTemplate": null,
                                "secretRef": null
                              },
                              "subject": null,
                              "tokenLifetime": null
                            }
                          },
                          "expectedIssuer": null,
                          "groupsClaimName": null,
                          "jwksEndpointUri": null,
                          "loginConnectTimeoutMs": null,
                          "loginReadTimeoutMs": null,
                          "loginRetryBackoffMaxMs": null,
                          "loginRetryBackoffMs": null,
                          "scope": null,
                          "subClaimName": null,
                          "tokenEndpointUri": null
                        },
                        "principalMappingRules": null,
                        "type": null
                      },
                      "externalAccess": {
                        "loadBalancer": {
                          "advertisedPort": null,
                          "annotations": null,
                          "bootstrapPrefix": null,
                          "brokerPrefix": null,
                          "domain": null,
                          "externalTrafficPolicy": null,
                          "labels": null,
                          "loadBalancerSourceRanges": null,
                          "servicePorts": null,
                          "sessionAffinity": null,
                          "sessionAffinityConfig": {
                            "clientIP": {
                              "timeoutSeconds": null
                            }
                          }
                        },
                        "nodePort": {
                          "advertisedURL": {
                            "enabled": null,
                            "prefix": null
                          },
                          "annotations": null,
                          "externalTrafficPolicy": null,
                          "host": null,
                          "labels": null,
                          "nodePortOffset": null,
                          "servicePorts": null,
                          "sessionAffinity": null,
                          "sessionAffinityConfig": {
                            "clientIP": {
                              "timeoutSeconds": null
                            }
                          }
                        },
                        "route": {
                          "annotations": null,
                          "bootstrapPrefix": null,
                          "brokerPrefix": null,
                          "domain": null,
                          "labels": null,
                          "wildcardPolicy": null
                        },
                        "staticForHostBasedRouting": {
                          "brokerPrefix": null,
                          "domain": null,
                          "port": null
                        },
                        "staticForPortBasedRouting": {
                          "host": null,
                          "portOffset": null
                        },
                        "type": null
                      },
                      "tls": {
                        "directoryPathInContainer": null,
                        "enabled": null,
                        "ignoreTrustStoreConfig": null,
                        "jksPassword": {
                          "secretRef": null
                        },
                        "secretRef": null
                      }
                    }
                  },
                  "metricReporter": {
                    "authentication": {
                      "jaasConfig": {
                        "secretRef": null
                      },
                      "jaasConfigPassThrough": {
                        "directoryPathInContainer": null,
                        "secretRef": null
                      },
                      "oauthSettings": {
                        "audience": null,
                        "clientAssertion": {
                          "clientId": null,
                          "jwtTokenFile": {
                            "directoryPathInContainer": null,
                            "secretRef": null
                          },
                          "localClientAssertion": {
                            "audience": null,
                            "includeJtiClaim": null,
                            "includeNbfClaim": null,
                            "issuer": null,
                            "privateKeyFile": {
                              "directoryPathInContainer": null,
                              "encryptedPrivateKey": null,
                              "includeAssertionTemplate": null,
                              "secretRef": null
                            },
                            "subject": null,
                            "tokenLifetime": null
                          }
                        },
                        "expectedIssuer": null,
                        "groupsClaimName": null,
                        "jwksEndpointUri": null,
                        "loginConnectTimeoutMs": null,
                        "loginReadTimeoutMs": null,
                        "loginRetryBackoffMaxMs": null,
                        "loginRetryBackoffMs": null,
                        "scope": null,
                        "subClaimName": null,
                        "tokenEndpointUri": null
                      },
                      "oauthbearer": {
                        "directoryPathInContainer": null,
                        "secretRef": null
                      },
                      "sslClientAuthentication": null,
                      "type": null
                    },
                    "bootstrapEndpoint": null,
                    "enabled": false,
                    "replicationFactor": null,
                    "tls": {
                      "directoryPathInContainer": null,
                      "enabled": null,
                      "ignoreTrustStoreConfig": null,
                      "jksPassword": {
                        "secretRef": null
                      },
                      "secretRef": null
                    }
                  },
                  "metrics": {
                    "authentication": {
                      "type": null
                    },
                    "prometheus": {
                      "blacklist": null,
                      "rules": null,
                      "whitelist": null
                    },
                    "tls": {
                      "directoryPathInContainer": null,
                      "enabled": null,
                      "ignoreTrustStoreConfig": null,
                      "jksPassword": {
                        "secretRef": null
                      },
                      "secretRef": null
                    }
                  },
                  "mountedSecrets": null,
                  "mountedVolumes": {
                    "volumeMounts": null,
                    "volumes": null
                  },
                  "oneReplicaPerNode": null,
                  "passwordEncoder": {
                    "directoryPathInContainer": null,
                    "secretRef": null
                  },
                  "pdb": {
                    "enabled": null,
                    "maxUnavailable": null
                  },
                  "podTemplate": {
                    "affinity": {
                      "nodeAffinity": {
                        "preferredDuringSchedulingIgnoredDuringExecution": null,
                        "requiredDuringSchedulingIgnoredDuringExecution": {
                          "nodeSelectorTerms": null
                        }
                      },
                      "podAffinity": {
                        "preferredDuringSchedulingIgnoredDuringExecution": null,
                        "requiredDuringSchedulingIgnoredDuringExecution": null
                      },
                      "podAntiAffinity": {
                        "preferredDuringSchedulingIgnoredDuringExecution": null,
                        "requiredDuringSchedulingIgnoredDuringExecution": null
                      }
                    },
                    "annotations": null,
                    "envVars": null,
                    "labels": null,
                    "podSecurityContext": {
                      "appArmorProfile": {
                        "localhostProfile": null,
                        "type": null
                      },
                      "fsGroup": null,
                      "fsGroupChangePolicy": null,
                      "runAsGroup": null,
                      "runAsNonRoot": null,
                      "runAsUser": null,
                      "seLinuxOptions": {
                        "level": null,
                        "role": null,
                        "type": null,
                        "user": null
                      },
                      "seccompProfile": {
                        "localhostProfile": null,
                        "type": null
                      },
                      "supplementalGroups": null,
                      "supplementalGroupsPolicy": null,
                      "sysctls": null,
                      "windowsOptions": {
                        "gmsaCredentialSpec": null,
                        "gmsaCredentialSpecName": null,
                        "hostProcess": null,
                        "runAsUserName": null
                      }
                    },
                    "priorityClassName": null,
                    "probe": {
                      "liveness": {
                        "failureThreshold": null,
                        "initialDelaySeconds": null,
                        "path": null,
                        "periodSeconds": null,
                        "port": null,
                        "successThreshold": null,
                        "timeoutSeconds": null
                      },
                      "readiness": {
                        "failureThreshold": null,
                        "initialDelaySeconds": null,
                        "path": null,
                        "periodSeconds": null,
                        "port": null,
                        "successThreshold": null,
                        "timeoutSeconds": null
                      }
                    },
                    "resources": {
                      "claims": null,
                      "limits": null,
                      "requests": null
                    },
                    "securityContext": {
                      "allowPrivilegeEscalation": null,
                      "appArmorProfile": {
                        "localhostProfile": null,
                        "type": null
                      },
                      "capabilities": {
                        "add": null,
                        "drop": null
                      },
                      "privileged": null,
                      "procMount": null,
                      "readOnlyRootFilesystem": null,
                      "runAsGroup": null,
                      "runAsNonRoot": null,
                      "runAsUser": null,
                      "seLinuxOptions": {
                        "level": null,
                        "role": null,
                        "type": null,
                        "user": null
                      },
                      "seccompProfile": {
                        "localhostProfile": null,
                        "type": null
                      },
                      "windowsOptions": {
                        "gmsaCredentialSpec": null,
                        "gmsaCredentialSpecName": null,
                        "hostProcess": null,
                        "runAsUserName": null
                      }
                    },
                    "serviceAccountName": null,
                    "terminationGracePeriodSeconds": null,
                    "tolerations": null,
                    "topologySpreadConstraints": null
                  },
                  "rackAssignment": {
                    "availabilityZoneCount": null,
                    "nodeLabels": null
                  },
                  "replicas": 1,
                  "services": {
                    "kafkaRest": {
                      "authentication": {
                        "basic": {
                          "debug": null,
                          "directoryPathInContainer": null,
                          "ignoreRoles": null,
                          "restrictedRoles": null,
                          "roles": null,
                          "secretRef": null
                        },
                        "mtls": {
                          "principalMappingRules": null,
                          "sslClientAuthentication": null
                        },
                        "oauth": {
                          "configuration": {
                            "audience": null,
                            "clientAssertion": {
                              "clientId": null,
                              "jwtTokenFile": {
                                "directoryPathInContainer": null,
                                "secretRef": null
                              },
                              "localClientAssertion": {
                                "audience": null,
                                "includeJtiClaim": null,
                                "includeNbfClaim": null,
                                "issuer": null,
                                "privateKeyFile": {
                                  "directoryPathInContainer": null,
                                  "encryptedPrivateKey": null,
                                  "includeAssertionTemplate": null,
                                  "secretRef": null
                                },
                                "subject": null,
                                "tokenLifetime": null
                              }
                            },
                            "expectedIssuer": null,
                            "groupsClaimName": null,
                            "jwksEndpointUri": null,
                            "loginConnectTimeoutMs": null,
                            "loginReadTimeoutMs": null,
                            "loginRetryBackoffMaxMs": null,
                            "loginRetryBackoffMs": null,
                            "scope": null,
                            "subClaimName": null,
                            "tokenEndpointUri": null
                          },
                          "directoryPathInContainer": null,
                          "secretRef": null
                        },
                        "type": null
                      },
                      "externalAccess": {
                        "loadBalancer": {
                          "advertisedURL": {
                            "enabled": null,
                            "prefix": null
                          },
                          "annotations": null,
                          "domain": null,
                          "externalTrafficPolicy": null,
                          "labels": null,
                          "loadBalancerSourceRanges": null,
                          "port": null,
                          "prefix": null,
                          "servicePorts": null,
                          "sessionAffinity": null,
                          "sessionAffinityConfig": {
                            "clientIP": {
                              "timeoutSeconds": null
                            }
                          }
                        },
                        "nodePort": {
                          "advertisedURL": {
                            "enabled": null,
                            "prefix": null
                          },
                          "annotations": null,
                          "externalTrafficPolicy": null,
                          "host": null,
                          "labels": null,
                          "nodePortOffset": null,
                          "servicePorts": null,
                          "sessionAffinity": null,
                          "sessionAffinityConfig": {
                            "clientIP": {
                              "timeoutSeconds": null
                            }
                          }
                        },
                        "route": {
                          "advertisedURL": {
                            "enabled": null,
                            "prefix": null
                          },
                          "annotations": null,
                          "domain": null,
                          "labels": null,
                          "prefix": null,
                          "wildcardPolicy": null
                        },
                        "type": null
                      },
                      "listeners": {
                        "external": {
                          "externalAccess": {
                            "loadBalancer": {
                              "advertisedURL": {
                                "enabled": null,
                                "prefix": null
                              },
                              "annotations": null,
                              "domain": null,
                              "externalTrafficPolicy": null,
                              "labels": null,
                              "loadBalancerSourceRanges": null,
                              "port": null,
                              "prefix": null,
                              "servicePorts": null,
                              "sessionAffinity": null,
                              "sessionAffinityConfig": {
                                "clientIP": {
                                  "timeoutSeconds": null
                                }
                              }
                            },
                            "nodePort": {
                              "advertisedURL": {
                                "enabled": null,
                                "prefix": null
                              },
                              "annotations": null,
                              "externalTrafficPolicy": null,
                              "host": null,
                              "labels": null,
                              "nodePortOffset": null,
                              "servicePorts": null,
                              "sessionAffinity": null,
                              "sessionAffinityConfig": {
                                "clientIP": {
                                  "timeoutSeconds": null
                                }
                              }
                            },
                            "route": {
                              "advertisedURL": {
                                "enabled": null,
                                "prefix": null
                              },
                              "annotations": null,
                              "domain": null,
                              "labels": null,
                              "prefix": null,
                              "wildcardPolicy": null
                            },
                            "type": null
                          },
                          "tls": {
                            "directoryPathInContainer": null,
                            "enabled": null,
                            "ignoreTrustStoreConfig": null,
                            "jksPassword": {
                              "secretRef": null
                            },
                            "secretRef": null
                          }
                        },
                        "internal": {
                          "port": null,
                          "tls": {
                            "directoryPathInContainer": null,
                            "enabled": null,
                            "ignoreTrustStoreConfig": null,
                            "jksPassword": {
                              "secretRef": null
                            },
                            "secretRef": null
                          }
                        }
                      },
                      "tls": {
                        "directoryPathInContainer": null,
                        "enabled": null,
                        "ignoreTrustStoreConfig": null,
                        "jksPassword": {
                          "secretRef": null
                        },
                        "secretRef": null
                      }
                    },
                    "mds": {
                      "authentication": {
                        "type": null
                      },
                      "externalAccess": {
                        "loadBalancer": {
                          "advertisedURL": {
                            "enabled": null,
                            "prefix": null
                          },
                          "annotations": null,
                          "domain": null,
                          "externalTrafficPolicy": null,
                          "labels": null,
                          "loadBalancerSourceRanges": null,
                          "port": null,
                          "prefix": null,
                          "servicePorts": null,
                          "sessionAffinity": null,
                          "sessionAffinityConfig": {
                            "clientIP": {
                              "timeoutSeconds": null
                            }
                          }
                        },
                        "nodePort": {
                          "advertisedURL": {
                            "enabled": null,
                            "prefix": null
                          },
                          "annotations": null,
                          "externalTrafficPolicy": null,
                          "host": null,
                          "labels": null,
                          "nodePortOffset": null,
                          "servicePorts": null,
                          "sessionAffinity": null,
                          "sessionAffinityConfig": {
                            "clientIP": {
                              "timeoutSeconds": null
                            }
                          }
                        },
                        "route": {
                          "advertisedURL": {
                            "enabled": null,
                            "prefix": null
                          },
                          "annotations": null,
                          "domain": null,
                          "labels": null,
                          "prefix": null,
                          "wildcardPolicy": null
                        },
                        "type": null
                      },
                      "impersonation": {
                        "admins": null,
                        "protectedUsers": null
                      },
                      "listeners": {
                        "external": {
                          "externalAccess": {
                            "loadBalancer": {
                              "advertisedURL": {
                                "enabled": null,
                                "prefix": null
                              },
                              "annotations": null,
                              "domain": null,
                              "externalTrafficPolicy": null,
                              "labels": null,
                              "loadBalancerSourceRanges": null,
                              "port": null,
                              "prefix": null,
                              "servicePorts": null,
                              "sessionAffinity": null,
                              "sessionAffinityConfig": {
                                "clientIP": {
                                  "timeoutSeconds": null
                                }
                              }
                            },
                            "nodePort": {
                              "advertisedURL": {
                                "enabled": null,
                                "prefix": null
                              },
                              "annotations": null,
                              "externalTrafficPolicy": null,
                              "host": null,
                              "labels": null,
                              "nodePortOffset": null,
                              "servicePorts": null,
                              "sessionAffinity": null,
                              "sessionAffinityConfig": {
                                "clientIP": {
                                  "timeoutSeconds": null
                                }
                              }
                            },
                            "route": {
                              "advertisedURL": {
                                "enabled": null,
                                "prefix": null
                              },
                              "annotations": null,
                              "domain": null,
                              "labels": null,
                              "prefix": null,
                              "wildcardPolicy": null
                            },
                            "type": null
                          },
                          "tls": {
                            "directoryPathInContainer": null,
                            "enabled": null,
                            "ignoreTrustStoreConfig": null,
                            "jksPassword": {
                              "secretRef": null
                            },
                            "secretRef": null
                          }
                        },
                        "internal": {
                          "port": null,
                          "tls": {
                            "directoryPathInContainer": null,
                            "enabled": null,
                            "ignoreTrustStoreConfig": null,
                            "jksPassword": {
                              "secretRef": null
                            },
                            "secretRef": null
                          }
                        }
                      },
                      "provider": {
                        "file": {
                          "secretRef": null
                        },
                        "ldap": {
                          "address": null,
                          "authentication": {
                            "simple": {
                              "directoryPathInContainer": null,
                              "secretRef": null
                            },
                            "type": null
                          },
                          "configurations": {
                            "groupMemberAttribute": null,
                            "groupMemberAttributePattern": null,
                            "groupNameAttribute": null,
                            "groupObjectClass": null,
                            "groupSearchBase": null,
                            "groupSearchFilter": null,
                            "groupSearchScope": null,
                            "userMemberOfAttributePattern": null,
                            "userNameAttribute": null,
                            "userObjectClass": null,
                            "userSearchBase": null,
                            "userSearchFilter": null,
                            "userSearchScope": null
                          },
                          "tls": {
                            "directoryPathInContainer": null,
                            "enabled": null,
                            "ignoreTrustStoreConfig": null,
                            "jksPassword": {
                              "secretRef": null
                            },
                            "secretRef": null
                          }
                        },
                        "mtls": {
                          "principalMappingRules": null,
                          "sslClientAuthentication": null
                        },
                        "oauth": {
                          "configurations": {
                            "audience": null,
                            "clientAssertion": {
                              "clientId": null,
                              "jwtTokenFile": {
                                "directoryPathInContainer": null,
                                "secretRef": null
                              },
                              "localClientAssertion": {
                                "audience": null,
                                "includeJtiClaim": null,
                                "includeNbfClaim": null,
                                "issuer": null,
                                "privateKeyFile": {
                                  "directoryPathInContainer": null,
                                  "encryptedPrivateKey": null,
                                  "includeAssertionTemplate": null,
                                  "secretRef": null
                                },
                                "subject": null,
                                "tokenLifetime": null
                              }
                            },
                            "expectedIssuer": null,
                            "groupsClaimName": null,
                            "jwksEndpointUri": null,
                            "loginConnectTimeoutMs": null,
                            "loginReadTimeoutMs": null,
                            "loginRetryBackoffMaxMs": null,
                            "loginRetryBackoffMs": null,
                            "scope": null,
                            "subClaimName": null,
                            "tokenEndpointUri": null
                          },
                          "tls": {
                            "directoryPathInContainer": null,
                            "enabled": null,
                            "ignoreTrustStoreConfig": null,
                            "jksPassword": {
                              "secretRef": null
                            },
                            "secretRef": null
                          }
                        },
                        "oidc": {
                          "clientCredentials": {
                            "directoryPathInContainer": null,
                            "secretRef": null
                          },
                          "configurations": {
                            "audience": null,
                            "authorizeBaseEndpointUri": null,
                            "groupsClaimName": null,
                            "groupsClaimScope": null,
                            "issuer": null,
                            "jwksEndpointUri": null,
                            "refreshToken": null,
                            "sessionMaxTimeout": null,
                            "sessionTokenExpiry": null,
                            "subClaimName": null,
                            "tokenBaseEndpointUri": null
                          },
                          "enabled": null
                        },
                        "sso": {
                          "clientCredentials": {
                            "directoryPathInContainer": null,
                            "secretRef": null
                          },
                          "configurations": {
                            "audience": null,
                            "authorizeBaseEndpointUri": null,
                            "groupsClaimName": null,
                            "groupsClaimScope": null,
                            "issuer": null,
                            "jwksEndpointUri": null,
                            "refreshToken": null,
                            "sessionMaxTimeout": null,
                            "sessionTokenExpiry": null,
                            "subClaimName": null,
                            "tokenBaseEndpointUri": null
                          },
                          "enabled": null
                        },
                        "type": null
                      },
                      "tls": {
                        "directoryPathInContainer": null,
                        "enabled": null,
                        "ignoreTrustStoreConfig": null,
                        "jksPassword": {
                          "secretRef": null
                        },
                        "secretRef": null
                      },
                      "tokenKeyPair": {
                        "directoryPathInContainer": null,
                        "encryptedTokenKey": null,
                        "secretRef": null
                      }
                    }
                  },
                  "storageClass": {
                    "name": null
                  },
                  "telemetry": {
                    "global": null
                  },
                  "tls": {
                    "autoGeneratedCerts": null,
                    "directoryPathInContainer": null,
                    "fips": {
                      "enabled": null
                    },
                    "ignoreTrustStoreConfig": null,
                    "jksPassword": {
                      "secretRef": null
                    },
                    "secretRef": null
                  }
                }
              },
              "type": [
                "object",
                {
                  "apiVersion": "string",
                  "kind": "string",
                  "metadata": [
                    "object",
                    {
                      "annotations": [
                        "map",
                        "string"
                      ],
                      "creationTimestamp": "string",
                      "deletionGracePeriodSeconds": "number",
                      "deletionTimestamp": "string",
                      "finalizers": [
                        "list",
                        "string"
                      ],
                      "generateName": "string",
                      "generation": "number",
                      "labels": [
                        "map",
                        "string"
                      ],
                      "managedFields": [
                        "tuple",
                        [
                          [
                            "object",
                            {
                              "apiVersion": "string",
                              "fieldsType": "string",
                              "fieldsV1": "dynamic",
                              "manager": "string",
                              "operation": "string",
                              "subresource": "string",
                              "time": "string"
                            }
                          ]
                        ]
                      ],
                      "name": "string",
                      "namespace": "string",
                      "ownerReferences": [
                        "list",
                        [
                          "object",
                          {
                            "apiVersion": "string",
                            "blockOwnerDeletion": "bool",
                            "controller": "bool",
                            "kind": "string",
                            "name": "string",
                            "uid": "string"
                          }
                        ]
                      ],
                      "resourceVersion": "string",
                      "selfLink": "string",
                      "uid": "string"
                    }
                  ],
                  "spec": [
                    "object",
                    {
                      "authorization": [
                        "object",
                        {
                          "superUsers": [
                            "list",
                            "string"
                          ],
                          "type": "string"
                        }
                      ],
                      "configOverrides": [
                        "object",
                        {
                          "jvm": [
                            "list",
                            "string"
                          ],
                          "log4j": [
                            "list",
                            "string"
                          ],
                          "log4j2": "dynamic",
                          "server": [
                            "list",
                            "string"
                          ]
                        }
                      ],
                      "dataVolumeCapacity": "string",
                      "dependencies": [
                        "object",
                        {
                          "kRaftController": [
                            "object",
                            {
                              "clusterRef": [
                                "object",
                                {
                                  "name": "string",
                                  "namespace": "string"
                                }
                              ],
                              "controllerListener": [
                                "object",
                                {
                                  "authentication": [
                                    "object",
                                    {
                                      "jaasConfig": [
                                        "object",
                                        {
                                          "secretRef": "string"
                                        }
                                      ],
                                      "jaasConfigPassThrough": [
                                        "object",
                                        {
                                          "directoryPathInContainer": "string",
                                          "secretRef": "string"
                                        }
                                      ],
                                      "mtls": [
                                        "object",
                                        {
                                          "principalMappingRules": [
                                            "list",
                                            "string"
                                          ],
                                          "sslClientAuthentication": "string"
                                        }
                                      ],
                                      "oauthSettings": [
                                        "object",
                                        {
                                          "audience": "string",
                                          "clientAssertion": [
                                            "object",
                                            {
                                              "clientId": "string",
                                              "jwtTokenFile": [
                                                "object",
                                                {
                                                  "directoryPathInContainer": "string",
                                                  "secretRef": "string"
                                                }
                                              ],
                                              "localClientAssertion": [
                                                "object",
                                                {
                                                  "audience": "string",
                                                  "includeJtiClaim": "bool",
                                                  "includeNbfClaim": "bool",
                                                  "issuer": "string",
                                                  "privateKeyFile": [
                                                    "object",
                                                    {
                                                      "directoryPathInContainer": "string",
                                                      "encryptedPrivateKey": "bool",
                                                      "includeAssertionTemplate": "bool",
                                                      "secretRef": "string"
                                                    }
                                                  ],
                                                  "subject": "string",
                                                  "tokenLifetime": "number"
                                                }
                                              ]
                                            }
                                          ],
                                          "expectedIssuer": "string",
                                          "groupsClaimName": "string",
                                          "jwksEndpointUri": "string",
                                          "loginConnectTimeoutMs": "number",
                                          "loginReadTimeoutMs": "number",
                                          "loginRetryBackoffMaxMs": "number",
                                          "loginRetryBackoffMs": "number",
                                          "scope": "string",
                                          "subClaimName": "string",
                                          "tokenEndpointUri": "string"
                                        }
                                      ],
                                      "principalMappingRules": [
                                        "list",
                                        "string"
                                      ],
                                      "type": "string"
                                    }
                                  ],
                                  "tls": [
                                    "object",
                                    {
                                      "directoryPathInContainer": "string",
                                      "enabled": "bool",
                                      "ignoreTrustStoreConfig": "bool",
                                      "jksPassword": [
                                        "object",
                                        {
                                          "secretRef": "string"
                                        }
                                      ],
                                      "secretRef": "string"
                                    }
                                  ]
                                }
                              ]
                            }
                          ],
                          "kafkaRest": [
                            "object",
                            {
                              "authentication": [
                                "object",
                                {
                                  "bearer": [
                                    "object",
                                    {
                                      "directoryPathInContainer": "string",
                                      "secretRef": "string"
                                    }
                                  ],
                                  "jaasConfig": [
                                    "object",
                                    {
                                      "secretRef": "string"
                                    }
                                  ],
                                  "jaasConfigPassThrough": [
                                    "object",
                                    {
                                      "directoryPathInContainer": "string",
                                      "secretRef": "string"
                                    }
                                  ],
                                  "oauthSettings": [
                                    "object",
                                    {
                                      "audience": "string",
                                      "clientAssertion": [
                                        "object",
                                        {
                                          "clientId": "string",
                                          "jwtTokenFile": [
                                            "object",
                                            {
                                              "directoryPathInContainer": "string",
                                              "secretRef": "string"
                                            }
                                          ],
                                          "localClientAssertion": [
                                            "object",
                                            {
                                              "audience": "string",
                                              "includeJtiClaim": "bool",
                                              "includeNbfClaim": "bool",
                                              "issuer": "string",
                                              "privateKeyFile": [
                                                "object",
                                                {
                                                  "directoryPathInContainer": "string",
                                                  "encryptedPrivateKey": "bool",
                                                  "includeAssertionTemplate": "bool",
                                                  "secretRef": "string"
                                                }
                                              ],
                                              "subject": "string",
                                              "tokenLifetime": "number"
                                            }
                                          ]
                                        }
                                      ],
                                      "expectedIssuer": "string",
                                      "groupsClaimName": "string",
                                      "jwksEndpointUri": "string",
                                      "loginConnectTimeoutMs": "number",
                                      "loginReadTimeoutMs": "number",
                                      "loginRetryBackoffMaxMs": "number",
                                      "loginRetryBackoffMs": "number",
                                      "scope": "string",
                                      "subClaimName": "string",
                                      "tokenEndpointUri": "string"
                                    }
                                  ],
                                  "oauthbearer": [
                                    "object",
                                    {
                                      "directoryPathInContainer": "string",
                                      "secretRef": "string"
                                    }
                                  ],
                                  "sslClientAuthentication": "bool",
                                  "type": "string"
                                }
                              ],
                              "bootstrapEndpoint": "string",
                              "endpoint": "string",
                              "tls": [
                                "object",
                                {
                                  "directoryPathInContainer": "string",
                                  "enabled": "bool",
                                  "ignoreTrustStoreConfig": "bool",
                                  "jksPassword": [
                                    "object",
                                    {
                                      "secretRef": "string"
                                    }
                                  ],
                                  "secretRef": "string"
                                }
                              ]
                            }
                          ],
                          "mds": [
                            "object",
                            {
                              "endpoint": "string",
                              "kafka": [
                                "object",
                                {
                                  "authentication": [
                                    "object",
                                    {
                                      "jaasConfig": [
                                        "object",
                                        {
                                          "secretRef": "string"
                                        }
                                      ],
                                      "jaasConfigPassThrough": [
                                        "object",
                                        {
                                          "directoryPathInContainer": "string",
                                          "secretRef": "string"
                                        }
                                      ],
                                      "oauthSettings": [
                                        "object",
                                        {
                                          "audience": "string",
                                          "clientAssertion": [
                                            "object",
                                            {
                                              "clientId": "string",
                                              "jwtTokenFile": [
                                                "object",
                                                {
                                                  "directoryPathInContainer": "string",
                                                  "secretRef": "string"
                                                }
                                              ],
                                              "localClientAssertion": [
                                                "object",
                                                {
                                                  "audience": "string",
                                                  "includeJtiClaim": "bool",
                                                  "includeNbfClaim": "bool",
                                                  "issuer": "string",
                                                  "privateKeyFile": [
                                                    "object",
                                                    {
                                                      "directoryPathInContainer": "string",
                                                      "encryptedPrivateKey": "bool",
                                                      "includeAssertionTemplate": "bool",
                                                      "secretRef": "string"
                                                    }
                                                  ],
                                                  "subject": "string",
                                                  "tokenLifetime": "number"
                                                }
                                              ]
                                            }
                                          ],
                                          "expectedIssuer": "string",
                                          "groupsClaimName": "string",
                                          "jwksEndpointUri": "string",
                                          "loginConnectTimeoutMs": "number",
                                          "loginReadTimeoutMs": "number",
                                          "loginRetryBackoffMaxMs": "number",
                                          "loginRetryBackoffMs": "number",
                                          "scope": "string",
                                          "subClaimName": "string",
                                          "tokenEndpointUri": "string"
                                        }
                                      ],
                                      "oauthbearer": [
                                        "object",
                                        {
                                          "directoryPathInContainer": "string",
                                          "secretRef": "string"
                                        }
                                      ],
                                      "sslClientAuthentication": "bool",
                                      "type": "string"
                                    }
                                  ],
                                  "bootstrapEndpoint": "string",
                                  "discovery": [
                                    "object",
                                    {
                                      "name": "string",
                                      "namespace": "string",
                                      "secretRef": "string"
                                    }
                                  ],
                                  "tls": [
                                    "object",
                                    {
                                      "directoryPathInContainer": "string",
                                      "enabled": "bool",
                                      "ignoreTrustStoreConfig": "bool",
                                      "jksPassword": [
                                        "object",
                                        {
                                          "secretRef": "string"
                                        }
                                      ],
                                      "secretRef": "string"
                                    }
                                  ]
                                }
                              ],
                              "tls": [
                                "object",
                                {
                                  "directoryPathInContainer": "string",
                                  "enabled": "bool",
                                  "ignoreTrustStoreConfig": "bool",
                                  "jksPassword": [
                                    "object",
                                    {
                                      "secretRef": "string"
                                    }
                                  ],
                                  "secretRef": "string"
                                }
                              ],
                              "tokenKeyPair": [
                                "object",
                                {
                                  "directoryPathInContainer": "string",
                                  "encryptedTokenKey": "bool",
                                  "secretRef": "string"
                                }
                              ]
                            }
                          ],
                          "metricsClient": [
                            "object",
                            {
                              "authentication": [
                                "object",
                                {
                                  "basic": [
                                    "object",
                                    {
                                      "debug": "bool",
                                      "directoryPathInContainer": "string",
                                      "ignoreRoles": "bool",
                                      "restrictedRoles": [
                                        "list",
                                        "string"
                                      ],
                                      "roles": [
                                        "list",
                                        "string"
                                      ],
                                      "secretRef": "string"
                                    }
                                  ],
                                  "type": "string"
                                }
                              ],
                              "tls": [
                                "object",
                                {
                                  "directoryPathInContainer": "string",
                                  "enabled": "bool",
                                  "ignoreTrustStoreConfig": "bool",
                                  "jksPassword": [
                                    "object",
                                    {
                                      "secretRef": "string"
                                    }
                                  ],
                                  "secretRef": "string"
                                }
                              ],
                              "url": "string"
                            }
                          ],
                          "schemaRegistry": [
                            "object",
                            {
                              "authentication": [
                                "object",
                                {
                                  "basic": [
                                    "object",
                                    {
                                      "debug": "bool",
                                      "directoryPathInContainer": "string",
                                      "ignoreRoles": "bool",
                                      "restrictedRoles": [
                                        "list",
                                        "string"
                                      ],
                                      "roles": [
                                        "list",
                                        "string"
                                      ],
                                      "secretRef": "string"
                                    }
                                  ],
                                  "oauth": [
                                    "object",
                                    {
                                      "configuration": [
                                        "object",
                                        {
                                          "audience": "string",
                                          "clientAssertion": [
                                            "object",
                                            {
                                              "clientId": "string",
                                              "jwtTokenFile": [
                                                "object",
                                                {
                                                  "directoryPathInContainer": "string",
                                                  "secretRef": "string"
                                                }
                                              ],
                                              "localClientAssertion": [
                                                "object",
                                                {
                                                  "audience": "string",
                                                  "includeJtiClaim": "bool",
                                                  "includeNbfClaim": "bool",
                                                  "issuer": "string",
                                                  "privateKeyFile": [
                                                    "object",
                                                    {
                                                      "directoryPathInContainer": "string",
                                                      "encryptedPrivateKey": "bool",
                                                      "includeAssertionTemplate": "bool",
                                                      "secretRef": "string"
                                                    }
                                                  ],
                                                  "subject": "string",
                                                  "tokenLifetime": "number"
                                                }
                                              ]
                                            }
                                          ],
                                          "expectedIssuer": "string",
                                          "groupsClaimName": "string",
                                          "jwksEndpointUri": "string",
                                          "loginConnectTimeoutMs": "number",
                                          "loginReadTimeoutMs": "number",
                                          "loginRetryBackoffMaxMs": "number",
                                          "loginRetryBackoffMs": "number",
                                          "scope": "string",
                                          "subClaimName": "string",
                                          "tokenEndpointUri": "string"
                                        }
                                      ],
                                      "directoryPathInContainer": "string",
                                      "secretRef": "string"
                                    }
                                  ],
                                  "sslClientAuthentication": "bool",
                                  "type": "string"
                                }
                              ],
                              "tls": [
                                "object",
                                {
                                  "directoryPathInContainer": "string",
                                  "enabled": "bool",
                                  "ignoreTrustStoreConfig": "bool",
                                  "jksPassword": [
                                    "object",
                                    {
                                      "secretRef": "string"
                                    }
                                  ],
                                  "secretRef": "string"
                                }
                              ],
                              "url": "string"
                            }
                          ],
                          "zookeeper": [
                            "object",
                            {
                              "authentication": [
                                "object",
                                {
                                  "jaasConfig": [
                                    "object",
                                    {
                                      "secretRef": "string"
                                    }
                                  ],
                                  "jaasConfigPassThrough": [
                                    "object",
                                    {
                                      "directoryPathInContainer": "string",
                                      "secretRef": "string"
                                    }
                                  ],
                                  "oauthSettings": [
                                    "object",
                                    {
                                      "audience": "string",
                                      "clientAssertion": [
                                        "object",
                                        {
                                          "clientId": "string",
                                          "jwtTokenFile": [
                                            "object",
                                            {
                                              "directoryPathInContainer": "string",
                                              "secretRef": "string"
                                            }
                                          ],
                                          "localClientAssertion": [
                                            "object",
                                            {
                                              "audience": "string",
                                              "includeJtiClaim": "bool",
                                              "includeNbfClaim": "bool",
                                              "issuer": "string",
                                              "privateKeyFile": [
                                                "object",
                                                {
                                                  "directoryPathInContainer": "string",
                                                  "encryptedPrivateKey": "bool",
                                                  "includeAssertionTemplate": "bool",
                                                  "secretRef": "string"
                                                }
                                              ],
                                              "subject": "string",
                                              "tokenLifetime": "number"
                                            }
                                          ]
                                        }
                                      ],
                                      "expectedIssuer": "string",
                                      "groupsClaimName": "string",
                                      "jwksEndpointUri": "string",
                                      "loginConnectTimeoutMs": "number",
                                      "loginReadTimeoutMs": "number",
                                      "loginRetryBackoffMaxMs": "number",
                                      "loginRetryBackoffMs": "number",
                                      "scope": "string",
                                      "subClaimName": "string",
                                      "tokenEndpointUri": "string"
                                    }
                                  ],
                                  "oauthbearer": [
                                    "object",
                                    {
                                      "directoryPathInContainer": "string",
                                      "secretRef": "string"
                                    }
                                  ],
                                  "sslClientAuthentication": "bool",
                                  "type": "string"
                                }
                              ],
                              "discovery": [
                                "object",
                                {
                                  "name": "string",
                                  "namespace": "string",
                                  "secretRef": "string"
                                }
                              ],
                              "endpoint": "string",
                              "tls": [
                                "object",
                                {
                                  "directoryPathInContainer": "string",
                                  "enabled": "bool",
                                  "ignoreTrustStoreConfig": "bool",
                                  "jksPassword": [
                                    "object",
                                    {
                                      "secretRef": "string"
                                    }
                                  ],
                                  "secretRef": "string"
                                }
                              ]
                            }
                          ]
                        }
                      ],
                      "fips": [
                        "object",
                        {
                          "enabled": "bool"
                        }
                      ],
                      "headlessService": [
                        "object",
                        {
                          "annotations": [
                            "map",
                            "string"
                          ],
                          "labels": [
                            "map",
                            "string"
                          ],
                          "publishNotReadyAddresses": "bool"
                        }
                      ],
                      "identityProvider": [
                        "object",
                        {
                          "file": [
                            "object",
                            {
                              "secretRef": "string"
                            }
                          ],
                          "ldap": [
                            "object",
                            {
                              "address": "string",
                              "authentication": [
                                "object",
                                {
                                  "simple": [
                                    "object",
                                    {
                                      "directoryPathInContainer": "string",
                                      "secretRef": "string"
                                    }
                                  ],
                                  "type": "string"
                                }
                              ],
                              "configurations": [
                                "object",
                                {
                                  "groupMemberAttribute": "string",
                                  "groupMemberAttributePattern": "string",
                                  "groupNameAttribute": "string",
                                  "groupObjectClass": "string",
                                  "groupSearchBase": "string",
                                  "groupSearchFilter": "string",
                                  "groupSearchScope": "number",
                                  "userMemberOfAttributePattern": "string",
                                  "userNameAttribute": "string",
                                  "userObjectClass": "string",
                                  "userSearchBase": "string",
                                  "userSearchFilter": "string",
                                  "userSearchScope": "number"
                                }
                              ],
                              "tls": [
                                "object",
                                {
                                  "directoryPathInContainer": "string",
                                  "enabled": "bool",
                                  "ignoreTrustStoreConfig": "bool",
                                  "jksPassword": [
                                    "object",
                                    {
                                      "secretRef": "string"
                                    }
                                  ],
                                  "secretRef": "string"
                                }
                              ]
                            }
                          ],
                          "mtls": [
                            "object",
                            {
                              "principalMappingRules": [
                                "list",
                                "string"
                              ],
                              "sslClientAuthentication": "string"
                            }
                          ],
                          "oauth": [
                            "object",
                            {
                              "configurations": [
                                "object",
                                {
                                  "audience": "string",
                                  "clientAssertion": [
                                    "object",
                                    {
                                      "clientId": "string",
                                      "jwtTokenFile": [
                                        "object",
                                        {
                                          "directoryPathInContainer": "string",
                                          "secretRef": "string"
                                        }
                                      ],
                                      "localClientAssertion": [
                                        "object",
                                        {
                                          "audience": "string",
                                          "includeJtiClaim": "bool",
                                          "includeNbfClaim": "bool",
                                          "issuer": "string",
                                          "privateKeyFile": [
                                            "object",
                                            {
                                              "directoryPathInContainer": "string",
                                              "encryptedPrivateKey": "bool",
                                              "includeAssertionTemplate": "bool",
                                              "secretRef": "string"
                                            }
                                          ],
                                          "subject": "string",
                                          "tokenLifetime": "number"
                                        }
                                      ]
                                    }
                                  ],
                                  "expectedIssuer": "string",
                                  "groupsClaimName": "string",
                                  "jwksEndpointUri": "string",
                                  "loginConnectTimeoutMs": "number",
                                  "loginReadTimeoutMs": "number",
                                  "loginRetryBackoffMaxMs": "number",
                                  "loginRetryBackoffMs": "number",
                                  "scope": "string",
                                  "subClaimName": "string",
                                  "tokenEndpointUri": "string"
                                }
                              ],
                              "tls": [
                                "object",
                                {
                                  "directoryPathInContainer": "string",
                                  "enabled": "bool",
                                  "ignoreTrustStoreConfig": "bool",
                                  "jksPassword": [
                                    "object",
                                    {
                                      "secretRef": "string"
                                    }
                                  ],
                                  "secretRef": "string"
                                }
                              ]
                            }
                          ],
                          "oidc": [
                            "object",
                            {
                              "clientCredentials": [
                                "object",
                                {
                                  "directoryPathInContainer": "string",
                                  "secretRef": "string"
                                }
                              ],
                              "configurations": [
                                "object",
                                {
                                  "audience": "string",
                                  "authorizeBaseEndpointUri": "string",
                                  "groupsClaimName": "string",
                                  "groupsClaimScope": "string",
                                  "issuer": "string",
                                  "jwksEndpointUri": "string",
                                  "refreshToken": "bool",
                                  "sessionMaxTimeout": "number",
                                  "sessionTokenExpiry": "number",
                                  "subClaimName": "string",
                                  "tokenBaseEndpointUri": "string"
                                }
                              ],
                              "enabled": "bool"
                            }
                          ],
                          "sso": [
                            "object",
                            {
                              "clientCredentials": [
                                "object",
                                {
                                  "directoryPathInContainer": "string",
                                  "secretRef": "string"
                                }
                              ],
                              "configurations": [
                                "object",
                                {
                                  "audience": "string",
                                  "authorizeBaseEndpointUri": "string",
                                  "groupsClaimName": "string",
                                  "groupsClaimScope": "string",
                                  "issuer": "string",
                                  "jwksEndpointUri": "string",
                                  "refreshToken": "bool",
                                  "sessionMaxTimeout": "number",
                                  "sessionTokenExpiry": "number",
                                  "subClaimName": "string",
                                  "tokenBaseEndpointUri": "string"
                                }
                              ],
                              "enabled": "bool"
                            }
                          ],
                          "type": "string"
                        }
                      ],
                      "image": [
                        "object",
                        {
                          "application": "string",
                          "init": "string",
                          "pullPolicy": "string",
                          "pullSecretRef": [
                            "list",
                            "string"
                          ]
                        }
                      ],
                      "injectAnnotations": [
                        "map",
                        "string"
                      ],
                      "injectLabels": [
                        "map",
                        "string"
                      ],
                      "k8sClusterDomain": "string",
                      "license": [
                        "object",
                        {
                          "directoryPathInContainer": "string",
                          "globalLicense": "bool",
                          "secretRef": "string"
                        }
                      ],
                      "listeners": [
                        "object",
                        {
                          "custom": [
                            "list",
                            [
                              "object",
                              {
                                "authentication": [
                                  "object",
                                  {
                                    "jaasConfig": [
                                      "object",
                                      {
                                        "secretRef": "string"
                                      }
                                    ],
                                    "jaasConfigPassThrough": [
                                      "object",
                                      {
                                        "directoryPathInContainer": "string",
                                        "secretRef": "string"
                                      }
                                    ],
                                    "mtls": [
                                      "object",
                                      {
                                        "principalMappingRules": [
                                          "list",
                                          "string"
                                        ],
                                        "sslClientAuthentication": "string"
                                      }
                                    ],
                                    "oauthSettings": [
                                      "object",
                                      {
                                        "audience": "string",
                                        "clientAssertion": [
                                          "object",
                                          {
                                            "clientId": "string",
                                            "jwtTokenFile": [
                                              "object",
                                              {
                                                "directoryPathInContainer": "string",
                                                "secretRef": "string"
                                              }
                                            ],
                                            "localClientAssertion": [
                                              "object",
                                              {
                                                "audience": "string",
                                                "includeJtiClaim": "bool",
                                                "includeNbfClaim": "bool",
                                                "issuer": "string",
                                                "privateKeyFile": [
                                                  "object",
                                                  {
                                                    "directoryPathInContainer": "string",
                                                    "encryptedPrivateKey": "bool",
                                                    "includeAssertionTemplate": "bool",
                                                    "secretRef": "string"
                                                  }
                                                ],
                                                "subject": "string",
                                                "tokenLifetime": "number"
                                              }
                                            ]
                                          }
                                        ],
                                        "expectedIssuer": "string",
                                        "groupsClaimName": "string",
                                        "jwksEndpointUri": "string",
                                        "loginConnectTimeoutMs": "number",
                                        "loginReadTimeoutMs": "number",
                                        "loginRetryBackoffMaxMs": "number",
                                        "loginRetryBackoffMs": "number",
                                        "scope": "string",
                                        "subClaimName": "string",
                                        "tokenEndpointUri": "string"
                                      }
                                    ],
                                    "principalMappingRules": [
                                      "list",
                                      "string"
                                    ],
                                    "type": "string"
                                  }
                                ],
                                "externalAccess": [
                                  "object",
                                  {
                                    "loadBalancer": [
                                      "object",
                                      {
                                        "advertisedPort": "number",
                                        "annotations": [
                                          "map",
                                          "string"
                                        ],
                                        "bootstrapPrefix": "string",
                                        "brokerPrefix": "string",
                                        "domain": "string",
                                        "externalTrafficPolicy": "string",
                                        "labels": [
                                          "map",
                                          "string"
                                        ],
                                        "loadBalancerSourceRanges": [
                                          "list",
                                          "string"
                                        ],
                                        "servicePorts": [
                                          "list",
                                          [
                                            "object",
                                            {
                                              "appProtocol": "string",
                                              "name": "string",
                                              "nodePort": "number",
                                              "port": "number",
                                              "protocol": "string",
                                              "targetPort": "string"
                                            }
                                          ]
                                        ],
                                        "sessionAffinity": "string",
                                        "sessionAffinityConfig": [
                                          "object",
                                          {
                                            "clientIP": [
                                              "object",
                                              {
                                                "timeoutSeconds": "number"
                                              }
                                            ]
                                          }
                                        ]
                                      }
                                    ],
                                    "nodePort": [
                                      "object",
                                      {
                                        "advertisedURL": [
                                          "object",
                                          {
                                            "enabled": "bool",
                                            "prefix": "string"
                                          }
                                        ],
                                        "annotations": [
                                          "map",
                                          "string"
                                        ],
                                        "externalTrafficPolicy": "string",
                                        "host": "string",
                                        "labels": [
                                          "map",
                                          "string"
                                        ],
                                        "nodePortOffset": "number",
                                        "servicePorts": [
                                          "list",
                                          [
                                            "object",
                                            {
                                              "appProtocol": "string",
                                              "name": "string",
                                              "nodePort": "number",
                                              "port": "number",
                                              "protocol": "string",
                                              "targetPort": "string"
                                            }
                                          ]
                                        ],
                                        "sessionAffinity": "string",
                                        "sessionAffinityConfig": [
                                          "object",
                                          {
                                            "clientIP": [
                                              "object",
                                              {
                                                "timeoutSeconds": "number"
                                              }
                                            ]
                                          }
                                        ]
                                      }
                                    ],
                                    "route": [
                                      "object",
                                      {
                                        "annotations": [
                                          "map",
                                          "string"
                                        ],
                                        "bootstrapPrefix": "string",
                                        "brokerPrefix": "string",
                                        "domain": "string",
                                        "labels": [
                                          "map",
                                          "string"
                                        ],
                                        "wildcardPolicy": "string"
                                      }
                                    ],
                                    "staticForHostBasedRouting": [
                                      "object",
                                      {
                                        "brokerPrefix": "string",
                                        "domain": "string",
                                        "port": "number"
                                      }
                                    ],
                                    "staticForPortBasedRouting": [
                                      "object",
                                      {
                                        "host": "string",
                                        "portOffset": "number"
                                      }
                                    ],
                                    "type": "string"
                                  }
                                ],
                                "name": "string",
                                "port": "number",
                                "tls": [
                                  "object",
                                  {
                                    "directoryPathInContainer": "string",
                                    "enabled": "bool",
                                    "ignoreTrustStoreConfig": "bool",
                                    "jksPassword": [
                                      "object",
                                      {
                                        "secretRef": "string"
                                      }
                                    ],
                                    "secretRef": "string"
                                  }
                                ]
                              }
                            ]
                          ],
                          "external": [
                            "object",
                            {
                              "authentication": [
                                "object",
                                {
                                  "jaasConfig": [
                                    "object",
                                    {
                                      "secretRef": "string"
                                    }
                                  ],
                                  "jaasConfigPassThrough": [
                                    "object",
                                    {
                                      "directoryPathInContainer": "string",
                                      "secretRef": "string"
                                    }
                                  ],
                                  "mtls": [
                                    "object",
                                    {
                                      "principalMappingRules": [
                                        "list",
                                        "string"
                                      ],
                                      "sslClientAuthentication": "string"
                                    }
                                  ],
                                  "oauthSettings": [
                                    "object",
                                    {
                                      "audience": "string",
                                      "clientAssertion": [
                                        "object",
                                        {
                                          "clientId": "string",
                                          "jwtTokenFile": [
                                            "object",
                                            {
                                              "directoryPathInContainer": "string",
                                              "secretRef": "string"
                                            }
                                          ],
                                          "localClientAssertion": [
                                            "object",
                                            {
                                              "audience": "string",
                                              "includeJtiClaim": "bool",
                                              "includeNbfClaim": "bool",
                                              "issuer": "string",
                                              "privateKeyFile": [
                                                "object",
                                                {
                                                  "directoryPathInContainer": "string",
                                                  "encryptedPrivateKey": "bool",
                                                  "includeAssertionTemplate": "bool",
                                                  "secretRef": "string"
                                                }
                                              ],
                                              "subject": "string",
                                              "tokenLifetime": "number"
                                            }
                                          ]
                                        }
                                      ],
                                      "expectedIssuer": "string",
                                      "groupsClaimName": "string",
                                      "jwksEndpointUri": "string",
                                      "loginConnectTimeoutMs": "number",
                                      "loginReadTimeoutMs": "number",
                                      "loginRetryBackoffMaxMs": "number",
                                      "loginRetryBackoffMs": "number",
                                      "scope": "string",
                                      "subClaimName": "string",
                                      "tokenEndpointUri": "string"
                                    }
                                  ],
                                  "principalMappingRules": [
                                    "list",
                                    "string"
                                  ],
                                  "type": "string"
                                }
                              ],
                              "externalAccess": [
                                "object",
                                {
                                  "loadBalancer": [
                                    "object",
                                    {
                                      "advertisedPort": "number",
                                      "annotations": [
                                        "map",
                                        "string"
                                      ],
                                      "bootstrapPrefix": "string",
                                      "brokerPrefix": "string",
                                      "domain": "string",
                                      "externalTrafficPolicy": "string",
                                      "labels": [
                                        "map",
                                        "string"
                                      ],
                                      "loadBalancerSourceRanges": [
                                        "list",
                                        "string"
                                      ],
                                      "servicePorts": [
                                        "list",
                                        [
                                          "object",
                                          {
                                            "appProtocol": "string",
                                            "name": "string",
                                            "nodePort": "number",
                                            "port": "number",
                                            "protocol": "string",
                                            "targetPort": "string"
                                          }
                                        ]
                                      ],
                                      "sessionAffinity": "string",
                                      "sessionAffinityConfig": [
                                        "object",
                                        {
                                          "clientIP": [
                                            "object",
                                            {
                                              "timeoutSeconds": "number"
                                            }
                                          ]
                                        }
                                      ]
                                    }
                                  ],
                                  "nodePort": [
                                    "object",
                                    {
                                      "advertisedURL": [
                                        "object",
                                        {
                                          "enabled": "bool",
                                          "prefix": "string"
                                        }
                                      ],
                                      "annotations": [
                                        "map",
                                        "string"
                                      ],
                                      "externalTrafficPolicy": "string",
                                      "host": "string",
                                      "labels": [
                                        "map",
                                        "string"
                                      ],
                                      "nodePortOffset": "number",
                                      "servicePorts": [
                                        "list",
                                        [
                                          "object",
                                          {
                                            "appProtocol": "string",
                                            "name": "string",
                                            "nodePort": "number",
                                            "port": "number",
                                            "protocol": "string",
                                            "targetPort": "string"
                                          }
                                        ]
                                      ],
                                      "sessionAffinity": "string",
                                      "sessionAffinityConfig": [
                                        "object",
                                        {
                                          "clientIP": [
                                            "object",
                                            {
                                              "timeoutSeconds": "number"
                                            }
                                          ]
                                        }
                                      ]
                                    }
                                  ],
                                  "route": [
                                    "object",
                                    {
                                      "annotations": [
                                        "map",
                                        "string"
                                      ],
                                      "bootstrapPrefix": "string",
                                      "brokerPrefix": "string",
                                      "domain": "string",
                                      "labels": [
                                        "map",
                                        "string"
                                      ],
                                      "wildcardPolicy": "string"
                                    }
                                  ],
                                  "staticForHostBasedRouting": [
                                    "object",
                                    {
                                      "brokerPrefix": "string",
                                      "domain": "string",
                                      "port": "number"
                                    }
                                  ],
                                  "staticForPortBasedRouting": [
                                    "object",
                                    {
                                      "host": "string",
                                      "portOffset": "number"
                                    }
                                  ],
                                  "type": "string"
                                }
                              ],
                              "tls": [
                                "object",
                                {
                                  "directoryPathInContainer": "string",
                                  "enabled": "bool",
                                  "ignoreTrustStoreConfig": "bool",
                                  "jksPassword": [
                                    "object",
                                    {
                                      "secretRef": "string"
                                    }
                                  ],
                                  "secretRef": "string"
                                }
                              ]
                            }
                          ],
                          "internal": [
                            "object",
                            {
                              "authentication": [
                                "object",
                                {
                                  "jaasConfig": [
                                    "object",
                                    {
                                      "secretRef": "string"
                                    }
                                  ],
                                  "jaasConfigPassThrough": [
                                    "object",
                                    {
                                      "directoryPathInContainer": "string",
                                      "secretRef": "string"
                                    }
                                  ],
                                  "mtls": [
                                    "object",
                                    {
                                      "principalMappingRules": [
                                        "list",
                                        "string"
                                      ],
                                      "sslClientAuthentication": "string"
                                    }
                                  ],
                                  "oauthSettings": [
                                    "object",
                                    {
                                      "audience": "string",
                                      "clientAssertion": [
                                        "object",
                                        {
                                          "clientId": "string",
                                          "jwtTokenFile": [
                                            "object",
                                            {
                                              "directoryPathInContainer": "string",
                                              "secretRef": "string"
                                            }
                                          ],
                                          "localClientAssertion": [
                                            "object",
                                            {
                                              "audience": "string",
                                              "includeJtiClaim": "bool",
                                              "includeNbfClaim": "bool",
                                              "issuer": "string",
                                              "privateKeyFile": [
                                                "object",
                                                {
                                                  "directoryPathInContainer": "string",
                                                  "encryptedPrivateKey": "bool",
                                                  "includeAssertionTemplate": "bool",
                                                  "secretRef": "string"
                                                }
                                              ],
                                              "subject": "string",
                                              "tokenLifetime": "number"
                                            }
                                          ]
                                        }
                                      ],
                                      "expectedIssuer": "string",
                                      "groupsClaimName": "string",
                                      "jwksEndpointUri": "string",
                                      "loginConnectTimeoutMs": "number",
                                      "loginReadTimeoutMs": "number",
                                      "loginRetryBackoffMaxMs": "number",
                                      "loginRetryBackoffMs": "number",
                                      "scope": "string",
                                      "subClaimName": "string",
                                      "tokenEndpointUri": "string"
                                    }
                                  ],
                                  "principalMappingRules": [
                                    "list",
                                    "string"
                                  ],
                                  "type": "string"
                                }
                              ],
                              "tls": [
                                "object",
                                {
                                  "directoryPathInContainer": "string",
                                  "enabled": "bool",
                                  "ignoreTrustStoreConfig": "bool",
                                  "jksPassword": [
                                    "object",
                                    {
                                      "secretRef": "string"
                                    }
                                  ],
                                  "secretRef": "string"
                                }
                              ]
                            }
                          ],
                          "replication": [
                            "object",
                            {
                              "authentication": [
                                "object",
                                {
                                  "jaasConfig": [
                                    "object",
                                    {
                                      "secretRef": "string"
                                    }
                                  ],
                                  "jaasConfigPassThrough": [
                                    "object",
                                    {
                                      "directoryPathInContainer": "string",
                                      "secretRef": "string"
                                    }
                                  ],
                                  "mtls": [
                                    "object",
                                    {
                                      "principalMappingRules": [
                                        "list",
                                        "string"
                                      ],
                                      "sslClientAuthentication": "string"
                                    }
                                  ],
                                  "oauthSettings": [
                                    "object",
                                    {
                                      "audience": "string",
                                      "clientAssertion": [
                                        "object",
                                        {
                                          "clientId": "string",
                                          "jwtTokenFile": [
                                            "object",
                                            {
                                              "directoryPathInContainer": "string",
                                              "secretRef": "string"
                                            }
                                          ],
                                          "localClientAssertion": [
                                            "object",
                                            {
                                              "audience": "string",
                                              "includeJtiClaim": "bool",
                                              "includeNbfClaim": "bool",
                                              "issuer": "string",
                                              "privateKeyFile": [
                                                "object",
                                                {
                                                  "directoryPathInContainer": "string",
                                                  "encryptedPrivateKey": "bool",
                                                  "includeAssertionTemplate": "bool",
                                                  "secretRef": "string"
                                                }
                                              ],
                                              "subject": "string",
                                              "tokenLifetime": "number"
                                            }
                                          ]
                                        }
                                      ],
                                      "expectedIssuer": "string",
                                      "groupsClaimName": "string",
                                      "jwksEndpointUri": "string",
                                      "loginConnectTimeoutMs": "number",
                                      "loginReadTimeoutMs": "number",
                                      "loginRetryBackoffMaxMs": "number",
                                      "loginRetryBackoffMs": "number",
                                      "scope": "string",
                                      "subClaimName": "string",
                                      "tokenEndpointUri": "string"
                                    }
                                  ],
                                  "principalMappingRules": [
                                    "list",
                                    "string"
                                  ],
                                  "type": "string"
                                }
                              ],
                              "externalAccess": [
                                "object",
                                {
                                  "loadBalancer": [
                                    "object",
                                    {
                                      "advertisedPort": "number",
                                      "annotations": [
                                        "map",
                                        "string"
                                      ],
                                      "bootstrapPrefix": "string",
                                      "brokerPrefix": "string",
                                      "domain": "string",
                                      "externalTrafficPolicy": "string",
                                      "labels": [
                                        "map",
                                        "string"
                                      ],
                                      "loadBalancerSourceRanges": [
                                        "list",
                                        "string"
                                      ],
                                      "servicePorts": [
                                        "list",
                                        [
                                          "object",
                                          {
                                            "appProtocol": "string",
                                            "name": "string",
                                            "nodePort": "number",
                                            "port": "number",
                                            "protocol": "string",
                                            "targetPort": "string"
                                          }
                                        ]
                                      ],
                                      "sessionAffinity": "string",
                                      "sessionAffinityConfig": [
                                        "object",
                                        {
                                          "clientIP": [
                                            "object",
                                            {
                                              "timeoutSeconds": "number"
                                            }
                                          ]
                                        }
                                      ]
                                    }
                                  ],
                                  "nodePort": [
                                    "object",
                                    {
                                      "advertisedURL": [
                                        "object",
                                        {
                                          "enabled": "bool",
                                          "prefix": "string"
                                        }
                                      ],
                                      "annotations": [
                                        "map",
                                        "string"
                                      ],
                                      "externalTrafficPolicy": "string",
                                      "host": "string",
                                      "labels": [
                                        "map",
                                        "string"
                                      ],
                                      "nodePortOffset": "number",
                                      "servicePorts": [
                                        "list",
                                        [
                                          "object",
                                          {
                                            "appProtocol": "string",
                                            "name": "string",
                                            "nodePort": "number",
                                            "port": "number",
                                            "protocol": "string",
                                            "targetPort": "string"
                                          }
                                        ]
                                      ],
                                      "sessionAffinity": "string",
                                      "sessionAffinityConfig": [
                                        "object",
                                        {
                                          "clientIP": [
                                            "object",
                                            {
                                              "timeoutSeconds": "number"
                                            }
                                          ]
                                        }
                                      ]
                                    }
                                  ],
                                  "route": [
                                    "object",
                                    {
                                      "annotations": [
                                        "map",
                                        "string"
                                      ],
                                      "bootstrapPrefix": "string",
                                      "brokerPrefix": "string",
                                      "domain": "string",
                                      "labels": [
                                        "map",
                                        "string"
                                      ],
                                      "wildcardPolicy": "string"
                                    }
                                  ],
                                  "staticForHostBasedRouting": [
                                    "object",
                                    {
                                      "brokerPrefix": "string",
                                      "domain": "string",
                                      "port": "number"
                                    }
                                  ],
                                  "staticForPortBasedRouting": [
                                    "object",
                                    {
                                      "host": "string",
                                      "portOffset": "number"
                                    }
                                  ],
                                  "type": "string"
                                }
                              ],
                              "tls": [
                                "object",
                                {
                                  "directoryPathInContainer": "string",
                                  "enabled": "bool",
                                  "ignoreTrustStoreConfig": "bool",
                                  "jksPassword": [
                                    "object",
                                    {
                                      "secretRef": "string"
                                    }
                                  ],
                                  "secretRef": "string"
                                }
                              ]
                            }
                          ]
                        }
                      ],
                      "metricReporter": [
                        "object",
                        {
                          "authentication": [
                            "object",
                            {
                              "jaasConfig": [
                                "object",
                                {
                                  "secretRef": "string"
                                }
                              ],
                              "jaasConfigPassThrough": [
                                "object",
                                {
                                  "directoryPathInContainer": "string",
                                  "secretRef": "string"
                                }
                              ],
                              "oauthSettings": [
                                "object",
                                {
                                  "audience": "string",
                                  "clientAssertion": [
                                    "object",
                                    {
                                      "clientId": "string",
                                      "jwtTokenFile": [
                                        "object",
                                        {
                                          "directoryPathInContainer": "string",
                                          "secretRef": "string"
                                        }
                                      ],
                                      "localClientAssertion": [
                                        "object",
                                        {
                                          "audience": "string",
                                          "includeJtiClaim": "bool",
                                          "includeNbfClaim": "bool",
                                          "issuer": "string",
                                          "privateKeyFile": [
                                            "object",
                                            {
                                              "directoryPathInContainer": "string",
                                              "encryptedPrivateKey": "bool",
                                              "includeAssertionTemplate": "bool",
                                              "secretRef": "string"
                                            }
                                          ],
                                          "subject": "string",
                                          "tokenLifetime": "number"
                                        }
                                      ]
                                    }
                                  ],
                                  "expectedIssuer": "string",
                                  "groupsClaimName": "string",
                                  "jwksEndpointUri": "string",
                                  "loginConnectTimeoutMs": "number",
                                  "loginReadTimeoutMs": "number",
                                  "loginRetryBackoffMaxMs": "number",
                                  "loginRetryBackoffMs": "number",
                                  "scope": "string",
                                  "subClaimName": "string",
                                  "tokenEndpointUri": "string"
                                }
                              ],
                              "oauthbearer": [
                                "object",
                                {
                                  "directoryPathInContainer": "string",
                                  "secretRef": "string"
                                }
                              ],
                              "sslClientAuthentication": "bool",
                              "type": "string"
                            }
                          ],
                          "bootstrapEndpoint": "string",
                          "enabled": "bool",
                          "replicationFactor": "number",
                          "tls": [
                            "object",
                            {
                              "directoryPathInContainer": "string",
                              "enabled": "bool",
                              "ignoreTrustStoreConfig": "bool",
                              "jksPassword": [
                                "object",
                                {
                                  "secretRef": "string"
                                }
                              ],
                              "secretRef": "string"
                            }
                          ]
                        }
                      ],
                      "metrics": [
                        "object",
                        {
                          "authentication": [
                            "object",
                            {
                              "type": "string"
                            }
                          ],
                          "prometheus": [
                            "object",
                            {
                              "blacklist": [
                                "list",
                                "string"
                              ],
                              "rules": [
                                "list",
                                [
                                  "object",
                                  {
                                    "attrNameSnakeCase": "bool",
                                    "cache": "bool",
                                    "help": "string",
                                    "labels": [
                                      "map",
                                      "string"
                                    ],
                                    "name": "string",
                                    "pattern": "string",
                                    "type": "string",
                                    "value": "string",
                                    "valueFactor": "string"
                                  }
                                ]
                              ],
                              "whitelist": [
                                "list",
                                "string"
                              ]
                            }
                          ],
                          "tls": [
                            "object",
                            {
                              "directoryPathInContainer": "string",
                              "enabled": "bool",
                              "ignoreTrustStoreConfig": "bool",
                              "jksPassword": [
                                "object",
                                {
                                  "secretRef": "string"
                                }
                              ],
                              "secretRef": "string"
                            }
                          ]
                        }
                      ],
                      "mountedSecrets": [
                        "list",
                        [
                          "object",
                          {
                            "keyItems": [
                              "list",
                              [
                                "object",
                                {
                                  "key": "string",
                                  "mode": "number",
                                  "path": "string"
                                }
                              ]
                            ],
                            "secretRef": "string"
                          }
                        ]
                      ],
                      "mountedVolumes": [
                        "object",
                        {
                          "volumeMounts": [
                            "list",
                            [
                              "object",
                              {
                                "mountPath": "string",
                                "mountPropagation": "string",
                                "name": "string",
                                "readOnly": "bool",
                                "recursiveReadOnly": "string",
                                "subPath": "string",
                                "subPathExpr": "string"
                              }
                            ]
                          ],
                          "volumes": [
                            "tuple",
                            [
                              [
                                "object",
                                {
                                  "awsElasticBlockStore": [
                                    "object",
                                    {
                                      "fsType": "string",
                                      "partition": "number",
                                      "readOnly": "bool",
                                      "volumeID": "string"
                                    }
                                  ],
                                  "azureDisk": [
                                    "object",
                                    {
                                      "cachingMode": "string",
                                      "diskName": "string",
                                      "diskURI": "string",
                                      "fsType": "string",
                                      "kind": "string",
                                      "readOnly": "bool"
                                    }
                                  ],
                                  "azureFile": [
                                    "object",
                                    {
                                      "readOnly": "bool",
                                      "secretName": "string",
                                      "shareName": "string"
                                    }
                                  ],
                                  "cephfs": [
                                    "object",
                                    {
                                      "monitors": [
                                        "list",
                                        "string"
                                      ],
                                      "path": "string",
                                      "readOnly": "bool",
                                      "secretFile": "string",
                                      "secretRef": [
                                        "object",
                                        {
                                          "name": "string"
                                        }
                                      ],
                                      "user": "string"
                                    }
                                  ],
                                  "cinder": [
                                    "object",
                                    {
                                      "fsType": "string",
                                      "readOnly": "bool",
                                      "secretRef": [
                                        "object",
                                        {
                                          "name": "string"
                                        }
                                      ],
                                      "volumeID": "string"
                                    }
                                  ],
                                  "configMap": [
                                    "object",
                                    {
                                      "defaultMode": "number",
                                      "items": [
                                        "list",
                                        [
                                          "object",
                                          {
                                            "key": "string",
                                            "mode": "number",
                                            "path": "string"
                                          }
                                        ]
                                      ],
                                      "name": "string",
                                      "optional": "bool"
                                    }
                                  ],
                                  "csi": [
                                    "object",
                                    {
                                      "driver": "string",
                                      "fsType": "string",
                                      "nodePublishSecretRef": [
                                        "object",
                                        {
                                          "name": "string"
                                        }
                                      ],
                                      "readOnly": "bool",
                                      "volumeAttributes": [
                                        "map",
                                        "string"
                                      ]
                                    }
                                  ],
                                  "downwardAPI": [
                                    "object",
                                    {
                                      "defaultMode": "number",
                                      "items": [
                                        "list",
                                        [
                                          "object",
                                          {
                                            "fieldRef": [
                                              "object",
                                              {
                                                "apiVersion": "string",
                                                "fieldPath": "string"
                                              }
                                            ],
                                            "mode": "number",
                                            "path": "string",
                                            "resourceFieldRef": [
                                              "object",
                                              {
                                                "containerName": "string",
                                                "divisor": "string",
                                                "resource": "string"
                                              }
                                            ]
                                          }
                                        ]
                                      ]
                                    }
                                  ],
                                  "emptyDir": [
                                    "object",
                                    {
                                      "medium": "string",
                                      "sizeLimit": "string"
                                    }
                                  ],
                                  "ephemeral": [
                                    "object",
                                    {
                                      "volumeClaimTemplate": [
                                        "object",
                                        {
                                          "metadata": "dynamic",
                                          "spec": [
                                            "object",
                                            {
                                              "accessModes": [
                                                "list",
                                                "string"
                                              ],
                                              "dataSource": [
                                                "object",
                                                {
                                                  "apiGroup": "string",
                                                  "kind": "string",
                                                  "name": "string"
                                                }
                                              ],
                                              "dataSourceRef": [
                                                "object",
                                                {
                                                  "apiGroup": "string",
                                                  "kind": "string",
                                                  "name": "string",
                                                  "namespace": "string"
                                                }
                                              ],
                                              "resources": [
                                                "object",
                                                {
                                                  "limits": [
                                                    "map",
                                                    "string"
                                                  ],
                                                  "requests": [
                                                    "map",
                                                    "string"
                                                  ]
                                                }
                                              ],
                                              "selector": [
                                                "object",
                                                {
                                                  "matchExpressions": [
                                                    "list",
                                                    [
                                                      "object",
                                                      {
                                                        "key": "string",
                                                        "operator": "string",
                                                        "values": [
                                                          "list",
                                                          "string"
                                                        ]
                                                      }
                                                    ]
                                                  ],
                                                  "matchLabels": [
                                                    "map",
                                                    "string"
                                                  ]
                                                }
                                              ],
                                              "storageClassName": "string",
                                              "volumeAttributesClassName": "string",
                                              "volumeMode": "string",
                                              "volumeName": "string"
                                            }
                                          ]
                                        }
                                      ]
                                    }
                                  ],
                                  "fc": [
                                    "object",
                                    {
                                      "fsType": "string",
                                      "lun": "number",
                                      "readOnly": "bool",
                                      "targetWWNs": [
                                        "list",
                                        "string"
                                      ],
                                      "wwids": [
                                        "list",
                                        "string"
                                      ]
                                    }
                                  ],
                                  "flexVolume": [
                                    "object",
                                    {
                                      "driver": "string",
                                      "fsType": "string",
                                      "options": [
                                        "map",
                                        "string"
                                      ],
                                      "readOnly": "bool",
                                      "secretRef": [
                                        "object",
                                        {
                                          "name": "string"
                                        }
                                      ]
                                    }
                                  ],
                                  "flocker": [
                                    "object",
                                    {
                                      "datasetName": "string",
                                      "datasetUUID": "string"
                                    }
                                  ],
                                  "gcePersistentDisk": [
                                    "object",
                                    {
                                      "fsType": "string",
                                      "partition": "number",
                                      "pdName": "string",
                                      "readOnly": "bool"
                                    }
                                  ],
                                  "gitRepo": [
                                    "object",
                                    {
                                      "directory": "string",
                                      "repository": "string",
                                      "revision": "string"
                                    }
                                  ],
                                  "glusterfs": [
                                    "object",
                                    {
                                      "endpoints": "string",
                                      "path": "string",
                                      "readOnly": "bool"
                                    }
                                  ],
                                  "hostPath": [
                                    "object",
                                    {
                                      "path": "string",
                                      "type": "string"
                                    }
                                  ],
                                  "image": [
                                    "object",
                                    {
                                      "pullPolicy": "string",
                                      "reference": "string"
                                    }
                                  ],
                                  "iscsi": [
                                    "object",
                                    {
                                      "chapAuthDiscovery": "bool",
                                      "chapAuthSession": "bool",
                                      "fsType": "string",
                                      "initiatorName": "string",
                                      "iqn": "string",
                                      "iscsiInterface": "string",
                                      "lun": "number",
                                      "portals": [
                                        "list",
                                        "string"
                                      ],
                                      "readOnly": "bool",
                                      "secretRef": [
                                        "object",
                                        {
                                          "name": "string"
                                        }
                                      ],
                                      "targetPortal": "string"
                                    }
                                  ],
                                  "name": "string",
                                  "nfs": [
                                    "object",
                                    {
                                      "path": "string",
                                      "readOnly": "bool",
                                      "server": "string"
                                    }
                                  ],
                                  "persistentVolumeClaim": [
                                    "object",
                                    {
                                      "claimName": "string",
                                      "readOnly": "bool"
                                    }
                                  ],
                                  "photonPersistentDisk": [
                                    "object",
                                    {
                                      "fsType": "string",
                                      "pdID": "string"
                                    }
                                  ],
                                  "portworxVolume": [
                                    "object",
                                    {
                                      "fsType": "string",
                                      "readOnly": "bool",
                                      "volumeID": "string"
                                    }
                                  ],
                                  "projected": [
                                    "object",
                                    {
                                      "defaultMode": "number",
                                      "sources": [
                                        "list",
                                        [
                                          "object",
                                          {
                                            "clusterTrustBundle": [
                                              "object",
                                              {
                                                "labelSelector": [
                                                  "object",
                                                  {
                                                    "matchExpressions": [
                                                      "list",
                                                      [
                                                        "object",
                                                        {
                                                          "key": "string",
                                                          "operator": "string",
                                                          "values": [
                                                            "list",
                                                            "string"
                                                          ]
                                                        }
                                                      ]
                                                    ],
                                                    "matchLabels": [
                                                      "map",
                                                      "string"
                                                    ]
                                                  }
                                                ],
                                                "name": "string",
                                                "optional": "bool",
                                                "path": "string",
                                                "signerName": "string"
                                              }
                                            ],
                                            "configMap": [
                                              "object",
                                              {
                                                "items": [
                                                  "list",
                                                  [
                                                    "object",
                                                    {
                                                      "key": "string",
                                                      "mode": "number",
                                                      "path": "string"
                                                    }
                                                  ]
                                                ],
                                                "name": "string",
                                                "optional": "bool"
                                              }
                                            ],
                                            "downwardAPI": [
                                              "object",
                                              {
                                                "items": [
                                                  "list",
                                                  [
                                                    "object",
                                                    {
                                                      "fieldRef": [
                                                        "object",
                                                        {
                                                          "apiVersion": "string",
                                                          "fieldPath": "string"
                                                        }
                                                      ],
                                                      "mode": "number",
                                                      "path": "string",
                                                      "resourceFieldRef": [
                                                        "object",
                                                        {
                                                          "containerName": "string",
                                                          "divisor": "string",
                                                          "resource": "string"
                                                        }
                                                      ]
                                                    }
                                                  ]
                                                ]
                                              }
                                            ],
                                            "secret": [
                                              "object",
                                              {
                                                "items": [
                                                  "list",
                                                  [
                                                    "object",
                                                    {
                                                      "key": "string",
                                                      "mode": "number",
                                                      "path": "string"
                                                    }
                                                  ]
                                                ],
                                                "name": "string",
                                                "optional": "bool"
                                              }
                                            ],
                                            "serviceAccountToken": [
                                              "object",
                                              {
                                                "audience": "string",
                                                "expirationSeconds": "number",
                                                "path": "string"
                                              }
                                            ]
                                          }
                                        ]
                                      ]
                                    }
                                  ],
                                  "quobyte": [
                                    "object",
                                    {
                                      "group": "string",
                                      "readOnly": "bool",
                                      "registry": "string",
                                      "tenant": "string",
                                      "user": "string",
                                      "volume": "string"
                                    }
                                  ],
                                  "rbd": [
                                    "object",
                                    {
                                      "fsType": "string",
                                      "image": "string",
                                      "keyring": "string",
                                      "monitors": [
                                        "list",
                                        "string"
                                      ],
                                      "pool": "string",
                                      "readOnly": "bool",
                                      "secretRef": [
                                        "object",
                                        {
                                          "name": "string"
                                        }
                                      ],
                                      "user": "string"
                                    }
                                  ],
                                  "scaleIO": [
                                    "object",
                                    {
                                      "fsType": "string",
                                      "gateway": "string",
                                      "protectionDomain": "string",
                                      "readOnly": "bool",
                                      "secretRef": [
                                        "object",
                                        {
                                          "name": "string"
                                        }
                                      ],
                                      "sslEnabled": "bool",
                                      "storageMode": "string",
                                      "storagePool": "string",
                                      "system": "string",
                                      "volumeName": "string"
                                    }
                                  ],
                                  "secret": [
                                    "object",
                                    {
                                      "defaultMode": "number",
                                      "items": [
                                        "list",
                                        [
                                          "object",
                                          {
                                            "key": "string",
                                            "mode": "number",
                                            "path": "string"
                                          }
                                        ]
                                      ],
                                      "optional": "bool",
                                      "secretName": "string"
                                    }
                                  ],
                                  "storageos": [
                                    "object",
                                    {
                                      "fsType": "string",
                                      "readOnly": "bool",
                                      "secretRef": [
                                        "object",
                                        {
                                          "name": "string"
                                        }
                                      ],
                                      "volumeName": "string",
                                      "volumeNamespace": "string"
                                    }
                                  ],
                                  "vsphereVolume": [
                                    "object",
                                    {
                                      "fsType": "string",
                                      "storagePolicyID": "string",
                                      "storagePolicyName": "string",
                                      "volumePath": "string"
                                    }
                                  ]
                                }
                              ]
                            ]
                          ]
                        }
                      ],
                      "oneReplicaPerNode": "bool",
                      "passwordEncoder": [
                        "object",
                        {
                          "directoryPathInContainer": "string",
                          "secretRef": "string"
                        }
                      ],
                      "pdb": [
                        "object",
                        {
                          "enabled": "bool",
                          "maxUnavailable": "number"
                        }
                      ],
                      "podTemplate": [
                        "object",
                        {
                          "affinity": [
                            "object",
                            {
                              "nodeAffinity": [
                                "object",
                                {
                                  "preferredDuringSchedulingIgnoredDuringExecution": [
                                    "list",
                                    [
                                      "object",
                                      {
                                        "preference": [
                                          "object",
                                          {
                                            "matchExpressions": [
                                              "list",
                                              [
                                                "object",
                                                {
                                                  "key": "string",
                                                  "operator": "string",
                                                  "values": [
                                                    "list",
                                                    "string"
                                                  ]
                                                }
                                              ]
                                            ],
                                            "matchFields": [
                                              "list",
                                              [
                                                "object",
                                                {
                                                  "key": "string",
                                                  "operator": "string",
                                                  "values": [
                                                    "list",
                                                    "string"
                                                  ]
                                                }
                                              ]
                                            ]
                                          }
                                        ],
                                        "weight": "number"
                                      }
                                    ]
                                  ],
                                  "requiredDuringSchedulingIgnoredDuringExecution": [
                                    "object",
                                    {
                                      "nodeSelectorTerms": [
                                        "list",
                                        [
                                          "object",
                                          {
                                            "matchExpressions": [
                                              "list",
                                              [
                                                "object",
                                                {
                                                  "key": "string",
                                                  "operator": "string",
                                                  "values": [
                                                    "list",
                                                    "string"
                                                  ]
                                                }
                                              ]
                                            ],
                                            "matchFields": [
                                              "list",
                                              [
                                                "object",
                                                {
                                                  "key": "string",
                                                  "operator": "string",
                                                  "values": [
                                                    "list",
                                                    "string"
                                                  ]
                                                }
                                              ]
                                            ]
                                          }
                                        ]
                                      ]
                                    }
                                  ]
                                }
                              ],
                              "podAffinity": [
                                "object",
                                {
                                  "preferredDuringSchedulingIgnoredDuringExecution": [
                                    "list",
                                    [
                                      "object",
                                      {
                                        "podAffinityTerm": [
                                          "object",
                                          {
                                            "labelSelector": [
                                              "object",
                                              {
                                                "matchExpressions": [
                                                  "list",
                                                  [
                                                    "object",
                                                    {
                                                      "key": "string",
                                                      "operator": "string",
                                                      "values": [
                                                        "list",
                                                        "string"
                                                      ]
                                                    }
                                                  ]
                                                ],
                                                "matchLabels": [
                                                  "map",
                                                  "string"
                                                ]
                                              }
                                            ],
                                            "matchLabelKeys": [
                                              "list",
                                              "string"
                                            ],
                                            "mismatchLabelKeys": [
                                              "list",
                                              "string"
                                            ],
                                            "namespaceSelector": [
                                              "object",
                                              {
                                                "matchExpressions": [
                                                  "list",
                                                  [
                                                    "object",
                                                    {
                                                      "key": "string",
                                                      "operator": "string",
                                                      "values": [
                                                        "list",
                                                        "string"
                                                      ]
                                                    }
                                                  ]
                                                ],
                                                "matchLabels": [
                                                  "map",
                                                  "string"
                                                ]
                                              }
                                            ],
                                            "namespaces": [
                                              "list",
                                              "string"
                                            ],
                                            "topologyKey": "string"
                                          }
                                        ],
                                        "weight": "number"
                                      }
                                    ]
                                  ],
                                  "requiredDuringSchedulingIgnoredDuringExecution": [
                                    "list",
                                    [
                                      "object",
                                      {
                                        "labelSelector": [
                                          "object",
                                          {
                                            "matchExpressions": [
                                              "list",
                                              [
                                                "object",
                                                {
                                                  "key": "string",
                                                  "operator": "string",
                                                  "values": [
                                                    "list",
                                                    "string"
                                                  ]
                                                }
                                              ]
                                            ],
                                            "matchLabels": [
                                              "map",
                                              "string"
                                            ]
                                          }
                                        ],
                                        "matchLabelKeys": [
                                          "list",
                                          "string"
                                        ],
                                        "mismatchLabelKeys": [
                                          "list",
                                          "string"
                                        ],
                                        "namespaceSelector": [
                                          "object",
                                          {
                                            "matchExpressions": [
                                              "list",
                                              [
                                                "object",
                                                {
                                                  "key": "string",
                                                  "operator": "string",
                                                  "values": [
                                                    "list",
                                                    "string"
                                                  ]
                                                }
                                              ]
                                            ],
                                            "matchLabels": [
                                              "map",
                                              "string"
                                            ]
                                          }
                                        ],
                                        "namespaces": [
                                          "list",
                                          "string"
                                        ],
                                        "topologyKey": "string"
                                      }
                                    ]
                                  ]
                                }
                              ],
                              "podAntiAffinity": [
                                "object",
                                {
                                  "preferredDuringSchedulingIgnoredDuringExecution": [
                                    "list",
                                    [
                                      "object",
                                      {
                                        "podAffinityTerm": [
                                          "object",
                                          {
                                            "labelSelector": [
                                              "object",
                                              {
                                                "matchExpressions": [
                                                  "list",
                                                  [
                                                    "object",
                                                    {
                                                      "key": "string",
                                                      "operator": "string",
                                                      "values": [
                                                        "list",
                                                        "string"
                                                      ]
                                                    }
                                                  ]
                                                ],
                                                "matchLabels": [
                                                  "map",
                                                  "string"
                                                ]
                                              }
                                            ],
                                            "matchLabelKeys": [
                                              "list",
                                              "string"
                                            ],
                                            "mismatchLabelKeys": [
                                              "list",
                                              "string"
                                            ],
                                            "namespaceSelector": [
                                              "object",
                                              {
                                                "matchExpressions": [
                                                  "list",
                                                  [
                                                    "object",
                                                    {
                                                      "key": "string",
                                                      "operator": "string",
                                                      "values": [
                                                        "list",
                                                        "string"
                                                      ]
                                                    }
                                                  ]
                                                ],
                                                "matchLabels": [
                                                  "map",
                                                  "string"
                                                ]
                                              }
                                            ],
                                            "namespaces": [
                                              "list",
                                              "string"
                                            ],
                                            "topologyKey": "string"
                                          }
                                        ],
                                        "weight": "number"
                                      }
                                    ]
                                  ],
                                  "requiredDuringSchedulingIgnoredDuringExecution": [
                                    "list",
                                    [
                                      "object",
                                      {
                                        "labelSelector": [
                                          "object",
                                          {
                                            "matchExpressions": [
                                              "list",
                                              [
                                                "object",
                                                {
                                                  "key": "string",
                                                  "operator": "string",
                                                  "values": [
                                                    "list",
                                                    "string"
                                                  ]
                                                }
                                              ]
                                            ],
                                            "matchLabels": [
                                              "map",
                                              "string"
                                            ]
                                          }
                                        ],
                                        "matchLabelKeys": [
                                          "list",
                                          "string"
                                        ],
                                        "mismatchLabelKeys": [
                                          "list",
                                          "string"
                                        ],
                                        "namespaceSelector": [
                                          "object",
                                          {
                                            "matchExpressions": [
                                              "list",
                                              [
                                                "object",
                                                {
                                                  "key": "string",
                                                  "operator": "string",
                                                  "values": [
                                                    "list",
                                                    "string"
                                                  ]
                                                }
                                              ]
                                            ],
                                            "matchLabels": [
                                              "map",
                                              "string"
                                            ]
                                          }
                                        ],
                                        "namespaces": [
                                          "list",
                                          "string"
                                        ],
                                        "topologyKey": "string"
                                      }
                                    ]
                                  ]
                                }
                              ]
                            }
                          ],
                          "annotations": [
                            "map",
                            "string"
                          ],
                          "envVars": [
                            "list",
                            [
                              "object",
                              {
                                "name": "string",
                                "value": "string",
                                "valueFrom": [
                                  "object",
                                  {
                                    "configMapKeyRef": [
                                      "object",
                                      {
                                        "key": "string",
                                        "name": "string",
                                        "optional": "bool"
                                      }
                                    ],
                                    "fieldRef": [
                                      "object",
                                      {
                                        "apiVersion": "string",
                                        "fieldPath": "string"
                                      }
                                    ],
                                    "resourceFieldRef": [
                                      "object",
                                      {
                                        "containerName": "string",
                                        "divisor": "string",
                                        "resource": "string"
                                      }
                                    ],
                                    "secretKeyRef": [
                                      "object",
                                      {
                                        "key": "string",
                                        "name": "string",
                                        "optional": "bool"
                                      }
                                    ]
                                  }
                                ]
                              }
                            ]
                          ],
                          "labels": [
                            "map",
                            "string"
                          ],
                          "podSecurityContext": [
                            "object",
                            {
                              "appArmorProfile": [
                                "object",
                                {
                                  "localhostProfile": "string",
                                  "type": "string"
                                }
                              ],
                              "fsGroup": "number",
                              "fsGroupChangePolicy": "string",
                              "runAsGroup": "number",
                              "runAsNonRoot": "bool",
                              "runAsUser": "number",
                              "seLinuxOptions": [
                                "object",
                                {
                                  "level": "string",
                                  "role": "string",
                                  "type": "string",
                                  "user": "string"
                                }
                              ],
                              "seccompProfile": [
                                "object",
                                {
                                  "localhostProfile": "string",
                                  "type": "string"
                                }
                              ],
                              "supplementalGroups": [
                                "list",
                                "number"
                              ],
                              "supplementalGroupsPolicy": "string",
                              "sysctls": [
                                "list",
                                [
                                  "object",
                                  {
                                    "name": "string",
                                    "value": "string"
                                  }
                                ]
                              ],
                              "windowsOptions": [
                                "object",
                                {
                                  "gmsaCredentialSpec": "string",
                                  "gmsaCredentialSpecName": "string",
                                  "hostProcess": "bool",
                                  "runAsUserName": "string"
                                }
                              ]
                            }
                          ],
                          "priorityClassName": "string",
                          "probe": [
                            "object",
                            {
                              "liveness": [
                                "object",
                                {
                                  "failureThreshold": "number",
                                  "initialDelaySeconds": "number",
                                  "path": "string",
                                  "periodSeconds": "number",
                                  "port": "number",
                                  "successThreshold": "number",
                                  "timeoutSeconds": "number"
                                }
                              ],
                              "readiness": [
                                "object",
                                {
                                  "failureThreshold": "number",
                                  "initialDelaySeconds": "number",
                                  "path": "string",
                                  "periodSeconds": "number",
                                  "port": "number",
                                  "successThreshold": "number",
                                  "timeoutSeconds": "number"
                                }
                              ]
                            }
                          ],
                          "resources": [
                            "object",
                            {
                              "claims": [
                                "list",
                                [
                                  "object",
                                  {
                                    "name": "string",
                                    "request": "string"
                                  }
                                ]
                              ],
                              "limits": [
                                "map",
                                "string"
                              ],
                              "requests": [
                                "map",
                                "string"
                              ]
                            }
                          ],
                          "securityContext": [
                            "object",
                            {
                              "allowPrivilegeEscalation": "bool",
                              "appArmorProfile": [
                                "object",
                                {
                                  "localhostProfile": "string",
                                  "type": "string"
                                }
                              ],
                              "capabilities": [
                                "object",
                                {
                                  "add": [
                                    "list",
                                    "string"
                                  ],
                                  "drop": [
                                    "list",
                                    "string"
                                  ]
                                }
                              ],
                              "privileged": "bool",
                              "procMount": "string",
                              "readOnlyRootFilesystem": "bool",
                              "runAsGroup": "number",
                              "runAsNonRoot": "bool",
                              "runAsUser": "number",
                              "seLinuxOptions": [
                                "object",
                                {
                                  "level": "string",
                                  "role": "string",
                                  "type": "string",
                                  "user": "string"
                                }
                              ],
                              "seccompProfile": [
                                "object",
                                {
                                  "localhostProfile": "string",
                                  "type": "string"
                                }
                              ],
                              "windowsOptions": [
                                "object",
                                {
                                  "gmsaCredentialSpec": "string",
                                  "gmsaCredentialSpecName": "string",
                                  "hostProcess": "bool",
                                  "runAsUserName": "string"
                                }
                              ]
                            }
                          ],
                          "serviceAccountName": "string",
                          "terminationGracePeriodSeconds": "number",
                          "tolerations": [
                            "list",
                            [
                              "object",
                              {
                                "effect": "string",
                                "key": "string",
                                "operator": "string",
                                "tolerationSeconds": "number",
                                "value": "string"
                              }
                            ]
                          ],
                          "topologySpreadConstraints": [
                            "list",
                            [
                              "object",
                              {
                                "labelSelector": [
                                  "object",
                                  {
                                    "matchExpressions": [
                                      "list",
                                      [
                                        "object",
                                        {
                                          "key": "string",
                                          "operator": "string",
                                          "values": [
                                            "list",
                                            "string"
                                          ]
                                        }
                                      ]
                                    ],
                                    "matchLabels": [
                                      "map",
                                      "string"
                                    ]
                                  }
                                ],
                                "matchLabelKeys": [
                                  "list",
                                  "string"
                                ],
                                "maxSkew": "number",
                                "minDomains": "number",
                                "nodeAffinityPolicy": "string",
                                "nodeTaintsPolicy": "string",
                                "topologyKey": "string",
                                "whenUnsatisfiable": "string"
                              }
                            ]
                          ]
                        }
                      ],
                      "rackAssignment": [
                        "object",
                        {
                          "availabilityZoneCount": "number",
                          "nodeLabels": [
                            "list",
                            "string"
                          ]
                        }
                      ],
                      "replicas": "number",
                      "services": [
                        "object",
                        {
                          "kafkaRest": [
                            "object",
                            {
                              "authentication": [
                                "object",
                                {
                                  "basic": [
                                    "object",
                                    {
                                      "debug": "bool",
                                      "directoryPathInContainer": "string",
                                      "ignoreRoles": "bool",
                                      "restrictedRoles": [
                                        "list",
                                        "string"
                                      ],
                                      "roles": [
                                        "list",
                                        "string"
                                      ],
                                      "secretRef": "string"
                                    }
                                  ],
                                  "mtls": [
                                    "object",
                                    {
                                      "principalMappingRules": [
                                        "list",
                                        "string"
                                      ],
                                      "sslClientAuthentication": "string"
                                    }
                                  ],
                                  "oauth": [
                                    "object",
                                    {
                                      "configuration": [
                                        "object",
                                        {
                                          "audience": "string",
                                          "clientAssertion": [
                                            "object",
                                            {
                                              "clientId": "string",
                                              "jwtTokenFile": [
                                                "object",
                                                {
                                                  "directoryPathInContainer": "string",
                                                  "secretRef": "string"
                                                }
                                              ],
                                              "localClientAssertion": [
                                                "object",
                                                {
                                                  "audience": "string",
                                                  "includeJtiClaim": "bool",
                                                  "includeNbfClaim": "bool",
                                                  "issuer": "string",
                                                  "privateKeyFile": [
                                                    "object",
                                                    {
                                                      "directoryPathInContainer": "string",
                                                      "encryptedPrivateKey": "bool",
                                                      "includeAssertionTemplate": "bool",
                                                      "secretRef": "string"
                                                    }
                                                  ],
                                                  "subject": "string",
                                                  "tokenLifetime": "number"
                                                }
                                              ]
                                            }
                                          ],
                                          "expectedIssuer": "string",
                                          "groupsClaimName": "string",
                                          "jwksEndpointUri": "string",
                                          "loginConnectTimeoutMs": "number",
                                          "loginReadTimeoutMs": "number",
                                          "loginRetryBackoffMaxMs": "number",
                                          "loginRetryBackoffMs": "number",
                                          "scope": "string",
                                          "subClaimName": "string",
                                          "tokenEndpointUri": "string"
                                        }
                                      ],
                                      "directoryPathInContainer": "string",
                                      "secretRef": "string"
                                    }
                                  ],
                                  "type": "string"
                                }
                              ],
                              "externalAccess": [
                                "object",
                                {
                                  "loadBalancer": [
                                    "object",
                                    {
                                      "advertisedURL": [
                                        "object",
                                        {
                                          "enabled": "bool",
                                          "prefix": "string"
                                        }
                                      ],
                                      "annotations": [
                                        "map",
                                        "string"
                                      ],
                                      "domain": "string",
                                      "externalTrafficPolicy": "string",
                                      "labels": [
                                        "map",
                                        "string"
                                      ],
                                      "loadBalancerSourceRanges": [
                                        "list",
                                        "string"
                                      ],
                                      "port": "number",
                                      "prefix": "string",
                                      "servicePorts": [
                                        "list",
                                        [
                                          "object",
                                          {
                                            "appProtocol": "string",
                                            "name": "string",
                                            "nodePort": "number",
                                            "port": "number",
                                            "protocol": "string",
                                            "targetPort": "string"
                                          }
                                        ]
                                      ],
                                      "sessionAffinity": "string",
                                      "sessionAffinityConfig": [
                                        "object",
                                        {
                                          "clientIP": [
                                            "object",
                                            {
                                              "timeoutSeconds": "number"
                                            }
                                          ]
                                        }
                                      ]
                                    }
                                  ],
                                  "nodePort": [
                                    "object",
                                    {
                                      "advertisedURL": [
                                        "object",
                                        {
                                          "enabled": "bool",
                                          "prefix": "string"
                                        }
                                      ],
                                      "annotations": [
                                        "map",
                                        "string"
                                      ],
                                      "externalTrafficPolicy": "string",
                                      "host": "string",
                                      "labels": [
                                        "map",
                                        "string"
                                      ],
                                      "nodePortOffset": "number",
                                      "servicePorts": [
                                        "list",
                                        [
                                          "object",
                                          {
                                            "appProtocol": "string",
                                            "name": "string",
                                            "nodePort": "number",
                                            "port": "number",
                                            "protocol": "string",
                                            "targetPort": "string"
                                          }
                                        ]
                                      ],
                                      "sessionAffinity": "string",
                                      "sessionAffinityConfig": [
                                        "object",
                                        {
                                          "clientIP": [
                                            "object",
                                            {
                                              "timeoutSeconds": "number"
                                            }
                                          ]
                                        }
                                      ]
                                    }
                                  ],
                                  "route": [
                                    "object",
                                    {
                                      "advertisedURL": [
                                        "object",
                                        {
                                          "enabled": "bool",
                                          "prefix": "string"
                                        }
                                      ],
                                      "annotations": [
                                        "map",
                                        "string"
                                      ],
                                      "domain": "string",
                                      "labels": [
                                        "map",
                                        "string"
                                      ],
                                      "prefix": "string",
                                      "wildcardPolicy": "string"
                                    }
                                  ],
                                  "type": "string"
                                }
                              ],
                              "listeners": [
                                "object",
                                {
                                  "external": [
                                    "object",
                                    {
                                      "externalAccess": [
                                        "object",
                                        {
                                          "loadBalancer": [
                                            "object",
                                            {
                                              "advertisedURL": [
                                                "object",
                                                {
                                                  "enabled": "bool",
                                                  "prefix": "string"
                                                }
                                              ],
                                              "annotations": [
                                                "map",
                                                "string"
                                              ],
                                              "domain": "string",
                                              "externalTrafficPolicy": "string",
                                              "labels": [
                                                "map",
                                                "string"
                                              ],
                                              "loadBalancerSourceRanges": [
                                                "list",
                                                "string"
                                              ],
                                              "port": "number",
                                              "prefix": "string",
                                              "servicePorts": [
                                                "list",
                                                [
                                                  "object",
                                                  {
                                                    "appProtocol": "string",
                                                    "name": "string",
                                                    "nodePort": "number",
                                                    "port": "number",
                                                    "protocol": "string",
                                                    "targetPort": "string"
                                                  }
                                                ]
                                              ],
                                              "sessionAffinity": "string",
                                              "sessionAffinityConfig": [
                                                "object",
                                                {
                                                  "clientIP": [
                                                    "object",
                                                    {
                                                      "timeoutSeconds": "number"
                                                    }
                                                  ]
                                                }
                                              ]
                                            }
                                          ],
                                          "nodePort": [
                                            "object",
                                            {
                                              "advertisedURL": [
                                                "object",
                                                {
                                                  "enabled": "bool",
                                                  "prefix": "string"
                                                }
                                              ],
                                              "annotations": [
                                                "map",
                                                "string"
                                              ],
                                              "externalTrafficPolicy": "string",
                                              "host": "string",
                                              "labels": [
                                                "map",
                                                "string"
                                              ],
                                              "nodePortOffset": "number",
                                              "servicePorts": [
                                                "list",
                                                [
                                                  "object",
                                                  {
                                                    "appProtocol": "string",
                                                    "name": "string",
                                                    "nodePort": "number",
                                                    "port": "number",
                                                    "protocol": "string",
                                                    "targetPort": "string"
                                                  }
                                                ]
                                              ],
                                              "sessionAffinity": "string",
                                              "sessionAffinityConfig": [
                                                "object",
                                                {
                                                  "clientIP": [
                                                    "object",
                                                    {
                                                      "timeoutSeconds": "number"
                                                    }
                                                  ]
                                                }
                                              ]
                                            }
                                          ],
                                          "route": [
                                            "object",
                                            {
                                              "advertisedURL": [
                                                "object",
                                                {
                                                  "enabled": "bool",
                                                  "prefix": "string"
                                                }
                                              ],
                                              "annotations": [
                                                "map",
                                                "string"
                                              ],
                                              "domain": "string",
                                              "labels": [
                                                "map",
                                                "string"
                                              ],
                                              "prefix": "string",
                                              "wildcardPolicy": "string"
                                            }
                                          ],
                                          "type": "string"
                                        }
                                      ],
                                      "tls": [
                                        "object",
                                        {
                                          "directoryPathInContainer": "string",
                                          "enabled": "bool",
                                          "ignoreTrustStoreConfig": "bool",
                                          "jksPassword": [
                                            "object",
                                            {
                                              "secretRef": "string"
                                            }
                                          ],
                                          "secretRef": "string"
                                        }
                                      ]
                                    }
                                  ],
                                  "internal": [
                                    "object",
                                    {
                                      "port": "number",
                                      "tls": [
                                        "object",
                                        {
                                          "directoryPathInContainer": "string",
                                          "enabled": "bool",
                                          "ignoreTrustStoreConfig": "bool",
                                          "jksPassword": [
                                            "object",
                                            {
                                              "secretRef": "string"
                                            }
                                          ],
                                          "secretRef": "string"
                                        }
                                      ]
                                    }
                                  ]
                                }
                              ],
                              "tls": [
                                "object",
                                {
                                  "directoryPathInContainer": "string",
                                  "enabled": "bool",
                                  "ignoreTrustStoreConfig": "bool",
                                  "jksPassword": [
                                    "object",
                                    {
                                      "secretRef": "string"
                                    }
                                  ],
                                  "secretRef": "string"
                                }
                              ]
                            }
                          ],
                          "mds": [
                            "object",
                            {
                              "authentication": [
                                "object",
                                {
                                  "type": "string"
                                }
                              ],
                              "externalAccess": [
                                "object",
                                {
                                  "loadBalancer": [
                                    "object",
                                    {
                                      "advertisedURL": [
                                        "object",
                                        {
                                          "enabled": "bool",
                                          "prefix": "string"
                                        }
                                      ],
                                      "annotations": [
                                        "map",
                                        "string"
                                      ],
                                      "domain": "string",
                                      "externalTrafficPolicy": "string",
                                      "labels": [
                                        "map",
                                        "string"
                                      ],
                                      "loadBalancerSourceRanges": [
                                        "list",
                                        "string"
                                      ],
                                      "port": "number",
                                      "prefix": "string",
                                      "servicePorts": [
                                        "list",
                                        [
                                          "object",
                                          {
                                            "appProtocol": "string",
                                            "name": "string",
                                            "nodePort": "number",
                                            "port": "number",
                                            "protocol": "string",
                                            "targetPort": "string"
                                          }
                                        ]
                                      ],
                                      "sessionAffinity": "string",
                                      "sessionAffinityConfig": [
                                        "object",
                                        {
                                          "clientIP": [
                                            "object",
                                            {
                                              "timeoutSeconds": "number"
                                            }
                                          ]
                                        }
                                      ]
                                    }
                                  ],
                                  "nodePort": [
                                    "object",
                                    {
                                      "advertisedURL": [
                                        "object",
                                        {
                                          "enabled": "bool",
                                          "prefix": "string"
                                        }
                                      ],
                                      "annotations": [
                                        "map",
                                        "string"
                                      ],
                                      "externalTrafficPolicy": "string",
                                      "host": "string",
                                      "labels": [
                                        "map",
                                        "string"
                                      ],
                                      "nodePortOffset": "number",
                                      "servicePorts": [
                                        "list",
                                        [
                                          "object",
                                          {
                                            "appProtocol": "string",
                                            "name": "string",
                                            "nodePort": "number",
                                            "port": "number",
                                            "protocol": "string",
                                            "targetPort": "string"
                                          }
                                        ]
                                      ],
                                      "sessionAffinity": "string",
                                      "sessionAffinityConfig": [
                                        "object",
                                        {
                                          "clientIP": [
                                            "object",
                                            {
                                              "timeoutSeconds": "number"
                                            }
                                          ]
                                        }
                                      ]
                                    }
                                  ],
                                  "route": [
                                    "object",
                                    {
                                      "advertisedURL": [
                                        "object",
                                        {
                                          "enabled": "bool",
                                          "prefix": "string"
                                        }
                                      ],
                                      "annotations": [
                                        "map",
                                        "string"
                                      ],
                                      "domain": "string",
                                      "labels": [
                                        "map",
                                        "string"
                                      ],
                                      "prefix": "string",
                                      "wildcardPolicy": "string"
                                    }
                                  ],
                                  "type": "string"
                                }
                              ],
                              "impersonation": [
                                "object",
                                {
                                  "admins": [
                                    "list",
                                    "string"
                                  ],
                                  "protectedUsers": [
                                    "list",
                                    "string"
                                  ]
                                }
                              ],
                              "listeners": [
                                "object",
                                {
                                  "external": [
                                    "object",
                                    {
                                      "externalAccess": [
                                        "object",
                                        {
                                          "loadBalancer": [
                                            "object",
                                            {
                                              "advertisedURL": [
                                                "object",
                                                {
                                                  "enabled": "bool",
                                                  "prefix": "string"
                                                }
                                              ],
                                              "annotations": [
                                                "map",
                                                "string"
                                              ],
                                              "domain": "string",
                                              "externalTrafficPolicy": "string",
                                              "labels": [
                                                "map",
                                                "string"
                                              ],
                                              "loadBalancerSourceRanges": [
                                                "list",
                                                "string"
                                              ],
                                              "port": "number",
                                              "prefix": "string",
                                              "servicePorts": [
                                                "list",
                                                [
                                                  "object",
                                                  {
                                                    "appProtocol": "string",
                                                    "name": "string",
                                                    "nodePort": "number",
                                                    "port": "number",
                                                    "protocol": "string",
                                                    "targetPort": "string"
                                                  }
                                                ]
                                              ],
                                              "sessionAffinity": "string",
                                              "sessionAffinityConfig": [
                                                "object",
                                                {
                                                  "clientIP": [
                                                    "object",
                                                    {
                                                      "timeoutSeconds": "number"
                                                    }
                                                  ]
                                                }
                                              ]
                                            }
                                          ],
                                          "nodePort": [
                                            "object",
                                            {
                                              "advertisedURL": [
                                                "object",
                                                {
                                                  "enabled": "bool",
                                                  "prefix": "string"
                                                }
                                              ],
                                              "annotations": [
                                                "map",
                                                "string"
                                              ],
                                              "externalTrafficPolicy": "string",
                                              "host": "string",
                                              "labels": [
                                                "map",
                                                "string"
                                              ],
                                              "nodePortOffset": "number",
                                              "servicePorts": [
                                                "list",
                                                [
                                                  "object",
                                                  {
                                                    "appProtocol": "string",
                                                    "name": "string",
                                                    "nodePort": "number",
                                                    "port": "number",
                                                    "protocol": "string",
                                                    "targetPort": "string"
                                                  }
                                                ]
                                              ],
                                              "sessionAffinity": "string",
                                              "sessionAffinityConfig": [
                                                "object",
                                                {
                                                  "clientIP": [
                                                    "object",
                                                    {
                                                      "timeoutSeconds": "number"
                                                    }
                                                  ]
                                                }
                                              ]
                                            }
                                          ],
                                          "route": [
                                            "object",
                                            {
                                              "advertisedURL": [
                                                "object",
                                                {
                                                  "enabled": "bool",
                                                  "prefix": "string"
                                                }
                                              ],
                                              "annotations": [
                                                "map",
                                                "string"
                                              ],
                                              "domain": "string",
                                              "labels": [
                                                "map",
                                                "string"
                                              ],
                                              "prefix": "string",
                                              "wildcardPolicy": "string"
                                            }
                                          ],
                                          "type": "string"
                                        }
                                      ],
                                      "tls": [
                                        "object",
                                        {
                                          "directoryPathInContainer": "string",
                                          "enabled": "bool",
                                          "ignoreTrustStoreConfig": "bool",
                                          "jksPassword": [
                                            "object",
                                            {
                                              "secretRef": "string"
                                            }
                                          ],
                                          "secretRef": "string"
                                        }
                                      ]
                                    }
                                  ],
                                  "internal": [
                                    "object",
                                    {
                                      "port": "number",
                                      "tls": [
                                        "object",
                                        {
                                          "directoryPathInContainer": "string",
                                          "enabled": "bool",
                                          "ignoreTrustStoreConfig": "bool",
                                          "jksPassword": [
                                            "object",
                                            {
                                              "secretRef": "string"
                                            }
                                          ],
                                          "secretRef": "string"
                                        }
                                      ]
                                    }
                                  ]
                                }
                              ],
                              "provider": [
                                "object",
                                {
                                  "file": [
                                    "object",
                                    {
                                      "secretRef": "string"
                                    }
                                  ],
                                  "ldap": [
                                    "object",
                                    {
                                      "address": "string",
                                      "authentication": [
                                        "object",
                                        {
                                          "simple": [
                                            "object",
                                            {
                                              "directoryPathInContainer": "string",
                                              "secretRef": "string"
                                            }
                                          ],
                                          "type": "string"
                                        }
                                      ],
                                      "configurations": [
                                        "object",
                                        {
                                          "groupMemberAttribute": "string",
                                          "groupMemberAttributePattern": "string",
                                          "groupNameAttribute": "string",
                                          "groupObjectClass": "string",
                                          "groupSearchBase": "string",
                                          "groupSearchFilter": "string",
                                          "groupSearchScope": "number",
                                          "userMemberOfAttributePattern": "string",
                                          "userNameAttribute": "string",
                                          "userObjectClass": "string",
                                          "userSearchBase": "string",
                                          "userSearchFilter": "string",
                                          "userSearchScope": "number"
                                        }
                                      ],
                                      "tls": [
                                        "object",
                                        {
                                          "directoryPathInContainer": "string",
                                          "enabled": "bool",
                                          "ignoreTrustStoreConfig": "bool",
                                          "jksPassword": [
                                            "object",
                                            {
                                              "secretRef": "string"
                                            }
                                          ],
                                          "secretRef": "string"
                                        }
                                      ]
                                    }
                                  ],
                                  "mtls": [
                                    "object",
                                    {
                                      "principalMappingRules": [
                                        "list",
                                        "string"
                                      ],
                                      "sslClientAuthentication": "string"
                                    }
                                  ],
                                  "oauth": [
                                    "object",
                                    {
                                      "configurations": [
                                        "object",
                                        {
                                          "audience": "string",
                                          "clientAssertion": [
                                            "object",
                                            {
                                              "clientId": "string",
                                              "jwtTokenFile": [
                                                "object",
                                                {
                                                  "directoryPathInContainer": "string",
                                                  "secretRef": "string"
                                                }
                                              ],
                                              "localClientAssertion": [
                                                "object",
                                                {
                                                  "audience": "string",
                                                  "includeJtiClaim": "bool",
                                                  "includeNbfClaim": "bool",
                                                  "issuer": "string",
                                                  "privateKeyFile": [
                                                    "object",
                                                    {
                                                      "directoryPathInContainer": "string",
                                                      "encryptedPrivateKey": "bool",
                                                      "includeAssertionTemplate": "bool",
                                                      "secretRef": "string"
                                                    }
                                                  ],
                                                  "subject": "string",
                                                  "tokenLifetime": "number"
                                                }
                                              ]
                                            }
                                          ],
                                          "expectedIssuer": "string",
                                          "groupsClaimName": "string",
                                          "jwksEndpointUri": "string",
                                          "loginConnectTimeoutMs": "number",
                                          "loginReadTimeoutMs": "number",
                                          "loginRetryBackoffMaxMs": "number",
                                          "loginRetryBackoffMs": "number",
                                          "scope": "string",
                                          "subClaimName": "string",
                                          "tokenEndpointUri": "string"
                                        }
                                      ],
                                      "tls": [
                                        "object",
                                        {
                                          "directoryPathInContainer": "string",
                                          "enabled": "bool",
                                          "ignoreTrustStoreConfig": "bool",
                                          "jksPassword": [
                                            "object",
                                            {
                                              "secretRef": "string"
                                            }
                                          ],
                                          "secretRef": "string"
                                        }
                                      ]
                                    }
                                  ],
                                  "oidc": [
                                    "object",
                                    {
                                      "clientCredentials": [
                                        "object",
                                        {
                                          "directoryPathInContainer": "string",
                                          "secretRef": "string"
                                        }
                                      ],
                                      "configurations": [
                                        "object",
                                        {
                                          "audience": "string",
                                          "authorizeBaseEndpointUri": "string",
                                          "groupsClaimName": "string",
                                          "groupsClaimScope": "string",
                                          "issuer": "string",
                                          "jwksEndpointUri": "string",
                                          "refreshToken": "bool",
                                          "sessionMaxTimeout": "number",
                                          "sessionTokenExpiry": "number",
                                          "subClaimName": "string",
                                          "tokenBaseEndpointUri": "string"
                                        }
                                      ],
                                      "enabled": "bool"
                                    }
                                  ],
                                  "sso": [
                                    "object",
                                    {
                                      "clientCredentials": [
                                        "object",
                                        {
                                          "directoryPathInContainer": "string",
                                          "secretRef": "string"
                                        }
                                      ],
                                      "configurations": [
                                        "object",
                                        {
                                          "audience": "string",
                                          "authorizeBaseEndpointUri": "string",
                                          "groupsClaimName": "string",
                                          "groupsClaimScope": "string",
                                          "issuer": "string",
                                          "jwksEndpointUri": "string",
                                          "refreshToken": "bool",
                                          "sessionMaxTimeout": "number",
                                          "sessionTokenExpiry": "number",
                                          "subClaimName": "string",
                                          "tokenBaseEndpointUri": "string"
                                        }
                                      ],
                                      "enabled": "bool"
                                    }
                                  ],
                                  "type": "string"
                                }
                              ],
                              "tls": [
                                "object",
                                {
                                  "directoryPathInContainer": "string",
                                  "enabled": "bool",
                                  "ignoreTrustStoreConfig": "bool",
                                  "jksPassword": [
                                    "object",
                                    {
                                      "secretRef": "string"
                                    }
                                  ],
                                  "secretRef": "string"
                                }
                              ],
                              "tokenKeyPair": [
                                "object",
                                {
                                  "directoryPathInContainer": "string",
                                  "encryptedTokenKey": "bool",
                                  "secretRef": "string"
                                }
                              ]
                            }
                          ]
                        }
                      ],
                      "storageClass": [
                        "object",
                        {
                          "name": "string"
                        }
                      ],
                      "telemetry": [
                        "object",
                        {
                          "global": "bool"
                        }
                      ],
                      "tls": [
                        "object",
                        {
                          "autoGeneratedCerts": "bool",
                          "directoryPathInContainer": "string",
                          "fips": [
                            "object",
                            {
                              "enabled": "bool"
                            }
                          ],
                          "ignoreTrustStoreConfig": "bool",
                          "jksPassword": [
                            "object",
                            {
                              "secretRef": "string"
                            }
                          ],
                          "secretRef": "string"
                        }
                      ]
                    }
                  ]
                }
              ]
            },
            "timeouts": [],
            "wait": [],
            "wait_for": null
          },
          "sensitive_attributes": [],
          "identity_schema_version": 0
        }
      ]
    },
    {
      "mode": "managed",
      "type": "kubernetes_manifest",
      "name": "zookeeper",
      "provider": "provider[\"registry.terraform.io/hashicorp/kubernetes\"]",
      "instances": [
        {
          "schema_version": 1,
          "attributes": {
            "computed_fields": null,
            "field_manager": [],
            "manifest": {
              "value": {
                "apiVersion": "platform.confluent.io/v1beta1",
                "kind": "Zookeeper",
                "metadata": {
                  "name": "zookeeper",
                  "namespace": "confluent"
                },
                "spec": {
                  "dataVolumeCapacity": "5Gi",
                  "image": {
                    "application": "confluentinc/cp-zookeeper:7.5.0",
                    "init": "confluentinc/confluent-init-container:2.5.0"
                  },
                  "logVolumeCapacity": "10Gi",
                  "replicas": 1
                }
              },
              "type": [
                "object",
                {
                  "apiVersion": "string",
                  "kind": "string",
                  "metadata": [
                    "object",
                    {
                      "name": "string",
                      "namespace": "string"
                    }
                  ],
                  "spec": [
                    "object",
                    {
                      "dataVolumeCapacity": "string",
                      "image": [
                        "object",
                        {
                          "application": "string",
                          "init": "string"
                        }
                      ],
                      "logVolumeCapacity": "string",
                      "replicas": "number"
                    }
                  ]
                }
              ]
            },
            "object": {
              "value": {
                "apiVersion": "platform.confluent.io/v1beta1",
                "kind": "Zookeeper",
                "metadata": {
                  "annotations": null,
                  "creationTimestamp": null,
                  "deletionGracePeriodSeconds": null,
                  "deletionTimestamp": null,
                  "finalizers": [
                    "zookeeper.finalizers.platform.confluent.io"
                  ],
                  "generateName": null,
                  "generation": null,
                  "labels": null,
                  "managedFields": null,
                  "name": "zookeeper",
                  "namespace": "confluent",
                  "ownerReferences": null,
                  "resourceVersion": null,
                  "selfLink": null,
                  "uid": null
                },
                "spec": {
                  "authentication": {
                    "jaasConfig": {
                      "secretRef": null
                    },
                    "jaasConfigPassThrough": {
                      "directoryPathInContainer": null,
                      "secretRef": null
                    },
                    "oauthSettings": {
                      "audience": null,
                      "expectedIssuer": null,
                      "groupsClaimName": null,
                      "jwksEndpointUri": null,
                      "loginConnectTimeoutMs": null,
                      "loginReadTimeoutMs": null,
                      "loginRetryBackoffMaxMs": null,
                      "loginRetryBackoffMs": null,
                      "scope": null,
                      "subClaimName": null,
                      "tokenEndpointUri": null
                    },
                    "principalMappingRules": null,
                    "type": null
                  },
                  "configOverrides": {
                    "jvm": null,
                    "log4j": null,
                    "peers": null,
                    "server": null
                  },
                  "dataVolumeCapacity": "5Gi",
                  "externalAccess": {
                    "loadBalancer": {
                      "advertisedURL": {
                        "enabled": null,
                        "prefix": null
                      },
                      "annotations": null,
                      "domain": null,
                      "externalTrafficPolicy": null,
                      "labels": null,
                      "loadBalancerSourceRanges": null,
                      "port": null,
                      "prefix": null,
                      "servicePorts": null,
                      "sessionAffinity": null,
                      "sessionAffinityConfig": {
                        "clientIP": {
                          "timeoutSeconds": null
                        }
                      }
                    },
                    "nodePort": {
                      "advertisedURL": {
                        "enabled": null,
                        "prefix": null
                      },
                      "annotations": null,
                      "externalTrafficPolicy": null,
                      "host": null,
                      "labels": null,
                      "nodePortOffset": null,
                      "servicePorts": null,
                      "sessionAffinity": null,
                      "sessionAffinityConfig": {
                        "clientIP": {
                          "timeoutSeconds": null
                        }
                      }
                    },
                    "route": {
                      "advertisedURL": {
                        "enabled": null,
                        "prefix": null
                      },
                      "annotations": null,
                      "domain": null,
                      "labels": null,
                      "prefix": null,
                      "wildcardPolicy": null
                    },
                    "type": null
                  },
                  "headlessService": {
                    "annotations": null,
                    "labels": null,
                    "publishNotReadyAddresses": null
                  },
                  "image": {
                    "application": "confluentinc/cp-zookeeper:7.5.0",
                    "init": "confluentinc/confluent-init-container:2.5.0",
                    "pullPolicy": null,
                    "pullSecretRef": null
                  },
                  "injectAnnotations": null,
                  "injectLabels": null,
                  "k8sClusterDomain": null,
                  "license": {
                    "directoryPathInContainer": null,
                    "globalLicense": null,
                    "secretRef": null
                  },
                  "logVolumeCapacity": "10Gi",
                  "metrics": {
                    "authentication": {
                      "type": null
                    },
                    "prometheus": {
                      "blacklist": null,
                      "rules": null,
                      "whitelist": null
                    },
                    "tls": {
                      "directoryPathInContainer": null,
                      "enabled": null,
                      "ignoreTrustStoreConfig": null,
                      "jksPassword": {
                        "secretRef": null
                      },
                      "secretRef": null
                    }
                  },
                  "mountedSecrets": null,
                  "mountedVolumes": {
                    "volumeMounts": null,
                    "volumes": null
                  },
                  "oneReplicaPerNode": null,
                  "pdb": {
                    "enabled": null,
                    "maxUnavailable": null
                  },
                  "peers": null,
                  "podTemplate": {
                    "affinity": {
                      "nodeAffinity": {
                        "preferredDuringSchedulingIgnoredDuringExecution": null,
                        "requiredDuringSchedulingIgnoredDuringExecution": {
                          "nodeSelectorTerms": null
                        }
                      },
                      "podAffinity": {
                        "preferredDuringSchedulingIgnoredDuringExecution": null,
                        "requiredDuringSchedulingIgnoredDuringExecution": null
                      },
                      "podAntiAffinity": {
                        "preferredDuringSchedulingIgnoredDuringExecution": null,
                        "requiredDuringSchedulingIgnoredDuringExecution": null
                      }
                    },
                    "annotations": null,
                    "envVars": null,
                    "labels": null,
                    "podSecurityContext": {
                      "fsGroup": null,
                      "fsGroupChangePolicy": null,
                      "runAsGroup": null,
                      "runAsNonRoot": null,
                      "runAsUser": null,
                      "seLinuxOptions": {
                        "level": null,
                        "role": null,
                        "type": null,
                        "user": null
                      },
                      "seccompProfile": {
                        "localhostProfile": null,
                        "type": null
                      },
                      "supplementalGroups": null,
                      "sysctls": null,
                      "windowsOptions": {
                        "gmsaCredentialSpec": null,
                        "gmsaCredentialSpecName": null,
                        "hostProcess": null,
                        "runAsUserName": null
                      }
                    },
                    "priorityClassName": null,
                    "probe": {
                      "liveness": {
                        "failureThreshold": null,
                        "initialDelaySeconds": null,
                        "path": null,
                        "periodSeconds": null,
                        "port": null,
                        "successThreshold": null,
                        "timeoutSeconds": null
                      },
                      "readiness": {
                        "failureThreshold": null,
                        "initialDelaySeconds": null,
                        "path": null,
                        "periodSeconds": null,
                        "port": null,
                        "successThreshold": null,
                        "timeoutSeconds": null
                      }
                    },
                    "resources": {
                      "claims": null,
                      "limits": null,
                      "requests": null
                    },
                    "securityContext": {
                      "allowPrivilegeEscalation": null,
                      "capabilities": {
                        "add": null,
                        "drop": null
                      },
                      "privileged": null,
                      "procMount": null,
                      "readOnlyRootFilesystem": null,
                      "runAsGroup": null,
                      "runAsNonRoot": null,
                      "runAsUser": null,
                      "seLinuxOptions": {
                        "level": null,
                        "role": null,
                        "type": null,
                        "user": null
                      },
                      "seccompProfile": {
                        "localhostProfile": null,
                        "type": null
                      },
                      "windowsOptions": {
                        "gmsaCredentialSpec": null,
                        "gmsaCredentialSpecName": null,
                        "hostProcess": null,
                        "runAsUserName": null
                      }
                    },
                    "serviceAccountName": null,
                    "terminationGracePeriodSeconds": null,
                    "tolerations": null,
                    "topologySpreadConstraints": null
                  },
                  "replicas": 1,
                  "storageClass": {
                    "name": null
                  },
                  "tls": {
                    "autoGeneratedCerts": null,
                    "directoryPathInContainer": null,
                    "fips": {
                      "enabled": null
                    },
                    "ignoreTrustStoreConfig": null,
                    "jksPassword": {
                      "secretRef": null
                    },
                    "secretRef": null
                  }
                }
              },
              "type": [
                "object",
                {
                  "apiVersion": "string",
                  "kind": "string",
                  "metadata": [
                    "object",
                    {
                      "annotations": [
                        "map",
                        "string"
                      ],
                      "creationTimestamp": "string",
                      "deletionGracePeriodSeconds": "number",
                      "deletionTimestamp": "string",
                      "finalizers": [
                        "list",
                        "string"
                      ],
                      "generateName": "string",
                      "generation": "number",
                      "labels": [
                        "map",
                        "string"
                      ],
                      "managedFields": [
                        "tuple",
                        [
                          [
                            "object",
                            {
                              "apiVersion": "string",
                              "fieldsType": "string",
                              "fieldsV1": "dynamic",
                              "manager": "string",
                              "operation": "string",
                              "subresource": "string",
                              "time": "string"
                            }
                          ]
                        ]
                      ],
                      "name": "string",
                      "namespace": "string",
                      "ownerReferences": [
                        "list",
                        [
                          "object",
                          {
                            "apiVersion": "string",
                            "blockOwnerDeletion": "bool",
                            "controller": "bool",
                            "kind": "string",
                            "name": "string",
                            "uid": "string"
                          }
                        ]
                      ],
                      "resourceVersion": "string",
                      "selfLink": "string",
                      "uid": "string"
                    }
                  ],
                  "spec": [
                    "object",
                    {
                      "authentication": [
                        "object",
                        {
                          "jaasConfig": [
                            "object",
                            {
                              "secretRef": "string"
                            }
                          ],
                          "jaasConfigPassThrough": [
                            "object",
                            {
                              "directoryPathInContainer": "string",
                              "secretRef": "string"
                            }
                          ],
                          "oauthSettings": [
                            "object",
                            {
                              "audience": "string",
                              "expectedIssuer": "string",
                              "groupsClaimName": "string",
                              "jwksEndpointUri": "string",
                              "loginConnectTimeoutMs": "number",
                              "loginReadTimeoutMs": "number",
                              "loginRetryBackoffMaxMs": "number",
                              "loginRetryBackoffMs": "number",
                              "scope": "string",
                              "subClaimName": "string",
                              "tokenEndpointUri": "string"
                            }
                          ],
                          "principalMappingRules": [
                            "list",
                            "string"
                          ],
                          "type": "string"
                        }
                      ],
                      "configOverrides": [
                        "object",
                        {
                          "jvm": [
                            "list",
                            "string"
                          ],
                          "log4j": [
                            "list",
                            "string"
                          ],
                          "peers": [
                            "list",
                            "string"
                          ],
                          "server": [
                            "list",
                            "string"
                          ]
                        }
                      ],
                      "dataVolumeCapacity": "string",
                      "externalAccess": [
                        "object",
                        {
                          "loadBalancer": [
                            "object",
                            {
                              "advertisedURL": [
                                "object",
                                {
                                  "enabled": "bool",
                                  "prefix": "string"
                                }
                              ],
                              "annotations": [
                                "map",
                                "string"
                              ],
                              "domain": "string",
                              "externalTrafficPolicy": "string",
                              "labels": [
                                "map",
                                "string"
                              ],
                              "loadBalancerSourceRanges": [
                                "list",
                                "string"
                              ],
                              "port": "number",
                              "prefix": "string",
                              "servicePorts": [
                                "list",
                                [
                                  "object",
                                  {
                                    "appProtocol": "string",
                                    "name": "string",
                                    "nodePort": "number",
                                    "port": "number",
                                    "protocol": "string",
                                    "targetPort": "string"
                                  }
                                ]
                              ],
                              "sessionAffinity": "string",
                              "sessionAffinityConfig": [
                                "object",
                                {
                                  "clientIP": [
                                    "object",
                                    {
                                      "timeoutSeconds": "number"
                                    }
                                  ]
                                }
                              ]
                            }
                          ],
                          "nodePort": [
                            "object",
                            {
                              "advertisedURL": [
                                "object",
                                {
                                  "enabled": "bool",
                                  "prefix": "string"
                                }
                              ],
                              "annotations": [
                                "map",
                                "string"
                              ],
                              "externalTrafficPolicy": "string",
                              "host": "string",
                              "labels": [
                                "map",
                                "string"
                              ],
                              "nodePortOffset": "number",
                              "servicePorts": [
                                "list",
                                [
                                  "object",
                                  {
                                    "appProtocol": "string",
                                    "name": "string",
                                    "nodePort": "number",
                                    "port": "number",
                                    "protocol": "string",
                                    "targetPort": "string"
                                  }
                                ]
                              ],
                              "sessionAffinity": "string",
                              "sessionAffinityConfig": [
                                "object",
                                {
                                  "clientIP": [
                                    "object",
                                    {
                                      "timeoutSeconds": "number"
                                    }
                                  ]
                                }
                              ]
                            }
                          ],
                          "route": [
                            "object",
                            {
                              "advertisedURL": [
                                "object",
                                {
                                  "enabled": "bool",
                                  "prefix": "string"
                                }
                              ],
                              "annotations": [
                                "map",
                                "string"
                              ],
                              "domain": "string",
                              "labels": [
                                "map",
                                "string"
                              ],
                              "prefix": "string",
                              "wildcardPolicy": "string"
                            }
                          ],
                          "type": "string"
                        }
                      ],
                      "headlessService": [
                        "object",
                        {
                          "annotations": [
                            "map",
                            "string"
                          ],
                          "labels": [
                            "map",
                            "string"
                          ],
                          "publishNotReadyAddresses": "bool"
                        }
                      ],
                      "image": [
                        "object",
                        {
                          "application": "string",
                          "init": "string",
                          "pullPolicy": "string",
                          "pullSecretRef": [
                            "list",
                            "string"
                          ]
                        }
                      ],
                      "injectAnnotations": [
                        "map",
                        "string"
                      ],
                      "injectLabels": [
                        "map",
                        "string"
                      ],
                      "k8sClusterDomain": "string",
                      "license": [
                        "object",
                        {
                          "directoryPathInContainer": "string",
                          "globalLicense": "bool",
                          "secretRef": "string"
                        }
                      ],
                      "logVolumeCapacity": "string",
                      "metrics": [
                        "object",
                        {
                          "authentication": [
                            "object",
                            {
                              "type": "string"
                            }
                          ],
                          "prometheus": [
                            "object",
                            {
                              "blacklist": [
                                "list",
                                "string"
                              ],
                              "rules": [
                                "list",
                                [
                                  "object",
                                  {
                                    "attrNameSnakeCase": "bool",
                                    "cache": "bool",
                                    "help": "string",
                                    "labels": [
                                      "map",
                                      "string"
                                    ],
                                    "name": "string",
                                    "pattern": "string",
                                    "type": "string",
                                    "value": "string",
                                    "valueFactor": "string"
                                  }
                                ]
                              ],
                              "whitelist": [
                                "list",
                                "string"
                              ]
                            }
                          ],
                          "tls": [
                            "object",
                            {
                              "directoryPathInContainer": "string",
                              "enabled": "bool",
                              "ignoreTrustStoreConfig": "bool",
                              "jksPassword": [
                                "object",
                                {
                                  "secretRef": "string"
                                }
                              ],
                              "secretRef": "string"
                            }
                          ]
                        }
                      ],
                      "mountedSecrets": [
                        "list",
                        [
                          "object",
                          {
                            "keyItems": [
                              "list",
                              [
                                "object",
                                {
                                  "key": "string",
                                  "mode": "number",
                                  "path": "string"
                                }
                              ]
                            ],
                            "secretRef": "string"
                          }
                        ]
                      ],
                      "mountedVolumes": [
                        "object",
                        {
                          "volumeMounts": [
                            "list",
                            [
                              "object",
                              {
                                "mountPath": "string",
                                "mountPropagation": "string",
                                "name": "string",
                                "readOnly": "bool",
                                "subPath": "string",
                                "subPathExpr": "string"
                              }
                            ]
                          ],
                          "volumes": [
                            "tuple",
                            [
                              [
                                "object",
                                {
                                  "awsElasticBlockStore": [
                                    "object",
                                    {
                                      "fsType": "string",
                                      "partition": "number",
                                      "readOnly": "bool",
                                      "volumeID": "string"
                                    }
                                  ],
                                  "azureDisk": [
                                    "object",
                                    {
                                      "cachingMode": "string",
                                      "diskName": "string",
                                      "diskURI": "string",
                                      "fsType": "string",
                                      "kind": "string",
                                      "readOnly": "bool"
                                    }
                                  ],
                                  "azureFile": [
                                    "object",
                                    {
                                      "readOnly": "bool",
                                      "secretName": "string",
                                      "shareName": "string"
                                    }
                                  ],
                                  "cephfs": [
                                    "object",
                                    {
                                      "monitors": [
                                        "list",
                                        "string"
                                      ],
                                      "path": "string",
                                      "readOnly": "bool",
                                      "secretFile": "string",
                                      "secretRef": [
                                        "object",
                                        {
                                          "name": "string"
                                        }
                                      ],
                                      "user": "string"
                                    }
                                  ],
                                  "cinder": [
                                    "object",
                                    {
                                      "fsType": "string",
                                      "readOnly": "bool",
                                      "secretRef": [
                                        "object",
                                        {
                                          "name": "string"
                                        }
                                      ],
                                      "volumeID": "string"
                                    }
                                  ],
                                  "configMap": [
                                    "object",
                                    {
                                      "defaultMode": "number",
                                      "items": [
                                        "list",
                                        [
                                          "object",
                                          {
                                            "key": "string",
                                            "mode": "number",
                                            "path": "string"
                                          }
                                        ]
                                      ],
                                      "name": "string",
                                      "optional": "bool"
                                    }
                                  ],
                                  "csi": [
                                    "object",
                                    {
                                      "driver": "string",
                                      "fsType": "string",
                                      "nodePublishSecretRef": [
                                        "object",
                                        {
                                          "name": "string"
                                        }
                                      ],
                                      "readOnly": "bool",
                                      "volumeAttributes": [
                                        "map",
                                        "string"
                                      ]
                                    }
                                  ],
                                  "downwardAPI": [
                                    "object",
                                    {
                                      "defaultMode": "number",
                                      "items": [
                                        "list",
                                        [
                                          "object",
                                          {
                                            "fieldRef": [
                                              "object",
                                              {
                                                "apiVersion": "string",
                                                "fieldPath": "string"
                                              }
                                            ],
                                            "mode": "number",
                                            "path": "string",
                                            "resourceFieldRef": [
                                              "object",
                                              {
                                                "containerName": "string",
                                                "divisor": "string",
                                                "resource": "string"
                                              }
                                            ]
                                          }
                                        ]
                                      ]
                                    }
                                  ],
                                  "emptyDir": [
                                    "object",
                                    {
                                      "medium": "string",
                                      "sizeLimit": "string"
                                    }
                                  ],
                                  "ephemeral": [
                                    "object",
                                    {
                                      "volumeClaimTemplate": [
                                        "object",
                                        {
                                          "metadata": "dynamic",
                                          "spec": [
                                            "object",
                                            {
                                              "accessModes": [
                                                "list",
                                                "string"
                                              ],
                                              "dataSource": [
                                                "object",
                                                {
                                                  "apiGroup": "string",
                                                  "kind": "string",
                                                  "name": "string"
                                                }
                                              ],
                                              "dataSourceRef": [
                                                "object",
                                                {
                                                  "apiGroup": "string",
                                                  "kind": "string",
                                                  "name": "string",
                                                  "namespace": "string"
                                                }
                                              ],
                                              "resources": [
                                                "object",
                                                {
                                                  "limits": [
                                                    "map",
                                                    "string"
                                                  ],
                                                  "requests": [
                                                    "map",
                                                    "string"
                                                  ]
                                                }
                                              ],
                                              "selector": [
                                                "object",
                                                {
                                                  "matchExpressions": [
                                                    "list",
                                                    [
                                                      "object",
                                                      {
                                                        "key": "string",
                                                        "operator": "string",
                                                        "values": [
                                                          "list",
                                                          "string"
                                                        ]
                                                      }
                                                    ]
                                                  ],
                                                  "matchLabels": [
                                                    "map",
                                                    "string"
                                                  ]
                                                }
                                              ],
                                              "storageClassName": "string",
                                              "volumeAttributesClassName": "string",
                                              "volumeMode": "string",
                                              "volumeName": "string"
                                            }
                                          ]
                                        }
                                      ]
                                    }
                                  ],
                                  "fc": [
                                    "object",
                                    {
                                      "fsType": "string",
                                      "lun": "number",
                                      "readOnly": "bool",
                                      "targetWWNs": [
                                        "list",
                                        "string"
                                      ],
                                      "wwids": [
                                        "list",
                                        "string"
                                      ]
                                    }
                                  ],
                                  "flexVolume": [
                                    "object",
                                    {
                                      "driver": "string",
                                      "fsType": "string",
                                      "options": [
                                        "map",
                                        "string"
                                      ],
                                      "readOnly": "bool",
                                      "secretRef": [
                                        "object",
                                        {
                                          "name": "string"
                                        }
                                      ]
                                    }
                                  ],
                                  "flocker": [
                                    "object",
                                    {
                                      "datasetName": "string",
                                      "datasetUUID": "string"
                                    }
                                  ],
                                  "gcePersistentDisk": [
                                    "object",
                                    {
                                      "fsType": "string",
                                      "partition": "number",
                                      "pdName": "string",
                                      "readOnly": "bool"
                                    }
                                  ],
                                  "gitRepo": [
                                    "object",
                                    {
                                      "directory": "string",
                                      "repository": "string",
                                      "revision": "string"
                                    }
                                  ],
                                  "glusterfs": [
                                    "object",
                                    {
                                      "endpoints": "string",
                                      "path": "string",
                                      "readOnly": "bool"
                                    }
                                  ],
                                  "hostPath": [
                                    "object",
                                    {
                                      "path": "string",
                                      "type": "string"
                                    }
                                  ],
                                  "iscsi": [
                                    "object",
                                    {
                                      "chapAuthDiscovery": "bool",
                                      "chapAuthSession": "bool",
                                      "fsType": "string",
                                      "initiatorName": "string",
                                      "iqn": "string",
                                      "iscsiInterface": "string",
                                      "lun": "number",
                                      "portals": [
                                        "list",
                                        "string"
                                      ],
                                      "readOnly": "bool",
                                      "secretRef": [
                                        "object",
                                        {
                                          "name": "string"
                                        }
                                      ],
                                      "targetPortal": "string"
                                    }
                                  ],
                                  "name": "string",
                                  "nfs": [
                                    "object",
                                    {
                                      "path": "string",
                                      "readOnly": "bool",
                                      "server": "string"
                                    }
                                  ],
                                  "persistentVolumeClaim": [
                                    "object",
                                    {
                                      "claimName": "string",
                                      "readOnly": "bool"
                                    }
                                  ],
                                  "photonPersistentDisk": [
                                    "object",
                                    {
                                      "fsType": "string",
                                      "pdID": "string"
                                    }
                                  ],
                                  "portworxVolume": [
                                    "object",
                                    {
                                      "fsType": "string",
                                      "readOnly": "bool",
                                      "volumeID": "string"
                                    }
                                  ],
                                  "projected": [
                                    "object",
                                    {
                                      "defaultMode": "number",
                                      "sources": [
                                        "list",
                                        [
                                          "object",
                                          {
                                            "clusterTrustBundle": [
                                              "object",
                                              {
                                                "labelSelector": [
                                                  "object",
                                                  {
                                                    "matchExpressions": [
                                                      "list",
                                                      [
                                                        "object",
                                                        {
                                                          "key": "string",
                                                          "operator": "string",
                                                          "values": [
                                                            "list",
                                                            "string"
                                                          ]
                                                        }
                                                      ]
                                                    ],
                                                    "matchLabels": [
                                                      "map",
                                                      "string"
                                                    ]
                                                  }
                                                ],
                                                "name": "string",
                                                "optional": "bool",
                                                "path": "string",
                                                "signerName": "string"
                                              }
                                            ],
                                            "configMap": [
                                              "object",
                                              {
                                                "items": [
                                                  "list",
                                                  [
                                                    "object",
                                                    {
                                                      "key": "string",
                                                      "mode": "number",
                                                      "path": "string"
                                                    }
                                                  ]
                                                ],
                                                "name": "string",
                                                "optional": "bool"
                                              }
                                            ],
                                            "downwardAPI": [
                                              "object",
                                              {
                                                "items": [
                                                  "list",
                                                  [
                                                    "object",
                                                    {
                                                      "fieldRef": [
                                                        "object",
                                                        {
                                                          "apiVersion": "string",
                                                          "fieldPath": "string"
                                                        }
                                                      ],
                                                      "mode": "number",
                                                      "path": "string",
                                                      "resourceFieldRef": [
                                                        "object",
                                                        {
                                                          "containerName": "string",
                                                          "divisor": "string",
                                                          "resource": "string"
                                                        }
                                                      ]
                                                    }
                                                  ]
                                                ]
                                              }
                                            ],
                                            "secret": [
                                              "object",
                                              {
                                                "items": [
                                                  "list",
                                                  [
                                                    "object",
                                                    {
                                                      "key": "string",
                                                      "mode": "number",
                                                      "path": "string"
                                                    }
                                                  ]
                                                ],
                                                "name": "string",
                                                "optional": "bool"
                                              }
                                            ],
                                            "serviceAccountToken": [
                                              "object",
                                              {
                                                "audience": "string",
                                                "expirationSeconds": "number",
                                                "path": "string"
                                              }
                                            ]
                                          }
                                        ]
                                      ]
                                    }
                                  ],
                                  "quobyte": [
                                    "object",
                                    {
                                      "group": "string",
                                      "readOnly": "bool",
                                      "registry": "string",
                                      "tenant": "string",
                                      "user": "string",
                                      "volume": "string"
                                    }
                                  ],
                                  "rbd": [
                                    "object",
                                    {
                                      "fsType": "string",
                                      "image": "string",
                                      "keyring": "string",
                                      "monitors": [
                                        "list",
                                        "string"
                                      ],
                                      "pool": "string",
                                      "readOnly": "bool",
                                      "secretRef": [
                                        "object",
                                        {
                                          "name": "string"
                                        }
                                      ],
                                      "user": "string"
                                    }
                                  ],
                                  "scaleIO": [
                                    "object",
                                    {
                                      "fsType": "string",
                                      "gateway": "string",
                                      "protectionDomain": "string",
                                      "readOnly": "bool",
                                      "secretRef": [
                                        "object",
                                        {
                                          "name": "string"
                                        }
                                      ],
                                      "sslEnabled": "bool",
                                      "storageMode": "string",
                                      "storagePool": "string",
                                      "system": "string",
                                      "volumeName": "string"
                                    }
                                  ],
                                  "secret": [
                                    "object",
                                    {
                                      "defaultMode": "number",
                                      "items": [
                                        "list",
                                        [
                                          "object",
                                          {
                                            "key": "string",
                                            "mode": "number",
                                            "path": "string"
                                          }
                                        ]
                                      ],
                                      "optional": "bool",
                                      "secretName": "string"
                                    }
                                  ],
                                  "storageos": [
                                    "object",
                                    {
                                      "fsType": "string",
                                      "readOnly": "bool",
                                      "secretRef": [
                                        "object",
                                        {
                                          "name": "string"
                                        }
                                      ],
                                      "volumeName": "string",
                                      "volumeNamespace": "string"
                                    }
                                  ],
                                  "vsphereVolume": [
                                    "object",
                                    {
                                      "fsType": "string",
                                      "storagePolicyID": "string",
                                      "storagePolicyName": "string",
                                      "volumePath": "string"
                                    }
                                  ]
                                }
                              ]
                            ]
                          ]
                        }
                      ],
                      "oneReplicaPerNode": "bool",
                      "pdb": [
                        "object",
                        {
                          "enabled": "bool",
                          "maxUnavailable": "number"
                        }
                      ],
                      "peers": [
                        "list",
                        "string"
                      ],
                      "podTemplate": [
                        "object",
                        {
                          "affinity": [
                            "object",
                            {
                              "nodeAffinity": [
                                "object",
                                {
                                  "preferredDuringSchedulingIgnoredDuringExecution": [
                                    "list",
                                    [
                                      "object",
                                      {
                                        "preference": [
                                          "object",
                                          {
                                            "matchExpressions": [
                                              "list",
                                              [
                                                "object",
                                                {
                                                  "key": "string",
                                                  "operator": "string",
                                                  "values": [
                                                    "list",
                                                    "string"
                                                  ]
                                                }
                                              ]
                                            ],
                                            "matchFields": [
                                              "list",
                                              [
                                                "object",
                                                {
                                                  "key": "string",
                                                  "operator": "string",
                                                  "values": [
                                                    "list",
                                                    "string"
                                                  ]
                                                }
                                              ]
                                            ]
                                          }
                                        ],
                                        "weight": "number"
                                      }
                                    ]
                                  ],
                                  "requiredDuringSchedulingIgnoredDuringExecution": [
                                    "object",
                                    {
                                      "nodeSelectorTerms": [
                                        "list",
                                        [
                                          "object",
                                          {
                                            "matchExpressions": [
                                              "list",
                                              [
                                                "object",
                                                {
                                                  "key": "string",
                                                  "operator": "string",
                                                  "values": [
                                                    "list",
                                                    "string"
                                                  ]
                                                }
                                              ]
                                            ],
                                            "matchFields": [
                                              "list",
                                              [
                                                "object",
                                                {
                                                  "key": "string",
                                                  "operator": "string",
                                                  "values": [
                                                    "list",
                                                    "string"
                                                  ]
                                                }
                                              ]
                                            ]
                                          }
                                        ]
                                      ]
                                    }
                                  ]
                                }
                              ],
                              "podAffinity": [
                                "object",
                                {
                                  "preferredDuringSchedulingIgnoredDuringExecution": [
                                    "list",
                                    [
                                      "object",
                                      {
                                        "podAffinityTerm": [
                                          "object",
                                          {
                                            "labelSelector": [
                                              "object",
                                              {
                                                "matchExpressions": [
                                                  "list",
                                                  [
                                                    "object",
                                                    {
                                                      "key": "string",
                                                      "operator": "string",
                                                      "values": [
                                                        "list",
                                                        "string"
                                                      ]
                                                    }
                                                  ]
                                                ],
                                                "matchLabels": [
                                                  "map",
                                                  "string"
                                                ]
                                              }
                                            ],
                                            "matchLabelKeys": [
                                              "list",
                                              "string"
                                            ],
                                            "mismatchLabelKeys": [
                                              "list",
                                              "string"
                                            ],
                                            "namespaceSelector": [
                                              "object",
                                              {
                                                "matchExpressions": [
                                                  "list",
                                                  [
                                                    "object",
                                                    {
                                                      "key": "string",
                                                      "operator": "string",
                                                      "values": [
                                                        "list",
                                                        "string"
                                                      ]
                                                    }
                                                  ]
                                                ],
                                                "matchLabels": [
                                                  "map",
                                                  "string"
                                                ]
                                              }
                                            ],
                                            "namespaces": [
                                              "list",
                                              "string"
                                            ],
                                            "topologyKey": "string"
                                          }
                                        ],
                                        "weight": "number"
                                      }
                                    ]
                                  ],
                                  "requiredDuringSchedulingIgnoredDuringExecution": [
                                    "list",
                                    [
                                      "object",
                                      {
                                        "labelSelector": [
                                          "object",
                                          {
                                            "matchExpressions": [
                                              "list",
                                              [
                                                "object",
                                                {
                                                  "key": "string",
                                                  "operator": "string",
                                                  "values": [
                                                    "list",
                                                    "string"
                                                  ]
                                                }
                                              ]
                                            ],
                                            "matchLabels": [
                                              "map",
                                              "string"
                                            ]
                                          }
                                        ],
                                        "matchLabelKeys": [
                                          "list",
                                          "string"
                                        ],
                                        "mismatchLabelKeys": [
                                          "list",
                                          "string"
                                        ],
                                        "namespaceSelector": [
                                          "object",
                                          {
                                            "matchExpressions": [
                                              "list",
                                              [
                                                "object",
                                                {
                                                  "key": "string",
                                                  "operator": "string",
                                                  "values": [
                                                    "list",
                                                    "string"
                                                  ]
                                                }
                                              ]
                                            ],
                                            "matchLabels": [
                                              "map",
                                              "string"
                                            ]
                                          }
                                        ],
                                        "namespaces": [
                                          "list",
                                          "string"
                                        ],
                                        "topologyKey": "string"
                                      }
                                    ]
                                  ]
                                }
                              ],
                              "podAntiAffinity": [
                                "object",
                                {
                                  "preferredDuringSchedulingIgnoredDuringExecution": [
                                    "list",
                                    [
                                      "object",
                                      {
                                        "podAffinityTerm": [
                                          "object",
                                          {
                                            "labelSelector": [
                                              "object",
                                              {
                                                "matchExpressions": [
                                                  "list",
                                                  [
                                                    "object",
                                                    {
                                                      "key": "string",
                                                      "operator": "string",
                                                      "values": [
                                                        "list",
                                                        "string"
                                                      ]
                                                    }
                                                  ]
                                                ],
                                                "matchLabels": [
                                                  "map",
                                                  "string"
                                                ]
                                              }
                                            ],
                                            "matchLabelKeys": [
                                              "list",
                                              "string"
                                            ],
                                            "mismatchLabelKeys": [
                                              "list",
                                              "string"
                                            ],
                                            "namespaceSelector": [
                                              "object",
                                              {
                                                "matchExpressions": [
                                                  "list",
                                                  [
                                                    "object",
                                                    {
                                                      "key": "string",
                                                      "operator": "string",
                                                      "values": [
                                                        "list",
                                                        "string"
                                                      ]
                                                    }
                                                  ]
                                                ],
                                                "matchLabels": [
                                                  "map",
                                                  "string"
                                                ]
                                              }
                                            ],
                                            "namespaces": [
                                              "list",
                                              "string"
                                            ],
                                            "topologyKey": "string"
                                          }
                                        ],
                                        "weight": "number"
                                      }
                                    ]
                                  ],
                                  "requiredDuringSchedulingIgnoredDuringExecution": [
                                    "list",
                                    [
                                      "object",
                                      {
                                        "labelSelector": [
                                          "object",
                                          {
                                            "matchExpressions": [
                                              "list",
                                              [
                                                "object",
                                                {
                                                  "key": "string",
                                                  "operator": "string",
                                                  "values": [
                                                    "list",
                                                    "string"
                                                  ]
                                                }
                                              ]
                                            ],
                                            "matchLabels": [
                                              "map",
                                              "string"
                                            ]
                                          }
                                        ],
                                        "matchLabelKeys": [
                                          "list",
                                          "string"
                                        ],
                                        "mismatchLabelKeys": [
                                          "list",
                                          "string"
                                        ],
                                        "namespaceSelector": [
                                          "object",
                                          {
                                            "matchExpressions": [
                                              "list",
                                              [
                                                "object",
                                                {
                                                  "key": "string",
                                                  "operator": "string",
                                                  "values": [
                                                    "list",
                                                    "string"
                                                  ]
                                                }
                                              ]
                                            ],
                                            "matchLabels": [
                                              "map",
                                              "string"
                                            ]
                                          }
                                        ],
                                        "namespaces": [
                                          "list",
                                          "string"
                                        ],
                                        "topologyKey": "string"
                                      }
                                    ]
                                  ]
                                }
                              ]
                            }
                          ],
                          "annotations": [
                            "map",
                            "string"
                          ],
                          "envVars": [
                            "list",
                            [
                              "object",
                              {
                                "name": "string",
                                "value": "string",
                                "valueFrom": [
                                  "object",
                                  {
                                    "configMapKeyRef": [
                                      "object",
                                      {
                                        "key": "string",
                                        "name": "string",
                                        "optional": "bool"
                                      }
                                    ],
                                    "fieldRef": [
                                      "object",
                                      {
                                        "apiVersion": "string",
                                        "fieldPath": "string"
                                      }
                                    ],
                                    "resourceFieldRef": [
                                      "object",
                                      {
                                        "containerName": "string",
                                        "divisor": "string",
                                        "resource": "string"
                                      }
                                    ],
                                    "secretKeyRef": [
                                      "object",
                                      {
                                        "key": "string",
                                        "name": "string",
                                        "optional": "bool"
                                      }
                                    ]
                                  }
                                ]
                              }
                            ]
                          ],
                          "labels": [
                            "map",
                            "string"
                          ],
                          "podSecurityContext": [
                            "object",
                            {
                              "fsGroup": "number",
                              "fsGroupChangePolicy": "string",
                              "runAsGroup": "number",
                              "runAsNonRoot": "bool",
                              "runAsUser": "number",
                              "seLinuxOptions": [
                                "object",
                                {
                                  "level": "string",
                                  "role": "string",
                                  "type": "string",
                                  "user": "string"
                                }
                              ],
                              "seccompProfile": [
                                "object",
                                {
                                  "localhostProfile": "string",
                                  "type": "string"
                                }
                              ],
                              "supplementalGroups": [
                                "list",
                                "number"
                              ],
                              "sysctls": [
                                "list",
                                [
                                  "object",
                                  {
                                    "name": "string",
                                    "value": "string"
                                  }
                                ]
                              ],
                              "windowsOptions": [
                                "object",
                                {
                                  "gmsaCredentialSpec": "string",
                                  "gmsaCredentialSpecName": "string",
                                  "hostProcess": "bool",
                                  "runAsUserName": "string"
                                }
                              ]
                            }
                          ],
                          "priorityClassName": "string",
                          "probe": [
                            "object",
                            {
                              "liveness": [
                                "object",
                                {
                                  "failureThreshold": "number",
                                  "initialDelaySeconds": "number",
                                  "path": "string",
                                  "periodSeconds": "number",
                                  "port": "number",
                                  "successThreshold": "number",
                                  "timeoutSeconds": "number"
                                }
                              ],
                              "readiness": [
                                "object",
                                {
                                  "failureThreshold": "number",
                                  "initialDelaySeconds": "number",
                                  "path": "string",
                                  "periodSeconds": "number",
                                  "port": "number",
                                  "successThreshold": "number",
                                  "timeoutSeconds": "number"
                                }
                              ]
                            }
                          ],
                          "resources": [
                            "object",
                            {
                              "claims": [
                                "list",
                                [
                                  "object",
                                  {
                                    "name": "string"
                                  }
                                ]
                              ],
                              "limits": [
                                "map",
                                "string"
                              ],
                              "requests": [
                                "map",
                                "string"
                              ]
                            }
                          ],
                          "securityContext": [
                            "object",
                            {
                              "allowPrivilegeEscalation": "bool",
                              "capabilities": [
                                "object",
                                {
                                  "add": [
                                    "list",
                                    "string"
                                  ],
                                  "drop": [
                                    "list",
                                    "string"
                                  ]
                                }
                              ],
                              "privileged": "bool",
                              "procMount": "string",
                              "readOnlyRootFilesystem": "bool",
                              "runAsGroup": "number",
                              "runAsNonRoot": "bool",
                              "runAsUser": "number",
                              "seLinuxOptions": [
                                "object",
                                {
                                  "level": "string",
                                  "role": "string",
                                  "type": "string",
                                  "user": "string"
                                }
                              ],
                              "seccompProfile": [
                                "object",
                                {
                                  "localhostProfile": "string",
                                  "type": "string"
                                }
                              ],
                              "windowsOptions": [
                                "object",
                                {
                                  "gmsaCredentialSpec": "string",
                                  "gmsaCredentialSpecName": "string",
                                  "hostProcess": "bool",
                                  "runAsUserName": "string"
                                }
                              ]
                            }
                          ],
                          "serviceAccountName": "string",
                          "terminationGracePeriodSeconds": "number",
                          "tolerations": [
                            "list",
                            [
                              "object",
                              {
                                "effect": "string",
                                "key": "string",
                                "operator": "string",
                                "tolerationSeconds": "number",
                                "value": "string"
                              }
                            ]
                          ],
                          "topologySpreadConstraints": [
                            "list",
                            [
                              "object",
                              {
                                "labelSelector": [
                                  "object",
                                  {
                                    "matchExpressions": [
                                      "list",
                                      [
                                        "object",
                                        {
                                          "key": "string",
                                          "operator": "string",
                                          "values": [
                                            "list",
                                            "string"
                                          ]
                                        }
                                      ]
                                    ],
                                    "matchLabels": [
                                      "map",
                                      "string"
                                    ]
                                  }
                                ],
                                "matchLabelKeys": [
                                  "list",
                                  "string"
                                ],
                                "maxSkew": "number",
                                "minDomains": "number",
                                "nodeAffinityPolicy": "string",
                                "nodeTaintsPolicy": "string",
                                "topologyKey": "string",
                                "whenUnsatisfiable": "string"
                              }
                            ]
                          ]
                        }
                      ],
                      "replicas": "number",
                      "storageClass": [
                        "object",
                        {
                          "name": "string"
                        }
                      ],
                      "tls": [
                        "object",
                        {
                          "autoGeneratedCerts": "bool",
                          "directoryPathInContainer": "string",
                          "fips": [
                            "object",
                            {
                              "enabled": "bool"
                            }
                          ],
                          "ignoreTrustStoreConfig": "bool",
                          "jksPassword": [
                            "object",
                            {
                              "secretRef": "string"
                            }
                          ],
                          "secretRef": "string"
                        }
                      ]
                    }
                  ]
                }
              ]
            },
            "timeouts": [],
            "wait": [],
            "wait_for": null
          },
          "sensitive_attributes": [],
          "identity_schema_version": 0
        }
      ]
    },
    {
      "mode": "managed",
      "type": "kubernetes_namespace",
      "name": "confluent",
      "provider": "provider[\"registry.terraform.io/hashicorp/kubernetes\"]",
      "instances": [
        {
          "schema_version": 0,
          "attributes": {
            "id": "confluent",
            "metadata": [
              {
                "annotations": {},
                "generate_name": "",
                "generation": 0,
                "labels": {},
                "name": "confluent",
                "resource_version": "484964",
                "uid": "336c9dcf-f259-4a39-aab5-b7a52478e974"
              }
            ],
            "timeouts": null,
            "wait_for_default_service_account": false
          },
          "sensitive_attributes": [],
          "identity_schema_version": 0,
          "private": "eyJlMmJmYjczMC1lY2FhLTExZTYtOGY4OC0zNDM2M2JjN2M0YzAiOnsiZGVsZXRlIjozMDAwMDAwMDAwMDB9fQ=="
        }
      ]
    }
  ],
  "check_results": [
    {
      "object_kind": "var",
      "config_addr": "var.provider_type",
      "status": "unknown",
      "objects": null
    },
    {
      "object_kind": "var",
      "config_addr": "var.env",
      "status": "unknown",
      "objects": null
    }
  ]
}
